// !$*UTF8*$!
{
	archiveVersion = 1;
	classes = {
	};
	objectVersion = 46;
	objects = {

/* Begin PBXBuildFile section */
		1F0AF42B1C26C98900738551 /* TencentOpenAPI.framework in Frameworks */ = {isa = PBXBuildFile; fileRef = 1F3DF0F21C25423200DC8F07 /* TencentOpenAPI.framework */; };
		1F0AF4381C26CAB200738551 /* comment1.json in Resources */ = {isa = PBXBuildFile; fileRef = 1F0AF42F1C26CAB200738551 /* comment1.json */; };
		1F0AF4391C26CAB200738551 /* post.json in Resources */ = {isa = PBXBuildFile; fileRef = 1F0AF4301C26CAB200738551 /* post.json */; };
		1F0AF43A1C26CAB200738551 /* comment.bundle in Resources */ = {isa = PBXBuildFile; fileRef = 1F0AF4331C26CAB200738551 /* comment.bundle */; };
		1F0AF43C1C26CAB200738551 /* setting.plist in Resources */ = {isa = PBXBuildFile; fileRef = 1F0AF4361C26CAB200738551 /* setting.plist */; };
		1F0AF43D1C26CAB200738551 /* tagColor.plist in Resources */ = {isa = PBXBuildFile; fileRef = 1F0AF4371C26CAB200738551 /* tagColor.plist */; };
		1F1FBEA61C4D3BA20037A62E /* ZFQMenuObject.m in Sources */ = {isa = PBXBuildFile; fileRef = 1F1FBEA51C4D3BA20037A62E /* ZFQMenuObject.m */; };
		1F36EF911D581EB800B25932 /* ZFQSliderControl.m in Sources */ = {isa = PBXBuildFile; fileRef = 1F36EF8C1D581EB800B25932 /* ZFQSliderControl.m */; };
		1F36EF921D581EB800B25932 /* ZFQSliderNumLayer.m in Sources */ = {isa = PBXBuildFile; fileRef = 1F36EF8E1D581EB800B25932 /* ZFQSliderNumLayer.m */; };
		1F36EF931D581EB800B25932 /* ZFQTumbLayer.m in Sources */ = {isa = PBXBuildFile; fileRef = 1F36EF901D581EB800B25932 /* ZFQTumbLayer.m */; };
		1F36EFAE1D58204D00B25932 /* MASCompositeConstraint.m in Sources */ = {isa = PBXBuildFile; fileRef = 1F36EF961D58204D00B25932 /* MASCompositeConstraint.m */; };
		1F36EFAF1D58204D00B25932 /* MASConstraint.m in Sources */ = {isa = PBXBuildFile; fileRef = 1F36EF991D58204D00B25932 /* MASConstraint.m */; };
		1F36EFB01D58204D00B25932 /* MASConstraintMaker.m in Sources */ = {isa = PBXBuildFile; fileRef = 1F36EF9B1D58204D00B25932 /* MASConstraintMaker.m */; };
		1F36EFB11D58204D00B25932 /* MASLayoutConstraint.m in Sources */ = {isa = PBXBuildFile; fileRef = 1F36EF9D1D58204D00B25932 /* MASLayoutConstraint.m */; };
		1F36EFB21D58204D00B25932 /* MASViewAttribute.m in Sources */ = {isa = PBXBuildFile; fileRef = 1F36EFA11D58204D00B25932 /* MASViewAttribute.m */; };
		1F36EFB31D58204D00B25932 /* MASViewConstraint.m in Sources */ = {isa = PBXBuildFile; fileRef = 1F36EFA31D58204D00B25932 /* MASViewConstraint.m */; };
		1F36EFB41D58204D00B25932 /* NSArray+MASAdditions.m in Sources */ = {isa = PBXBuildFile; fileRef = 1F36EFA51D58204D00B25932 /* NSArray+MASAdditions.m */; };
		1F36EFB51D58204D00B25932 /* NSLayoutConstraint+MASDebugAdditions.m in Sources */ = {isa = PBXBuildFile; fileRef = 1F36EFA81D58204D00B25932 /* NSLayoutConstraint+MASDebugAdditions.m */; };
		1F36EFB61D58204D00B25932 /* View+MASAdditions.m in Sources */ = {isa = PBXBuildFile; fileRef = 1F36EFAA1D58204D00B25932 /* View+MASAdditions.m */; };
		1F36EFB71D58204D00B25932 /* ViewController+MASAdditions.m in Sources */ = {isa = PBXBuildFile; fileRef = 1F36EFAD1D58204D00B25932 /* ViewController+MASAdditions.m */; };
		1F3DF1611C25423200DC8F07 /* PlaceholderView.m in Sources */ = {isa = PBXBuildFile; fileRef = 1F3DF0B51C25423100DC8F07 /* PlaceholderView.m */; };
		1F3DF1621C25423200DC8F07 /* FQCoreTextData.m in Sources */ = {isa = PBXBuildFile; fileRef = 1F3DF0B91C25423100DC8F07 /* FQCoreTextData.m */; };
		1F3DF1631C25423200DC8F07 /* FQCoreTextImageData.m in Sources */ = {isa = PBXBuildFile; fileRef = 1F3DF0BB1C25423100DC8F07 /* FQCoreTextImageData.m */; };
		1F3DF1641C25423200DC8F07 /* FQCoreTextLinkData.m in Sources */ = {isa = PBXBuildFile; fileRef = 1F3DF0BD1C25423100DC8F07 /* FQCoreTextLinkData.m */; };
		1F3DF1651C25423200DC8F07 /* FQCoreTextUtils.m in Sources */ = {isa = PBXBuildFile; fileRef = 1F3DF0BF1C25423100DC8F07 /* FQCoreTextUtils.m */; };
		1F3DF1661C25423200DC8F07 /* FQDisplayView.m in Sources */ = {isa = PBXBuildFile; fileRef = 1F3DF0C11C25423100DC8F07 /* FQDisplayView.m */; };
		1F3DF1671C25423200DC8F07 /* FQFrameParser.m in Sources */ = {isa = PBXBuildFile; fileRef = 1F3DF0C31C25423100DC8F07 /* FQFrameParser.m */; };
		1F3DF1681C25423200DC8F07 /* FQFrameParserConfig.m in Sources */ = {isa = PBXBuildFile; fileRef = 1F3DF0C51C25423200DC8F07 /* FQFrameParserConfig.m */; };
		1F3DF1691C25423200DC8F07 /* MagnifierView.m in Sources */ = {isa = PBXBuildFile; fileRef = 1F3DF0C71C25423200DC8F07 /* MagnifierView.m */; };
		1F3DF16A1C25423200DC8F07 /* UIView+FrameAdjust.m in Sources */ = {isa = PBXBuildFile; fileRef = 1F3DF0C91C25423200DC8F07 /* UIView+FrameAdjust.m */; };
		1F3DF16B1C25423200DC8F07 /* GTMNSString+HTML.m in Sources */ = {isa = PBXBuildFile; fileRef = 1F3DF0CC1C25423200DC8F07 /* GTMNSString+HTML.m */; };
		1F3DF16D1C25423200DC8F07 /* MenuItem.m in Sources */ = {isa = PBXBuildFile; fileRef = 1F3DF0D21C25423200DC8F07 /* MenuItem.m */; };
		1F3DF16E1C25423200DC8F07 /* MenuItemView.m in Sources */ = {isa = PBXBuildFile; fileRef = 1F3DF0D41C25423200DC8F07 /* MenuItemView.m */; };
		1F3DF16F1C25423200DC8F07 /* MenuView.m in Sources */ = {isa = PBXBuildFile; fileRef = 1F3DF0D61C25423200DC8F07 /* MenuView.m */; };
		1F3DF1711C25423200DC8F07 /* MJRefreshBaseView.m in Sources */ = {isa = PBXBuildFile; fileRef = 1F3DF0DB1C25423200DC8F07 /* MJRefreshBaseView.m */; };
		1F3DF1721C25423200DC8F07 /* MJRefreshConst.m in Sources */ = {isa = PBXBuildFile; fileRef = 1F3DF0DD1C25423200DC8F07 /* MJRefreshConst.m */; };
		1F3DF1731C25423200DC8F07 /* MJRefreshFooterView.m in Sources */ = {isa = PBXBuildFile; fileRef = 1F3DF0DF1C25423200DC8F07 /* MJRefreshFooterView.m */; };
		1F3DF1741C25423200DC8F07 /* MJRefreshHeaderView.m in Sources */ = {isa = PBXBuildFile; fileRef = 1F3DF0E11C25423200DC8F07 /* MJRefreshHeaderView.m */; };
		1F3DF1751C25423200DC8F07 /* UIScrollView+Extension.m in Sources */ = {isa = PBXBuildFile; fileRef = 1F3DF0E31C25423200DC8F07 /* UIScrollView+Extension.m */; };
		1F3DF1761C25423200DC8F07 /* UIScrollView+MJRefresh.m in Sources */ = {isa = PBXBuildFile; fileRef = 1F3DF0E51C25423200DC8F07 /* UIScrollView+MJRefresh.m */; };
		1F3DF1771C25423200DC8F07 /* UIView+Extension.m in Sources */ = {isa = PBXBuildFile; fileRef = 1F3DF0E71C25423200DC8F07 /* UIView+Extension.m */; };
		1F3DF1781C25423200DC8F07 /* MLBlackTransition.m in Sources */ = {isa = PBXBuildFile; fileRef = 1F3DF0EA1C25423200DC8F07 /* MLBlackTransition.m */; };
		1F3DF1791C25423200DC8F07 /* Reachability.m in Sources */ = {isa = PBXBuildFile; fileRef = 1F3DF0ED1C25423200DC8F07 /* Reachability.m */; };
		1F3DF17B1C25423200DC8F07 /* TencentOpenApi_IOS_Bundle.bundle in Resources */ = {isa = PBXBuildFile; fileRef = 1F3DF0F31C25423200DC8F07 /* TencentOpenApi_IOS_Bundle.bundle */; };
		1F3DF17E1C25423200DC8F07 /* ShareItem.m in Sources */ = {isa = PBXBuildFile; fileRef = 1F3DF0FA1C25423200DC8F07 /* ShareItem.m */; };
		1F3DF17F1C25423200DC8F07 /* ShareView.m in Sources */ = {isa = PBXBuildFile; fileRef = 1F3DF0FC1C25423200DC8F07 /* ShareView.m */; };
		1F3DF1801C25423200DC8F07 /* SocialSharing.m in Sources */ = {isa = PBXBuildFile; fileRef = 1F3DF0FE1C25423200DC8F07 /* SocialSharing.m */; };
		1F3DF1811C25423200DC8F07 /* TagScrollView.m in Sources */ = {isa = PBXBuildFile; fileRef = 1F3DF1011C25423200DC8F07 /* TagScrollView.m */; };
		1F3DF1821C25423200DC8F07 /* TagView.m in Sources */ = {isa = PBXBuildFile; fileRef = 1F3DF1031C25423200DC8F07 /* TagView.m */; };
		1F3DF1831C25423200DC8F07 /* TOMSimpleLinkLabel.m in Sources */ = {isa = PBXBuildFile; fileRef = 1F3DF1061C25423200DC8F07 /* TOMSimpleLinkLabel.m */; };
		1F3DF1841C25423200DC8F07 /* ZFQFPSView.m in Sources */ = {isa = PBXBuildFile; fileRef = 1F3DF1091C25423200DC8F07 /* ZFQFPSView.m */; };
		1F3DF1851C25423200DC8F07 /* FQConnection.m in Sources */ = {isa = PBXBuildFile; fileRef = 1F3DF10C1C25423200DC8F07 /* FQConnection.m */; };
		1F3DF1861C25423200DC8F07 /* GeneralService.m in Sources */ = {isa = PBXBuildFile; fileRef = 1F3DF10E1C25423200DC8F07 /* GeneralService.m */; };
		1F3DF1A11C25423200DC8F07 /* NSError+networkMsg.m in Sources */ = {isa = PBXBuildFile; fileRef = 1F3DF14E1C25423200DC8F07 /* NSError+networkMsg.m */; };
		1F3DF1A21C25423200DC8F07 /* NSString+html.m in Sources */ = {isa = PBXBuildFile; fileRef = 1F3DF1501C25423200DC8F07 /* NSString+html.m */; };
		1F3DF1A31C25423200DC8F07 /* UIButton+menuItem.m in Sources */ = {isa = PBXBuildFile; fileRef = 1F3DF1521C25423200DC8F07 /* UIButton+menuItem.m */; };
		1F3DF1A41C25423200DC8F07 /* UIFont+Custom.m in Sources */ = {isa = PBXBuildFile; fileRef = 1F3DF1541C25423200DC8F07 /* UIFont+Custom.m */; };
		1F3DF1A51C25423200DC8F07 /* UITableView+SmoothMove.m in Sources */ = {isa = PBXBuildFile; fileRef = 1F3DF1561C25423200DC8F07 /* UITableView+SmoothMove.m */; };
		1F3DF1A61C25423200DC8F07 /* FQBaseViewController.m in Sources */ = {isa = PBXBuildFile; fileRef = 1F3DF1591C25423200DC8F07 /* FQBaseViewController.m */; };
		1F3DF1A71C25423200DC8F07 /* FQBaseViewController.xib in Resources */ = {isa = PBXBuildFile; fileRef = 1F3DF15A1C25423200DC8F07 /* FQBaseViewController.xib */; };
		1F3DF1A81C25423200DC8F07 /* FQNavigationController.m in Sources */ = {isa = PBXBuildFile; fileRef = 1F3DF15C1C25423200DC8F07 /* FQNavigationController.m */; };
		1F3DF2001C2542B100DC8F07 /* 163pinglun.xcdatamodeld in Sources */ = {isa = PBXBuildFile; fileRef = 1F3DF1E41C2542B100DC8F07 /* 163pinglun.xcdatamodeld */; };
		1F3DF2011C2542B100DC8F07 /* Author.m in Sources */ = {isa = PBXBuildFile; fileRef = 1F3DF1E81C2542B100DC8F07 /* Author.m */; };
		1F3DF2021C2542B100DC8F07 /* Content.m in Sources */ = {isa = PBXBuildFile; fileRef = 1F3DF1EB1C2542B100DC8F07 /* Content.m */; };
		1F3DF2031C2542B100DC8F07 /* Contents.m in Sources */ = {isa = PBXBuildFile; fileRef = 1F3DF1ED1C2542B100DC8F07 /* Contents.m */; };
		1F3DF2041C2542B100DC8F07 /* ItemStore.m in Sources */ = {isa = PBXBuildFile; fileRef = 1F3DF1EF1C2542B100DC8F07 /* ItemStore.m */; };
		1F3DF2051C2542B100DC8F07 /* Post.m in Sources */ = {isa = PBXBuildFile; fileRef = 1F3DF1F31C2542B100DC8F07 /* Post.m */; };
		1F3DF2061C2542B100DC8F07 /* Posts.m in Sources */ = {isa = PBXBuildFile; fileRef = 1F3DF1F51C2542B100DC8F07 /* Posts.m */; };
		1F3DF2071C2542B100DC8F07 /* RandomPost.m in Sources */ = {isa = PBXBuildFile; fileRef = 1F3DF1F81C2542B100DC8F07 /* RandomPost.m */; };
		1F3DF2081C2542B100DC8F07 /* RandomPosts.m in Sources */ = {isa = PBXBuildFile; fileRef = 1F3DF1FA1C2542B100DC8F07 /* RandomPosts.m */; };
		1F3DF2091C2542B100DC8F07 /* Tag.m in Sources */ = {isa = PBXBuildFile; fileRef = 1F3DF1FD1C2542B100DC8F07 /* Tag.m */; };
		1F3DF20A1C2542B100DC8F07 /* Tags.m in Sources */ = {isa = PBXBuildFile; fileRef = 1F3DF1FF1C2542B100DC8F07 /* Tags.m */; };
		1F3DF2361C25464E00DC8F07 /* CommViewController.m in Sources */ = {isa = PBXBuildFile; fileRef = 1F3DF2161C25464E00DC8F07 /* CommViewController.m */; };
		1F3DF2371C25464E00DC8F07 /* CommViewController.xib in Resources */ = {isa = PBXBuildFile; fileRef = 1F3DF2171C25464E00DC8F07 /* CommViewController.xib */; };
		1F3DF2381C25464E00DC8F07 /* FontSetViewController.m in Sources */ = {isa = PBXBuildFile; fileRef = 1F3DF21A1C25464E00DC8F07 /* FontSetViewController.m */; };
		1F3DF2391C25464E00DC8F07 /* HomeViewController.m in Sources */ = {isa = PBXBuildFile; fileRef = 1F3DF21D1C25464E00DC8F07 /* HomeViewController.m */; };
		1F3DF23A1C25464E00DC8F07 /* HomeViewController.xib in Resources */ = {isa = PBXBuildFile; fileRef = 1F3DF21E1C25464E00DC8F07 /* HomeViewController.xib */; };
		1F3DF23B1C25464E00DC8F07 /* PostCell.m in Sources */ = {isa = PBXBuildFile; fileRef = 1F3DF2201C25464E00DC8F07 /* PostCell.m */; };
		1F3DF23C1C25464E00DC8F07 /* PostCell.xib in Resources */ = {isa = PBXBuildFile; fileRef = 1F3DF2211C25464E00DC8F07 /* PostCell.xib */; };
		1F3DF23D1C25464E00DC8F07 /* RandomPostCell.m in Sources */ = {isa = PBXBuildFile; fileRef = 1F3DF2241C25464E00DC8F07 /* RandomPostCell.m */; };
		1F3DF23E1C25464E00DC8F07 /* RandomPostCell.xib in Resources */ = {isa = PBXBuildFile; fileRef = 1F3DF2251C25464E00DC8F07 /* RandomPostCell.xib */; };
		1F3DF23F1C25464E00DC8F07 /* RandomPostViewController.m in Sources */ = {isa = PBXBuildFile; fileRef = 1F3DF2271C25464E00DC8F07 /* RandomPostViewController.m */; };
		1F3DF2401C25464E00DC8F07 /* RandomPostViewController.xib in Resources */ = {isa = PBXBuildFile; fileRef = 1F3DF2281C25464E00DC8F07 /* RandomPostViewController.xib */; };
		1F3DF2411C25464E00DC8F07 /* SettingViewController.m in Sources */ = {isa = PBXBuildFile; fileRef = 1F3DF22B1C25464E00DC8F07 /* SettingViewController.m */; };
		1F3DF2421C25464E00DC8F07 /* TagViewController.m in Sources */ = {isa = PBXBuildFile; fileRef = 1F3DF22E1C25464E00DC8F07 /* TagViewController.m */; };
		1F3DF2431C25464E00DC8F07 /* TestShareControllerViewController.m in Sources */ = {isa = PBXBuildFile; fileRef = 1F3DF2311C25464E00DC8F07 /* TestShareControllerViewController.m */; };
		1F3DF2441C25464E00DC8F07 /* TestShareControllerViewController.xib in Resources */ = {isa = PBXBuildFile; fileRef = 1F3DF2321C25464E00DC8F07 /* TestShareControllerViewController.xib */; };
		1F3DF2641C254C9E00DC8F07 /* MJRefresh.bundle in Resources */ = {isa = PBXBuildFile; fileRef = 1F3DF0D81C25423200DC8F07 /* MJRefresh.bundle */; };
		1F429E6E1C5103F30008E9C9 /* UIImage+Content.m in Sources */ = {isa = PBXBuildFile; fileRef = 1F429E6D1C5103F30008E9C9 /* UIImage+Content.m */; };
		1F429E781C52241F0008E9C9 /* NSString+Addition.m in Sources */ = {isa = PBXBuildFile; fileRef = 1F429E771C52241F0008E9C9 /* NSString+Addition.m */; };
		1F6C79AA1C4FDDCD00CCA019 /* QuartzCore.framework in Frameworks */ = {isa = PBXBuildFile; fileRef = 1F6C79A91C4FDDCD00CCA019 /* QuartzCore.framework */; };
		1F6C79AC1C4FDDD600CCA019 /* ImageIO.framework in Frameworks */ = {isa = PBXBuildFile; fileRef = 1F6C79AB1C4FDDD600CCA019 /* ImageIO.framework */; };
		1F6C79AE1C4FDF6F00CCA019 /* CoreText.framework in Frameworks */ = {isa = PBXBuildFile; fileRef = 1F6C79AD1C4FDF6F00CCA019 /* CoreText.framework */; };
		1F6FECF01D40E4E70059DCA9 /* CommentV3.json in Resources */ = {isa = PBXBuildFile; fileRef = 1F6FECEF1D40E4E60059DCA9 /* CommentV3.json */; };
		1F74C7A01C4894B2005D74B9 /* CommCell5.m in Sources */ = {isa = PBXBuildFile; fileRef = 1F74C79E1C4894B2005D74B9 /* CommCell5.m */; };
		1F7647541D4332A60070F5A7 /* UIImage+REFrostedViewController.m in Sources */ = {isa = PBXBuildFile; fileRef = 1F7647511D4332A60070F5A7 /* UIImage+REFrostedViewController.m */; };
		1F7647551D4332A60070F5A7 /* ZFQHUD.m in Sources */ = {isa = PBXBuildFile; fileRef = 1F7647531D4332A60070F5A7 /* ZFQHUD.m */; };
		1F7647641D4358CA0070F5A7 /* libWeiboSDK.a in Frameworks */ = {isa = PBXBuildFile; fileRef = 1F7647571D4358CA0070F5A7 /* libWeiboSDK.a */; };
		1F7647651D4358CA0070F5A7 /* WeiboSDK.bundle in Resources */ = {isa = PBXBuildFile; fileRef = 1F7647611D4358CA0070F5A7 /* WeiboSDK.bundle */; };
		1F7707361C461CAC00F7133F /* ZFQQueuePool.m in Sources */ = {isa = PBXBuildFile; fileRef = 1F7707351C461CAC00F7133F /* ZFQQueuePool.m */; };
		1F7E33A71C47BA3A0063F941 /* comment2.json in Resources */ = {isa = PBXBuildFile; fileRef = 1F7E33A61C47BA3A0063F941 /* comment2.json */; };
		1FAA00501C5B06C1007A3853 /* PostViewModel.m in Sources */ = {isa = PBXBuildFile; fileRef = 1FAA004F1C5B06C1007A3853 /* PostViewModel.m */; };
		1FAD8E511C31780A00F63A24 /* UIView+Additions.m in Sources */ = {isa = PBXBuildFile; fileRef = 1FAD8E4E1C31780A00F63A24 /* UIView+Additions.m */; };
		1FAD8E521C31780A00F63A24 /* VVeboLabel.m in Sources */ = {isa = PBXBuildFile; fileRef = 1FAD8E501C31780A00F63A24 /* VVeboLabel.m */; };
		7B3C92FE1A3B349A0089D7AD /* Launch Screen.xib in Resources */ = {isa = PBXBuildFile; fileRef = 7B3C92FD1A3B349A0089D7AD /* Launch Screen.xib */; };
		7B428D93190E914D00860E94 /* Foundation.framework in Frameworks */ = {isa = PBXBuildFile; fileRef = 7B428D92190E914D00860E94 /* Foundation.framework */; };
		7B428D95190E914D00860E94 /* CoreGraphics.framework in Frameworks */ = {isa = PBXBuildFile; fileRef = 7B428D94190E914D00860E94 /* CoreGraphics.framework */; };
		7B428D97190E914D00860E94 /* UIKit.framework in Frameworks */ = {isa = PBXBuildFile; fileRef = 7B428D96190E914D00860E94 /* UIKit.framework */; };
		7B428D9D190E914D00860E94 /* InfoPlist.strings in Resources */ = {isa = PBXBuildFile; fileRef = 7B428D9B190E914D00860E94 /* InfoPlist.strings */; };
		7B428D9F190E914D00860E94 /* main.m in Sources */ = {isa = PBXBuildFile; fileRef = 7B428D9E190E914D00860E94 /* main.m */; };
		7B428DA5190E914D00860E94 /* Images.xcassets in Resources */ = {isa = PBXBuildFile; fileRef = 7B428DA4190E914D00860E94 /* Images.xcassets */; };
		7B68872519AB7AAD004997CC /* AppDelegate.m in Sources */ = {isa = PBXBuildFile; fileRef = 7B68872419AB7AAD004997CC /* AppDelegate.m */; };
		7B723004197D5CF700CA7DBB /* CoreData.framework in Frameworks */ = {isa = PBXBuildFile; fileRef = 7B723003197D5CF700CA7DBB /* CoreData.framework */; };
		7BEBD4EB19960029000F5028 /* Security.framework in Frameworks */ = {isa = PBXBuildFile; fileRef = 7BEBD4EA19960029000F5028 /* Security.framework */; };
		7BEBD4ED1996003F000F5028 /* libiconv.dylib in Frameworks */ = {isa = PBXBuildFile; fileRef = 7BEBD4EC1996003F000F5028 /* libiconv.dylib */; };
		7BEBD4EF19960057000F5028 /* SystemConfiguration.framework in Frameworks */ = {isa = PBXBuildFile; fileRef = 7BEBD4EE19960057000F5028 /* SystemConfiguration.framework */; };
		7BEBD4F11996006B000F5028 /* libsqlite3.dylib in Frameworks */ = {isa = PBXBuildFile; fileRef = 7BEBD4F01996006B000F5028 /* libsqlite3.dylib */; };
		7BEBD4F319960079000F5028 /* CoreTelephony.framework in Frameworks */ = {isa = PBXBuildFile; fileRef = 7BEBD4F219960079000F5028 /* CoreTelephony.framework */; };
		7BEBD4F51996008C000F5028 /* libstdc++.dylib in Frameworks */ = {isa = PBXBuildFile; fileRef = 7BEBD4F41996008C000F5028 /* libstdc++.dylib */; };
		7BEBD4F71996009C000F5028 /* libz.dylib in Frameworks */ = {isa = PBXBuildFile; fileRef = 7BEBD4F61996009C000F5028 /* libz.dylib */; };
/* End PBXBuildFile section */

/* Begin PBXFileReference section */
		1F0AF42F1C26CAB200738551 /* comment1.json */ = {isa = PBXFileReference; fileEncoding = 4; lastKnownFileType = text.json; path = comment1.json; sourceTree = "<group>"; };
		1F0AF4301C26CAB200738551 /* post.json */ = {isa = PBXFileReference; fileEncoding = 4; lastKnownFileType = text.json; path = post.json; sourceTree = "<group>"; };
		1F0AF4331C26CAB200738551 /* comment.bundle */ = {isa = PBXFileReference; lastKnownFileType = "wrapper.plug-in"; path = comment.bundle; sourceTree = "<group>"; };
		1F0AF4361C26CAB200738551 /* setting.plist */ = {isa = PBXFileReference; fileEncoding = 4; lastKnownFileType = text.plist.xml; path = setting.plist; sourceTree = "<group>"; };
		1F0AF4371C26CAB200738551 /* tagColor.plist */ = {isa = PBXFileReference; fileEncoding = 4; lastKnownFileType = text.plist.xml; path = tagColor.plist; sourceTree = "<group>"; };
		1F1FBEA41C4D3BA20037A62E /* ZFQMenuObject.h */ = {isa = PBXFileReference; fileEncoding = 4; lastKnownFileType = sourcecode.c.h; path = ZFQMenuObject.h; sourceTree = "<group>"; };
		1F1FBEA51C4D3BA20037A62E /* ZFQMenuObject.m */ = {isa = PBXFileReference; fileEncoding = 4; lastKnownFileType = sourcecode.c.objc; path = ZFQMenuObject.m; sourceTree = "<group>"; };
		1F36EF8B1D581EB800B25932 /* ZFQSliderControl.h */ = {isa = PBXFileReference; fileEncoding = 4; lastKnownFileType = sourcecode.c.h; path = ZFQSliderControl.h; sourceTree = "<group>"; };
		1F36EF8C1D581EB800B25932 /* ZFQSliderControl.m */ = {isa = PBXFileReference; fileEncoding = 4; lastKnownFileType = sourcecode.c.objc; path = ZFQSliderControl.m; sourceTree = "<group>"; };
		1F36EF8D1D581EB800B25932 /* ZFQSliderNumLayer.h */ = {isa = PBXFileReference; fileEncoding = 4; lastKnownFileType = sourcecode.c.h; path = ZFQSliderNumLayer.h; sourceTree = "<group>"; };
		1F36EF8E1D581EB800B25932 /* ZFQSliderNumLayer.m */ = {isa = PBXFileReference; fileEncoding = 4; lastKnownFileType = sourcecode.c.objc; path = ZFQSliderNumLayer.m; sourceTree = "<group>"; };
		1F36EF8F1D581EB800B25932 /* ZFQTumbLayer.h */ = {isa = PBXFileReference; fileEncoding = 4; lastKnownFileType = sourcecode.c.h; path = ZFQTumbLayer.h; sourceTree = "<group>"; };
		1F36EF901D581EB800B25932 /* ZFQTumbLayer.m */ = {isa = PBXFileReference; fileEncoding = 4; lastKnownFileType = sourcecode.c.objc; path = ZFQTumbLayer.m; sourceTree = "<group>"; };
		1F36EF951D58204D00B25932 /* MASCompositeConstraint.h */ = {isa = PBXFileReference; fileEncoding = 4; lastKnownFileType = sourcecode.c.h; path = MASCompositeConstraint.h; sourceTree = "<group>"; };
		1F36EF961D58204D00B25932 /* MASCompositeConstraint.m */ = {isa = PBXFileReference; fileEncoding = 4; lastKnownFileType = sourcecode.c.objc; path = MASCompositeConstraint.m; sourceTree = "<group>"; };
		1F36EF971D58204D00B25932 /* MASConstraint+Private.h */ = {isa = PBXFileReference; fileEncoding = 4; lastKnownFileType = sourcecode.c.h; path = "MASConstraint+Private.h"; sourceTree = "<group>"; };
		1F36EF981D58204D00B25932 /* MASConstraint.h */ = {isa = PBXFileReference; fileEncoding = 4; lastKnownFileType = sourcecode.c.h; path = MASConstraint.h; sourceTree = "<group>"; };
		1F36EF991D58204D00B25932 /* MASConstraint.m */ = {isa = PBXFileReference; fileEncoding = 4; lastKnownFileType = sourcecode.c.objc; path = MASConstraint.m; sourceTree = "<group>"; };
		1F36EF9A1D58204D00B25932 /* MASConstraintMaker.h */ = {isa = PBXFileReference; fileEncoding = 4; lastKnownFileType = sourcecode.c.h; path = MASConstraintMaker.h; sourceTree = "<group>"; };
		1F36EF9B1D58204D00B25932 /* MASConstraintMaker.m */ = {isa = PBXFileReference; fileEncoding = 4; lastKnownFileType = sourcecode.c.objc; path = MASConstraintMaker.m; sourceTree = "<group>"; };
		1F36EF9C1D58204D00B25932 /* MASLayoutConstraint.h */ = {isa = PBXFileReference; fileEncoding = 4; lastKnownFileType = sourcecode.c.h; path = MASLayoutConstraint.h; sourceTree = "<group>"; };
		1F36EF9D1D58204D00B25932 /* MASLayoutConstraint.m */ = {isa = PBXFileReference; fileEncoding = 4; lastKnownFileType = sourcecode.c.objc; path = MASLayoutConstraint.m; sourceTree = "<group>"; };
		1F36EF9E1D58204D00B25932 /* Masonry.h */ = {isa = PBXFileReference; fileEncoding = 4; lastKnownFileType = sourcecode.c.h; path = Masonry.h; sourceTree = "<group>"; };
		1F36EF9F1D58204D00B25932 /* MASUtilities.h */ = {isa = PBXFileReference; fileEncoding = 4; lastKnownFileType = sourcecode.c.h; path = MASUtilities.h; sourceTree = "<group>"; };
		1F36EFA01D58204D00B25932 /* MASViewAttribute.h */ = {isa = PBXFileReference; fileEncoding = 4; lastKnownFileType = sourcecode.c.h; path = MASViewAttribute.h; sourceTree = "<group>"; };
		1F36EFA11D58204D00B25932 /* MASViewAttribute.m */ = {isa = PBXFileReference; fileEncoding = 4; lastKnownFileType = sourcecode.c.objc; path = MASViewAttribute.m; sourceTree = "<group>"; };
		1F36EFA21D58204D00B25932 /* MASViewConstraint.h */ = {isa = PBXFileReference; fileEncoding = 4; lastKnownFileType = sourcecode.c.h; path = MASViewConstraint.h; sourceTree = "<group>"; };
		1F36EFA31D58204D00B25932 /* MASViewConstraint.m */ = {isa = PBXFileReference; fileEncoding = 4; lastKnownFileType = sourcecode.c.objc; path = MASViewConstraint.m; sourceTree = "<group>"; };
		1F36EFA41D58204D00B25932 /* NSArray+MASAdditions.h */ = {isa = PBXFileReference; fileEncoding = 4; lastKnownFileType = sourcecode.c.h; path = "NSArray+MASAdditions.h"; sourceTree = "<group>"; };
		1F36EFA51D58204D00B25932 /* NSArray+MASAdditions.m */ = {isa = PBXFileReference; fileEncoding = 4; lastKnownFileType = sourcecode.c.objc; path = "NSArray+MASAdditions.m"; sourceTree = "<group>"; };
		1F36EFA61D58204D00B25932 /* NSArray+MASShorthandAdditions.h */ = {isa = PBXFileReference; fileEncoding = 4; lastKnownFileType = sourcecode.c.h; path = "NSArray+MASShorthandAdditions.h"; sourceTree = "<group>"; };
		1F36EFA71D58204D00B25932 /* NSLayoutConstraint+MASDebugAdditions.h */ = {isa = PBXFileReference; fileEncoding = 4; lastKnownFileType = sourcecode.c.h; path = "NSLayoutConstraint+MASDebugAdditions.h"; sourceTree = "<group>"; };
		1F36EFA81D58204D00B25932 /* NSLayoutConstraint+MASDebugAdditions.m */ = {isa = PBXFileReference; fileEncoding = 4; lastKnownFileType = sourcecode.c.objc; path = "NSLayoutConstraint+MASDebugAdditions.m"; sourceTree = "<group>"; };
		1F36EFA91D58204D00B25932 /* View+MASAdditions.h */ = {isa = PBXFileReference; fileEncoding = 4; lastKnownFileType = sourcecode.c.h; path = "View+MASAdditions.h"; sourceTree = "<group>"; };
		1F36EFAA1D58204D00B25932 /* View+MASAdditions.m */ = {isa = PBXFileReference; fileEncoding = 4; lastKnownFileType = sourcecode.c.objc; path = "View+MASAdditions.m"; sourceTree = "<group>"; };
		1F36EFAB1D58204D00B25932 /* View+MASShorthandAdditions.h */ = {isa = PBXFileReference; fileEncoding = 4; lastKnownFileType = sourcecode.c.h; path = "View+MASShorthandAdditions.h"; sourceTree = "<group>"; };
		1F36EFAC1D58204D00B25932 /* ViewController+MASAdditions.h */ = {isa = PBXFileReference; fileEncoding = 4; lastKnownFileType = sourcecode.c.h; path = "ViewController+MASAdditions.h"; sourceTree = "<group>"; };
		1F36EFAD1D58204D00B25932 /* ViewController+MASAdditions.m */ = {isa = PBXFileReference; fileEncoding = 4; lastKnownFileType = sourcecode.c.objc; path = "ViewController+MASAdditions.m"; sourceTree = "<group>"; };
		1F3DF0B41C25423100DC8F07 /* PlaceholderView.h */ = {isa = PBXFileReference; fileEncoding = 4; lastKnownFileType = sourcecode.c.h; path = PlaceholderView.h; sourceTree = "<group>"; };
		1F3DF0B51C25423100DC8F07 /* PlaceholderView.m */ = {isa = PBXFileReference; fileEncoding = 4; lastKnownFileType = sourcecode.c.objc; path = PlaceholderView.m; sourceTree = "<group>"; };
		1F3DF0B81C25423100DC8F07 /* FQCoreTextData.h */ = {isa = PBXFileReference; fileEncoding = 4; lastKnownFileType = sourcecode.c.h; path = FQCoreTextData.h; sourceTree = "<group>"; };
		1F3DF0B91C25423100DC8F07 /* FQCoreTextData.m */ = {isa = PBXFileReference; fileEncoding = 4; lastKnownFileType = sourcecode.c.objc; path = FQCoreTextData.m; sourceTree = "<group>"; };
		1F3DF0BA1C25423100DC8F07 /* FQCoreTextImageData.h */ = {isa = PBXFileReference; fileEncoding = 4; lastKnownFileType = sourcecode.c.h; path = FQCoreTextImageData.h; sourceTree = "<group>"; };
		1F3DF0BB1C25423100DC8F07 /* FQCoreTextImageData.m */ = {isa = PBXFileReference; fileEncoding = 4; lastKnownFileType = sourcecode.c.objc; path = FQCoreTextImageData.m; sourceTree = "<group>"; };
		1F3DF0BC1C25423100DC8F07 /* FQCoreTextLinkData.h */ = {isa = PBXFileReference; fileEncoding = 4; lastKnownFileType = sourcecode.c.h; path = FQCoreTextLinkData.h; sourceTree = "<group>"; };
		1F3DF0BD1C25423100DC8F07 /* FQCoreTextLinkData.m */ = {isa = PBXFileReference; fileEncoding = 4; lastKnownFileType = sourcecode.c.objc; path = FQCoreTextLinkData.m; sourceTree = "<group>"; };
		1F3DF0BE1C25423100DC8F07 /* FQCoreTextUtils.h */ = {isa = PBXFileReference; fileEncoding = 4; lastKnownFileType = sourcecode.c.h; path = FQCoreTextUtils.h; sourceTree = "<group>"; };
		1F3DF0BF1C25423100DC8F07 /* FQCoreTextUtils.m */ = {isa = PBXFileReference; fileEncoding = 4; lastKnownFileType = sourcecode.c.objc; path = FQCoreTextUtils.m; sourceTree = "<group>"; };
		1F3DF0C01C25423100DC8F07 /* FQDisplayView.h */ = {isa = PBXFileReference; fileEncoding = 4; lastKnownFileType = sourcecode.c.h; path = FQDisplayView.h; sourceTree = "<group>"; };
		1F3DF0C11C25423100DC8F07 /* FQDisplayView.m */ = {isa = PBXFileReference; fileEncoding = 4; lastKnownFileType = sourcecode.c.objc; path = FQDisplayView.m; sourceTree = "<group>"; };
		1F3DF0C21C25423100DC8F07 /* FQFrameParser.h */ = {isa = PBXFileReference; fileEncoding = 4; lastKnownFileType = sourcecode.c.h; path = FQFrameParser.h; sourceTree = "<group>"; };
		1F3DF0C31C25423100DC8F07 /* FQFrameParser.m */ = {isa = PBXFileReference; fileEncoding = 4; lastKnownFileType = sourcecode.c.objc; path = FQFrameParser.m; sourceTree = "<group>"; };
		1F3DF0C41C25423100DC8F07 /* FQFrameParserConfig.h */ = {isa = PBXFileReference; fileEncoding = 4; lastKnownFileType = sourcecode.c.h; path = FQFrameParserConfig.h; sourceTree = "<group>"; };
		1F3DF0C51C25423200DC8F07 /* FQFrameParserConfig.m */ = {isa = PBXFileReference; fileEncoding = 4; lastKnownFileType = sourcecode.c.objc; path = FQFrameParserConfig.m; sourceTree = "<group>"; };
		1F3DF0C61C25423200DC8F07 /* MagnifierView.h */ = {isa = PBXFileReference; fileEncoding = 4; lastKnownFileType = sourcecode.c.h; path = MagnifierView.h; sourceTree = "<group>"; };
		1F3DF0C71C25423200DC8F07 /* MagnifierView.m */ = {isa = PBXFileReference; fileEncoding = 4; lastKnownFileType = sourcecode.c.objc; path = MagnifierView.m; sourceTree = "<group>"; };
		1F3DF0C81C25423200DC8F07 /* UIView+FrameAdjust.h */ = {isa = PBXFileReference; fileEncoding = 4; lastKnownFileType = sourcecode.c.h; path = "UIView+FrameAdjust.h"; sourceTree = "<group>"; };
		1F3DF0C91C25423200DC8F07 /* UIView+FrameAdjust.m */ = {isa = PBXFileReference; fileEncoding = 4; lastKnownFileType = sourcecode.c.objc; path = "UIView+FrameAdjust.m"; sourceTree = "<group>"; };
		1F3DF0CB1C25423200DC8F07 /* GTMNSString+HTML.h */ = {isa = PBXFileReference; fileEncoding = 4; lastKnownFileType = sourcecode.c.h; path = "GTMNSString+HTML.h"; sourceTree = "<group>"; };
		1F3DF0CC1C25423200DC8F07 /* GTMNSString+HTML.m */ = {isa = PBXFileReference; fileEncoding = 4; lastKnownFileType = sourcecode.c.objc; path = "GTMNSString+HTML.m"; sourceTree = "<group>"; };
		1F3DF0D11C25423200DC8F07 /* MenuItem.h */ = {isa = PBXFileReference; fileEncoding = 4; lastKnownFileType = sourcecode.c.h; path = MenuItem.h; sourceTree = "<group>"; };
		1F3DF0D21C25423200DC8F07 /* MenuItem.m */ = {isa = PBXFileReference; fileEncoding = 4; lastKnownFileType = sourcecode.c.objc; path = MenuItem.m; sourceTree = "<group>"; };
		1F3DF0D31C25423200DC8F07 /* MenuItemView.h */ = {isa = PBXFileReference; fileEncoding = 4; lastKnownFileType = sourcecode.c.h; path = MenuItemView.h; sourceTree = "<group>"; };
		1F3DF0D41C25423200DC8F07 /* MenuItemView.m */ = {isa = PBXFileReference; fileEncoding = 4; lastKnownFileType = sourcecode.c.objc; path = MenuItemView.m; sourceTree = "<group>"; };
		1F3DF0D51C25423200DC8F07 /* MenuView.h */ = {isa = PBXFileReference; fileEncoding = 4; lastKnownFileType = sourcecode.c.h; path = MenuView.h; sourceTree = "<group>"; };
		1F3DF0D61C25423200DC8F07 /* MenuView.m */ = {isa = PBXFileReference; fileEncoding = 4; lastKnownFileType = sourcecode.c.objc; path = MenuView.m; sourceTree = "<group>"; };
		1F3DF0D81C25423200DC8F07 /* MJRefresh.bundle */ = {isa = PBXFileReference; lastKnownFileType = "wrapper.plug-in"; path = MJRefresh.bundle; sourceTree = "<group>"; };
		1F3DF0D91C25423200DC8F07 /* MJRefresh.h */ = {isa = PBXFileReference; fileEncoding = 4; lastKnownFileType = sourcecode.c.h; path = MJRefresh.h; sourceTree = "<group>"; };
		1F3DF0DA1C25423200DC8F07 /* MJRefreshBaseView.h */ = {isa = PBXFileReference; fileEncoding = 4; lastKnownFileType = sourcecode.c.h; path = MJRefreshBaseView.h; sourceTree = "<group>"; };
		1F3DF0DB1C25423200DC8F07 /* MJRefreshBaseView.m */ = {isa = PBXFileReference; fileEncoding = 4; lastKnownFileType = sourcecode.c.objc; path = MJRefreshBaseView.m; sourceTree = "<group>"; };
		1F3DF0DC1C25423200DC8F07 /* MJRefreshConst.h */ = {isa = PBXFileReference; fileEncoding = 4; lastKnownFileType = sourcecode.c.h; path = MJRefreshConst.h; sourceTree = "<group>"; };
		1F3DF0DD1C25423200DC8F07 /* MJRefreshConst.m */ = {isa = PBXFileReference; fileEncoding = 4; lastKnownFileType = sourcecode.c.objc; path = MJRefreshConst.m; sourceTree = "<group>"; };
		1F3DF0DE1C25423200DC8F07 /* MJRefreshFooterView.h */ = {isa = PBXFileReference; fileEncoding = 4; lastKnownFileType = sourcecode.c.h; path = MJRefreshFooterView.h; sourceTree = "<group>"; };
		1F3DF0DF1C25423200DC8F07 /* MJRefreshFooterView.m */ = {isa = PBXFileReference; fileEncoding = 4; lastKnownFileType = sourcecode.c.objc; path = MJRefreshFooterView.m; sourceTree = "<group>"; };
		1F3DF0E01C25423200DC8F07 /* MJRefreshHeaderView.h */ = {isa = PBXFileReference; fileEncoding = 4; lastKnownFileType = sourcecode.c.h; path = MJRefreshHeaderView.h; sourceTree = "<group>"; };
		1F3DF0E11C25423200DC8F07 /* MJRefreshHeaderView.m */ = {isa = PBXFileReference; fileEncoding = 4; lastKnownFileType = sourcecode.c.objc; path = MJRefreshHeaderView.m; sourceTree = "<group>"; };
		1F3DF0E21C25423200DC8F07 /* UIScrollView+Extension.h */ = {isa = PBXFileReference; fileEncoding = 4; lastKnownFileType = sourcecode.c.h; path = "UIScrollView+Extension.h"; sourceTree = "<group>"; };
		1F3DF0E31C25423200DC8F07 /* UIScrollView+Extension.m */ = {isa = PBXFileReference; fileEncoding = 4; lastKnownFileType = sourcecode.c.objc; path = "UIScrollView+Extension.m"; sourceTree = "<group>"; };
		1F3DF0E41C25423200DC8F07 /* UIScrollView+MJRefresh.h */ = {isa = PBXFileReference; fileEncoding = 4; lastKnownFileType = sourcecode.c.h; path = "UIScrollView+MJRefresh.h"; sourceTree = "<group>"; };
		1F3DF0E51C25423200DC8F07 /* UIScrollView+MJRefresh.m */ = {isa = PBXFileReference; fileEncoding = 4; lastKnownFileType = sourcecode.c.objc; path = "UIScrollView+MJRefresh.m"; sourceTree = "<group>"; };
		1F3DF0E61C25423200DC8F07 /* UIView+Extension.h */ = {isa = PBXFileReference; fileEncoding = 4; lastKnownFileType = sourcecode.c.h; path = "UIView+Extension.h"; sourceTree = "<group>"; };
		1F3DF0E71C25423200DC8F07 /* UIView+Extension.m */ = {isa = PBXFileReference; fileEncoding = 4; lastKnownFileType = sourcecode.c.objc; path = "UIView+Extension.m"; sourceTree = "<group>"; };
		1F3DF0E91C25423200DC8F07 /* MLBlackTransition.h */ = {isa = PBXFileReference; fileEncoding = 4; lastKnownFileType = sourcecode.c.h; path = MLBlackTransition.h; sourceTree = "<group>"; };
		1F3DF0EA1C25423200DC8F07 /* MLBlackTransition.m */ = {isa = PBXFileReference; fileEncoding = 4; lastKnownFileType = sourcecode.c.objc; path = MLBlackTransition.m; sourceTree = "<group>"; };
		1F3DF0EC1C25423200DC8F07 /* Reachability.h */ = {isa = PBXFileReference; fileEncoding = 4; lastKnownFileType = sourcecode.c.h; path = Reachability.h; sourceTree = "<group>"; };
		1F3DF0ED1C25423200DC8F07 /* Reachability.m */ = {isa = PBXFileReference; fileEncoding = 4; lastKnownFileType = sourcecode.c.objc; path = Reachability.m; sourceTree = "<group>"; };
		1F3DF0F21C25423200DC8F07 /* TencentOpenAPI.framework */ = {isa = PBXFileReference; lastKnownFileType = wrapper.framework; path = TencentOpenAPI.framework; sourceTree = "<group>"; };
		1F3DF0F31C25423200DC8F07 /* TencentOpenApi_IOS_Bundle.bundle */ = {isa = PBXFileReference; lastKnownFileType = "wrapper.plug-in"; path = TencentOpenApi_IOS_Bundle.bundle; sourceTree = "<group>"; };
		1F3DF0F91C25423200DC8F07 /* ShareItem.h */ = {isa = PBXFileReference; fileEncoding = 4; lastKnownFileType = sourcecode.c.h; path = ShareItem.h; sourceTree = "<group>"; };
		1F3DF0FA1C25423200DC8F07 /* ShareItem.m */ = {isa = PBXFileReference; fileEncoding = 4; lastKnownFileType = sourcecode.c.objc; path = ShareItem.m; sourceTree = "<group>"; };
		1F3DF0FB1C25423200DC8F07 /* ShareView.h */ = {isa = PBXFileReference; fileEncoding = 4; lastKnownFileType = sourcecode.c.h; path = ShareView.h; sourceTree = "<group>"; };
		1F3DF0FC1C25423200DC8F07 /* ShareView.m */ = {isa = PBXFileReference; fileEncoding = 4; lastKnownFileType = sourcecode.c.objc; path = ShareView.m; sourceTree = "<group>"; };
		1F3DF0FD1C25423200DC8F07 /* SocialSharing.h */ = {isa = PBXFileReference; fileEncoding = 4; lastKnownFileType = sourcecode.c.h; path = SocialSharing.h; sourceTree = "<group>"; };
		1F3DF0FE1C25423200DC8F07 /* SocialSharing.m */ = {isa = PBXFileReference; fileEncoding = 4; lastKnownFileType = sourcecode.c.objc; path = SocialSharing.m; sourceTree = "<group>"; };
		1F3DF1001C25423200DC8F07 /* TagScrollView.h */ = {isa = PBXFileReference; fileEncoding = 4; lastKnownFileType = sourcecode.c.h; path = TagScrollView.h; sourceTree = "<group>"; };
		1F3DF1011C25423200DC8F07 /* TagScrollView.m */ = {isa = PBXFileReference; fileEncoding = 4; lastKnownFileType = sourcecode.c.objc; path = TagScrollView.m; sourceTree = "<group>"; };
		1F3DF1021C25423200DC8F07 /* TagView.h */ = {isa = PBXFileReference; fileEncoding = 4; lastKnownFileType = sourcecode.c.h; path = TagView.h; sourceTree = "<group>"; };
		1F3DF1031C25423200DC8F07 /* TagView.m */ = {isa = PBXFileReference; fileEncoding = 4; lastKnownFileType = sourcecode.c.objc; path = TagView.m; sourceTree = "<group>"; };
		1F3DF1051C25423200DC8F07 /* TOMSimpleLinkLabel.h */ = {isa = PBXFileReference; fileEncoding = 4; lastKnownFileType = sourcecode.c.h; path = TOMSimpleLinkLabel.h; sourceTree = "<group>"; };
		1F3DF1061C25423200DC8F07 /* TOMSimpleLinkLabel.m */ = {isa = PBXFileReference; fileEncoding = 4; lastKnownFileType = sourcecode.c.objc; path = TOMSimpleLinkLabel.m; sourceTree = "<group>"; };
		1F3DF1081C25423200DC8F07 /* ZFQFPSView.h */ = {isa = PBXFileReference; fileEncoding = 4; lastKnownFileType = sourcecode.c.h; path = ZFQFPSView.h; sourceTree = "<group>"; };
		1F3DF1091C25423200DC8F07 /* ZFQFPSView.m */ = {isa = PBXFileReference; fileEncoding = 4; lastKnownFileType = sourcecode.c.objc; path = ZFQFPSView.m; sourceTree = "<group>"; };
		1F3DF10B1C25423200DC8F07 /* FQConnection.h */ = {isa = PBXFileReference; fileEncoding = 4; lastKnownFileType = sourcecode.c.h; path = FQConnection.h; sourceTree = "<group>"; };
		1F3DF10C1C25423200DC8F07 /* FQConnection.m */ = {isa = PBXFileReference; fileEncoding = 4; lastKnownFileType = sourcecode.c.objc; path = FQConnection.m; sourceTree = "<group>"; };
		1F3DF10D1C25423200DC8F07 /* GeneralService.h */ = {isa = PBXFileReference; fileEncoding = 4; lastKnownFileType = sourcecode.c.h; path = GeneralService.h; sourceTree = "<group>"; };
		1F3DF10E1C25423200DC8F07 /* GeneralService.m */ = {isa = PBXFileReference; fileEncoding = 4; lastKnownFileType = sourcecode.c.objc; path = GeneralService.m; sourceTree = "<group>"; };
		1F3DF14D1C25423200DC8F07 /* NSError+networkMsg.h */ = {isa = PBXFileReference; fileEncoding = 4; lastKnownFileType = sourcecode.c.h; path = "NSError+networkMsg.h"; sourceTree = "<group>"; };
		1F3DF14E1C25423200DC8F07 /* NSError+networkMsg.m */ = {isa = PBXFileReference; fileEncoding = 4; lastKnownFileType = sourcecode.c.objc; path = "NSError+networkMsg.m"; sourceTree = "<group>"; };
		1F3DF14F1C25423200DC8F07 /* NSString+html.h */ = {isa = PBXFileReference; fileEncoding = 4; lastKnownFileType = sourcecode.c.h; path = "NSString+html.h"; sourceTree = "<group>"; };
		1F3DF1501C25423200DC8F07 /* NSString+html.m */ = {isa = PBXFileReference; fileEncoding = 4; lastKnownFileType = sourcecode.c.objc; path = "NSString+html.m"; sourceTree = "<group>"; };
		1F3DF1511C25423200DC8F07 /* UIButton+menuItem.h */ = {isa = PBXFileReference; fileEncoding = 4; lastKnownFileType = sourcecode.c.h; path = "UIButton+menuItem.h"; sourceTree = "<group>"; };
		1F3DF1521C25423200DC8F07 /* UIButton+menuItem.m */ = {isa = PBXFileReference; fileEncoding = 4; lastKnownFileType = sourcecode.c.objc; path = "UIButton+menuItem.m"; sourceTree = "<group>"; };
		1F3DF1531C25423200DC8F07 /* UIFont+Custom.h */ = {isa = PBXFileReference; fileEncoding = 4; lastKnownFileType = sourcecode.c.h; path = "UIFont+Custom.h"; sourceTree = "<group>"; };
		1F3DF1541C25423200DC8F07 /* UIFont+Custom.m */ = {isa = PBXFileReference; fileEncoding = 4; lastKnownFileType = sourcecode.c.objc; path = "UIFont+Custom.m"; sourceTree = "<group>"; };
		1F3DF1551C25423200DC8F07 /* UITableView+SmoothMove.h */ = {isa = PBXFileReference; fileEncoding = 4; lastKnownFileType = sourcecode.c.h; path = "UITableView+SmoothMove.h"; sourceTree = "<group>"; };
		1F3DF1561C25423200DC8F07 /* UITableView+SmoothMove.m */ = {isa = PBXFileReference; fileEncoding = 4; lastKnownFileType = sourcecode.c.objc; path = "UITableView+SmoothMove.m"; sourceTree = "<group>"; };
		1F3DF1581C25423200DC8F07 /* FQBaseViewController.h */ = {isa = PBXFileReference; fileEncoding = 4; lastKnownFileType = sourcecode.c.h; path = FQBaseViewController.h; sourceTree = "<group>"; };
		1F3DF1591C25423200DC8F07 /* FQBaseViewController.m */ = {isa = PBXFileReference; fileEncoding = 4; lastKnownFileType = sourcecode.c.objc; path = FQBaseViewController.m; sourceTree = "<group>"; };
		1F3DF15A1C25423200DC8F07 /* FQBaseViewController.xib */ = {isa = PBXFileReference; fileEncoding = 4; lastKnownFileType = file.xib; path = FQBaseViewController.xib; sourceTree = "<group>"; };
		1F3DF15B1C25423200DC8F07 /* FQNavigationController.h */ = {isa = PBXFileReference; fileEncoding = 4; lastKnownFileType = sourcecode.c.h; path = FQNavigationController.h; sourceTree = "<group>"; };
		1F3DF15C1C25423200DC8F07 /* FQNavigationController.m */ = {isa = PBXFileReference; fileEncoding = 4; lastKnownFileType = sourcecode.c.objc; path = FQNavigationController.m; sourceTree = "<group>"; };
		1F3DF15D1C25423200DC8F07 /* MacroDefinition.h */ = {isa = PBXFileReference; fileEncoding = 4; lastKnownFileType = sourcecode.c.h; path = MacroDefinition.h; sourceTree = "<group>"; };
		1F3DF1E51C2542B100DC8F07 /* 163pinglun.xcdatamodel */ = {isa = PBXFileReference; lastKnownFileType = wrapper.xcdatamodel; path = 163pinglun.xcdatamodel; sourceTree = "<group>"; };
		1F3DF1E71C2542B100DC8F07 /* Author.h */ = {isa = PBXFileReference; fileEncoding = 4; lastKnownFileType = sourcecode.c.h; path = Author.h; sourceTree = "<group>"; };
		1F3DF1E81C2542B100DC8F07 /* Author.m */ = {isa = PBXFileReference; fileEncoding = 4; lastKnownFileType = sourcecode.c.objc; path = Author.m; sourceTree = "<group>"; };
		1F3DF1EA1C2542B100DC8F07 /* Content.h */ = {isa = PBXFileReference; fileEncoding = 4; lastKnownFileType = sourcecode.c.h; path = Content.h; sourceTree = "<group>"; };
		1F3DF1EB1C2542B100DC8F07 /* Content.m */ = {isa = PBXFileReference; fileEncoding = 4; lastKnownFileType = sourcecode.c.objc; path = Content.m; sourceTree = "<group>"; };
		1F3DF1EC1C2542B100DC8F07 /* Contents.h */ = {isa = PBXFileReference; fileEncoding = 4; lastKnownFileType = sourcecode.c.h; path = Contents.h; sourceTree = "<group>"; };
		1F3DF1ED1C2542B100DC8F07 /* Contents.m */ = {isa = PBXFileReference; fileEncoding = 4; lastKnownFileType = sourcecode.c.objc; path = Contents.m; sourceTree = "<group>"; };
		1F3DF1EE1C2542B100DC8F07 /* ItemStore.h */ = {isa = PBXFileReference; fileEncoding = 4; lastKnownFileType = sourcecode.c.h; path = ItemStore.h; sourceTree = "<group>"; };
		1F3DF1EF1C2542B100DC8F07 /* ItemStore.m */ = {isa = PBXFileReference; fileEncoding = 4; lastKnownFileType = sourcecode.c.objc; path = ItemStore.m; sourceTree = "<group>"; };
		1F3DF1F01C2542B100DC8F07 /* JSONSerializable.h */ = {isa = PBXFileReference; fileEncoding = 4; lastKnownFileType = sourcecode.c.h; path = JSONSerializable.h; sourceTree = "<group>"; };
		1F3DF1F21C2542B100DC8F07 /* Post.h */ = {isa = PBXFileReference; fileEncoding = 4; lastKnownFileType = sourcecode.c.h; path = Post.h; sourceTree = "<group>"; };
		1F3DF1F31C2542B100DC8F07 /* Post.m */ = {isa = PBXFileReference; fileEncoding = 4; lastKnownFileType = sourcecode.c.objc; path = Post.m; sourceTree = "<group>"; };
		1F3DF1F41C2542B100DC8F07 /* Posts.h */ = {isa = PBXFileReference; fileEncoding = 4; lastKnownFileType = sourcecode.c.h; path = Posts.h; sourceTree = "<group>"; };
		1F3DF1F51C2542B100DC8F07 /* Posts.m */ = {isa = PBXFileReference; fileEncoding = 4; lastKnownFileType = sourcecode.c.objc; path = Posts.m; sourceTree = "<group>"; };
		1F3DF1F71C2542B100DC8F07 /* RandomPost.h */ = {isa = PBXFileReference; fileEncoding = 4; lastKnownFileType = sourcecode.c.h; path = RandomPost.h; sourceTree = "<group>"; };
		1F3DF1F81C2542B100DC8F07 /* RandomPost.m */ = {isa = PBXFileReference; fileEncoding = 4; lastKnownFileType = sourcecode.c.objc; path = RandomPost.m; sourceTree = "<group>"; };
		1F3DF1F91C2542B100DC8F07 /* RandomPosts.h */ = {isa = PBXFileReference; fileEncoding = 4; lastKnownFileType = sourcecode.c.h; path = RandomPosts.h; sourceTree = "<group>"; };
		1F3DF1FA1C2542B100DC8F07 /* RandomPosts.m */ = {isa = PBXFileReference; fileEncoding = 4; lastKnownFileType = sourcecode.c.objc; path = RandomPosts.m; sourceTree = "<group>"; };
		1F3DF1FC1C2542B100DC8F07 /* Tag.h */ = {isa = PBXFileReference; fileEncoding = 4; lastKnownFileType = sourcecode.c.h; path = Tag.h; sourceTree = "<group>"; };
		1F3DF1FD1C2542B100DC8F07 /* Tag.m */ = {isa = PBXFileReference; fileEncoding = 4; lastKnownFileType = sourcecode.c.objc; path = Tag.m; sourceTree = "<group>"; };
		1F3DF1FE1C2542B100DC8F07 /* Tags.h */ = {isa = PBXFileReference; fileEncoding = 4; lastKnownFileType = sourcecode.c.h; path = Tags.h; sourceTree = "<group>"; };
		1F3DF1FF1C2542B100DC8F07 /* Tags.m */ = {isa = PBXFileReference; fileEncoding = 4; lastKnownFileType = sourcecode.c.objc; path = Tags.m; sourceTree = "<group>"; };
		1F3DF2151C25464E00DC8F07 /* CommViewController.h */ = {isa = PBXFileReference; fileEncoding = 4; lastKnownFileType = sourcecode.c.h; path = CommViewController.h; sourceTree = "<group>"; };
		1F3DF2161C25464E00DC8F07 /* CommViewController.m */ = {isa = PBXFileReference; fileEncoding = 4; lastKnownFileType = sourcecode.c.objc; path = CommViewController.m; sourceTree = "<group>"; };
		1F3DF2171C25464E00DC8F07 /* CommViewController.xib */ = {isa = PBXFileReference; fileEncoding = 4; lastKnownFileType = file.xib; path = CommViewController.xib; sourceTree = "<group>"; };
		1F3DF2191C25464E00DC8F07 /* FontSetViewController.h */ = {isa = PBXFileReference; fileEncoding = 4; lastKnownFileType = sourcecode.c.h; path = FontSetViewController.h; sourceTree = "<group>"; };
		1F3DF21A1C25464E00DC8F07 /* FontSetViewController.m */ = {isa = PBXFileReference; fileEncoding = 4; lastKnownFileType = sourcecode.c.objc; path = FontSetViewController.m; sourceTree = "<group>"; };
		1F3DF21C1C25464E00DC8F07 /* HomeViewController.h */ = {isa = PBXFileReference; fileEncoding = 4; lastKnownFileType = sourcecode.c.h; path = HomeViewController.h; sourceTree = "<group>"; };
		1F3DF21D1C25464E00DC8F07 /* HomeViewController.m */ = {isa = PBXFileReference; fileEncoding = 4; lastKnownFileType = sourcecode.c.objc; path = HomeViewController.m; sourceTree = "<group>"; };
		1F3DF21E1C25464E00DC8F07 /* HomeViewController.xib */ = {isa = PBXFileReference; fileEncoding = 4; lastKnownFileType = file.xib; path = HomeViewController.xib; sourceTree = "<group>"; };
		1F3DF21F1C25464E00DC8F07 /* PostCell.h */ = {isa = PBXFileReference; fileEncoding = 4; lastKnownFileType = sourcecode.c.h; path = PostCell.h; sourceTree = "<group>"; };
		1F3DF2201C25464E00DC8F07 /* PostCell.m */ = {isa = PBXFileReference; fileEncoding = 4; lastKnownFileType = sourcecode.c.objc; path = PostCell.m; sourceTree = "<group>"; };
		1F3DF2211C25464E00DC8F07 /* PostCell.xib */ = {isa = PBXFileReference; fileEncoding = 4; lastKnownFileType = file.xib; path = PostCell.xib; sourceTree = "<group>"; };
		1F3DF2231C25464E00DC8F07 /* RandomPostCell.h */ = {isa = PBXFileReference; fileEncoding = 4; lastKnownFileType = sourcecode.c.h; path = RandomPostCell.h; sourceTree = "<group>"; };
		1F3DF2241C25464E00DC8F07 /* RandomPostCell.m */ = {isa = PBXFileReference; fileEncoding = 4; lastKnownFileType = sourcecode.c.objc; path = RandomPostCell.m; sourceTree = "<group>"; };
		1F3DF2251C25464E00DC8F07 /* RandomPostCell.xib */ = {isa = PBXFileReference; fileEncoding = 4; lastKnownFileType = file.xib; path = RandomPostCell.xib; sourceTree = "<group>"; };
		1F3DF2261C25464E00DC8F07 /* RandomPostViewController.h */ = {isa = PBXFileReference; fileEncoding = 4; lastKnownFileType = sourcecode.c.h; path = RandomPostViewController.h; sourceTree = "<group>"; };
		1F3DF2271C25464E00DC8F07 /* RandomPostViewController.m */ = {isa = PBXFileReference; fileEncoding = 4; lastKnownFileType = sourcecode.c.objc; path = RandomPostViewController.m; sourceTree = "<group>"; };
		1F3DF2281C25464E00DC8F07 /* RandomPostViewController.xib */ = {isa = PBXFileReference; fileEncoding = 4; lastKnownFileType = file.xib; path = RandomPostViewController.xib; sourceTree = "<group>"; };
		1F3DF22A1C25464E00DC8F07 /* SettingViewController.h */ = {isa = PBXFileReference; fileEncoding = 4; lastKnownFileType = sourcecode.c.h; path = SettingViewController.h; sourceTree = "<group>"; };
		1F3DF22B1C25464E00DC8F07 /* SettingViewController.m */ = {isa = PBXFileReference; fileEncoding = 4; lastKnownFileType = sourcecode.c.objc; path = SettingViewController.m; sourceTree = "<group>"; };
		1F3DF22D1C25464E00DC8F07 /* TagViewController.h */ = {isa = PBXFileReference; fileEncoding = 4; lastKnownFileType = sourcecode.c.h; path = TagViewController.h; sourceTree = "<group>"; };
		1F3DF22E1C25464E00DC8F07 /* TagViewController.m */ = {isa = PBXFileReference; fileEncoding = 4; lastKnownFileType = sourcecode.c.objc; path = TagViewController.m; sourceTree = "<group>"; };
		1F3DF2301C25464E00DC8F07 /* TestShareControllerViewController.h */ = {isa = PBXFileReference; fileEncoding = 4; lastKnownFileType = sourcecode.c.h; path = TestShareControllerViewController.h; sourceTree = "<group>"; };
		1F3DF2311C25464E00DC8F07 /* TestShareControllerViewController.m */ = {isa = PBXFileReference; fileEncoding = 4; lastKnownFileType = sourcecode.c.objc; path = TestShareControllerViewController.m; sourceTree = "<group>"; };
		1F3DF2321C25464E00DC8F07 /* TestShareControllerViewController.xib */ = {isa = PBXFileReference; fileEncoding = 4; lastKnownFileType = file.xib; path = TestShareControllerViewController.xib; sourceTree = "<group>"; };
		1F429E6C1C5103F30008E9C9 /* UIImage+Content.h */ = {isa = PBXFileReference; fileEncoding = 4; lastKnownFileType = sourcecode.c.h; path = "UIImage+Content.h"; sourceTree = "<group>"; };
		1F429E6D1C5103F30008E9C9 /* UIImage+Content.m */ = {isa = PBXFileReference; fileEncoding = 4; lastKnownFileType = sourcecode.c.objc; path = "UIImage+Content.m"; sourceTree = "<group>"; };
		1F429E761C52241F0008E9C9 /* NSString+Addition.h */ = {isa = PBXFileReference; fileEncoding = 4; lastKnownFileType = sourcecode.c.h; path = "NSString+Addition.h"; sourceTree = "<group>"; };
		1F429E771C52241F0008E9C9 /* NSString+Addition.m */ = {isa = PBXFileReference; fileEncoding = 4; lastKnownFileType = sourcecode.c.objc; path = "NSString+Addition.m"; sourceTree = "<group>"; };
		1F6C79A91C4FDDCD00CCA019 /* QuartzCore.framework */ = {isa = PBXFileReference; lastKnownFileType = wrapper.framework; name = QuartzCore.framework; path = System/Library/Frameworks/QuartzCore.framework; sourceTree = SDKROOT; };
		1F6C79AB1C4FDDD600CCA019 /* ImageIO.framework */ = {isa = PBXFileReference; lastKnownFileType = wrapper.framework; name = ImageIO.framework; path = System/Library/Frameworks/ImageIO.framework; sourceTree = SDKROOT; };
		1F6C79AD1C4FDF6F00CCA019 /* CoreText.framework */ = {isa = PBXFileReference; lastKnownFileType = wrapper.framework; name = CoreText.framework; path = System/Library/Frameworks/CoreText.framework; sourceTree = SDKROOT; };
		1F6FECEF1D40E4E60059DCA9 /* CommentV3.json */ = {isa = PBXFileReference; fileEncoding = 4; lastKnownFileType = text.json; path = CommentV3.json; sourceTree = "<group>"; };
		1F74C79E1C4894B2005D74B9 /* CommCell5.m */ = {isa = PBXFileReference; fileEncoding = 4; lastKnownFileType = sourcecode.c.objc; path = CommCell5.m; sourceTree = "<group>"; };
		1F74C79F1C4894B2005D74B9 /* CommCell5.h */ = {isa = PBXFileReference; fileEncoding = 4; lastKnownFileType = sourcecode.c.h; path = CommCell5.h; sourceTree = "<group>"; };
		1F7647501D4332A60070F5A7 /* UIImage+REFrostedViewController.h */ = {isa = PBXFileReference; fileEncoding = 4; lastKnownFileType = sourcecode.c.h; path = "UIImage+REFrostedViewController.h"; sourceTree = "<group>"; };
		1F7647511D4332A60070F5A7 /* UIImage+REFrostedViewController.m */ = {isa = PBXFileReference; fileEncoding = 4; lastKnownFileType = sourcecode.c.objc; path = "UIImage+REFrostedViewController.m"; sourceTree = "<group>"; };
		1F7647521D4332A60070F5A7 /* ZFQHUD.h */ = {isa = PBXFileReference; fileEncoding = 4; lastKnownFileType = sourcecode.c.h; path = ZFQHUD.h; sourceTree = "<group>"; };
		1F7647531D4332A60070F5A7 /* ZFQHUD.m */ = {isa = PBXFileReference; fileEncoding = 4; lastKnownFileType = sourcecode.c.objc; path = ZFQHUD.m; sourceTree = "<group>"; };
		1F7647571D4358CA0070F5A7 /* libWeiboSDK.a */ = {isa = PBXFileReference; lastKnownFileType = archive.ar; path = libWeiboSDK.a; sourceTree = "<group>"; };
		1F7647581D4358CA0070F5A7 /* WBHttpRequest+WeiboGame.h */ = {isa = PBXFileReference; fileEncoding = 4; lastKnownFileType = sourcecode.c.h; path = "WBHttpRequest+WeiboGame.h"; sourceTree = "<group>"; };
		1F7647591D4358CA0070F5A7 /* WBHttpRequest+WeiboShare.h */ = {isa = PBXFileReference; fileEncoding = 4; lastKnownFileType = sourcecode.c.h; path = "WBHttpRequest+WeiboShare.h"; sourceTree = "<group>"; };
		1F76475A1D4358CA0070F5A7 /* WBHttpRequest+WeiboToken.h */ = {isa = PBXFileReference; fileEncoding = 4; lastKnownFileType = sourcecode.c.h; path = "WBHttpRequest+WeiboToken.h"; sourceTree = "<group>"; };
		1F76475B1D4358CA0070F5A7 /* WBHttpRequest+WeiboUser.h */ = {isa = PBXFileReference; fileEncoding = 4; lastKnownFileType = sourcecode.c.h; path = "WBHttpRequest+WeiboUser.h"; sourceTree = "<group>"; };
		1F76475C1D4358CA0070F5A7 /* WBHttpRequest.h */ = {isa = PBXFileReference; fileEncoding = 4; lastKnownFileType = sourcecode.c.h; path = WBHttpRequest.h; sourceTree = "<group>"; };
		1F76475D1D4358CA0070F5A7 /* WBSDKBasicButton.h */ = {isa = PBXFileReference; fileEncoding = 4; lastKnownFileType = sourcecode.c.h; path = WBSDKBasicButton.h; sourceTree = "<group>"; };
		1F76475E1D4358CA0070F5A7 /* WBSDKCommentButton.h */ = {isa = PBXFileReference; fileEncoding = 4; lastKnownFileType = sourcecode.c.h; path = WBSDKCommentButton.h; sourceTree = "<group>"; };
		1F76475F1D4358CA0070F5A7 /* WBSDKRelationshipButton.h */ = {isa = PBXFileReference; fileEncoding = 4; lastKnownFileType = sourcecode.c.h; path = WBSDKRelationshipButton.h; sourceTree = "<group>"; };
		1F7647601D4358CA0070F5A7 /* WeiboSDK+Statistics.h */ = {isa = PBXFileReference; fileEncoding = 4; lastKnownFileType = sourcecode.c.h; path = "WeiboSDK+Statistics.h"; sourceTree = "<group>"; };
		1F7647611D4358CA0070F5A7 /* WeiboSDK.bundle */ = {isa = PBXFileReference; lastKnownFileType = "wrapper.plug-in"; path = WeiboSDK.bundle; sourceTree = "<group>"; };
		1F7647621D4358CA0070F5A7 /* WeiboSDK.h */ = {isa = PBXFileReference; fileEncoding = 4; lastKnownFileType = sourcecode.c.h; path = WeiboSDK.h; sourceTree = "<group>"; };
		1F7647631D4358CA0070F5A7 /* WeiboUser.h */ = {isa = PBXFileReference; fileEncoding = 4; lastKnownFileType = sourcecode.c.h; path = WeiboUser.h; sourceTree = "<group>"; };
		1F7707341C461CAC00F7133F /* ZFQQueuePool.h */ = {isa = PBXFileReference; fileEncoding = 4; lastKnownFileType = sourcecode.c.h; path = ZFQQueuePool.h; sourceTree = "<group>"; };
		1F7707351C461CAC00F7133F /* ZFQQueuePool.m */ = {isa = PBXFileReference; fileEncoding = 4; lastKnownFileType = sourcecode.c.objc; path = ZFQQueuePool.m; sourceTree = "<group>"; };
		1F7E33A61C47BA3A0063F941 /* comment2.json */ = {isa = PBXFileReference; fileEncoding = 4; lastKnownFileType = text.json; path = comment2.json; sourceTree = "<group>"; };
		1FAA004E1C5B06C1007A3853 /* PostViewModel.h */ = {isa = PBXFileReference; fileEncoding = 4; lastKnownFileType = sourcecode.c.h; path = PostViewModel.h; sourceTree = "<group>"; };
		1FAA004F1C5B06C1007A3853 /* PostViewModel.m */ = {isa = PBXFileReference; fileEncoding = 4; lastKnownFileType = sourcecode.c.objc; path = PostViewModel.m; sourceTree = "<group>"; };
		1FAD8E4D1C31780A00F63A24 /* UIView+Additions.h */ = {isa = PBXFileReference; fileEncoding = 4; lastKnownFileType = sourcecode.c.h; path = "UIView+Additions.h"; sourceTree = "<group>"; };
		1FAD8E4E1C31780A00F63A24 /* UIView+Additions.m */ = {isa = PBXFileReference; fileEncoding = 4; lastKnownFileType = sourcecode.c.objc; path = "UIView+Additions.m"; sourceTree = "<group>"; };
		1FAD8E4F1C31780A00F63A24 /* VVeboLabel.h */ = {isa = PBXFileReference; fileEncoding = 4; lastKnownFileType = sourcecode.c.h; path = VVeboLabel.h; sourceTree = "<group>"; };
		1FAD8E501C31780A00F63A24 /* VVeboLabel.m */ = {isa = PBXFileReference; fileEncoding = 4; lastKnownFileType = sourcecode.c.objc; path = VVeboLabel.m; sourceTree = "<group>"; };
		7B3C92FD1A3B349A0089D7AD /* Launch Screen.xib */ = {isa = PBXFileReference; fileEncoding = 4; lastKnownFileType = file.xib; path = "Launch Screen.xib"; sourceTree = "<group>"; };
		7B428D8F190E914D00860E94 /* 163pinglun.app */ = {isa = PBXFileReference; explicitFileType = wrapper.application; includeInIndex = 0; path = 163pinglun.app; sourceTree = BUILT_PRODUCTS_DIR; };
		7B428D92190E914D00860E94 /* Foundation.framework */ = {isa = PBXFileReference; lastKnownFileType = wrapper.framework; name = Foundation.framework; path = System/Library/Frameworks/Foundation.framework; sourceTree = SDKROOT; };
		7B428D94190E914D00860E94 /* CoreGraphics.framework */ = {isa = PBXFileReference; lastKnownFileType = wrapper.framework; name = CoreGraphics.framework; path = System/Library/Frameworks/CoreGraphics.framework; sourceTree = SDKROOT; };
		7B428D96190E914D00860E94 /* UIKit.framework */ = {isa = PBXFileReference; lastKnownFileType = wrapper.framework; name = UIKit.framework; path = System/Library/Frameworks/UIKit.framework; sourceTree = SDKROOT; };
		7B428D9A190E914D00860E94 /* 163评论-Info.plist */ = {isa = PBXFileReference; lastKnownFileType = text.plist.xml; path = "163评论-Info.plist"; sourceTree = "<group>"; };
		7B428D9C190E914D00860E94 /* en */ = {isa = PBXFileReference; lastKnownFileType = text.plist.strings; name = en; path = en.lproj/InfoPlist.strings; sourceTree = "<group>"; };
		7B428D9E190E914D00860E94 /* main.m */ = {isa = PBXFileReference; lastKnownFileType = sourcecode.c.objc; path = main.m; sourceTree = "<group>"; };
		7B428DA1190E914D00860E94 /* AppDelegate.h */ = {isa = PBXFileReference; lastKnownFileType = sourcecode.c.h; path = AppDelegate.h; sourceTree = "<group>"; };
		7B428DA4190E914D00860E94 /* Images.xcassets */ = {isa = PBXFileReference; lastKnownFileType = folder.assetcatalog; path = Images.xcassets; sourceTree = "<group>"; };
		7B428DAB190E914D00860E94 /* XCTest.framework */ = {isa = PBXFileReference; lastKnownFileType = wrapper.framework; name = XCTest.framework; path = Library/Frameworks/XCTest.framework; sourceTree = DEVELOPER_DIR; };
		7B428DB3190E914D00860E94 /* 163评论Tests-Info.plist */ = {isa = PBXFileReference; lastKnownFileType = text.plist.xml; path = "163评论Tests-Info.plist"; sourceTree = "<group>"; };
		7B428DB5190E914D00860E94 /* en */ = {isa = PBXFileReference; lastKnownFileType = text.plist.strings; name = en; path = en.lproj/InfoPlist.strings; sourceTree = "<group>"; };
		7B428DB7190E914D00860E94 /* _63__Tests.m */ = {isa = PBXFileReference; lastKnownFileType = sourcecode.c.objc; path = _63__Tests.m; sourceTree = "<group>"; };
		7B48EA47191253BB0051C095 /* TagStoreTest.m */ = {isa = PBXFileReference; fileEncoding = 4; lastKnownFileType = sourcecode.c.objc; path = TagStoreTest.m; sourceTree = "<group>"; };
		7B68872419AB7AAD004997CC /* AppDelegate.m */ = {isa = PBXFileReference; fileEncoding = 4; lastKnownFileType = sourcecode.c.objc; path = AppDelegate.m; sourceTree = "<group>"; };
		7B723003197D5CF700CA7DBB /* CoreData.framework */ = {isa = PBXFileReference; lastKnownFileType = wrapper.framework; name = CoreData.framework; path = System/Library/Frameworks/CoreData.framework; sourceTree = SDKROOT; };
		7BEBD4E81995FFC5000F5028 /* TencentOpenAPI.framework */ = {isa = PBXFileReference; lastKnownFileType = wrapper.framework; name = TencentOpenAPI.framework; path = "163评论/qq/TencentOpenAPI.framework"; sourceTree = "<group>"; };
		7BEBD4EA19960029000F5028 /* Security.framework */ = {isa = PBXFileReference; lastKnownFileType = wrapper.framework; name = Security.framework; path = System/Library/Frameworks/Security.framework; sourceTree = SDKROOT; };
		7BEBD4EC1996003F000F5028 /* libiconv.dylib */ = {isa = PBXFileReference; lastKnownFileType = "compiled.mach-o.dylib"; name = libiconv.dylib; path = usr/lib/libiconv.dylib; sourceTree = SDKROOT; };
		7BEBD4EE19960057000F5028 /* SystemConfiguration.framework */ = {isa = PBXFileReference; lastKnownFileType = wrapper.framework; name = SystemConfiguration.framework; path = System/Library/Frameworks/SystemConfiguration.framework; sourceTree = SDKROOT; };
		7BEBD4F01996006B000F5028 /* libsqlite3.dylib */ = {isa = PBXFileReference; lastKnownFileType = "compiled.mach-o.dylib"; name = libsqlite3.dylib; path = usr/lib/libsqlite3.dylib; sourceTree = SDKROOT; };
		7BEBD4F219960079000F5028 /* CoreTelephony.framework */ = {isa = PBXFileReference; lastKnownFileType = wrapper.framework; name = CoreTelephony.framework; path = System/Library/Frameworks/CoreTelephony.framework; sourceTree = SDKROOT; };
		7BEBD4F41996008C000F5028 /* libstdc++.dylib */ = {isa = PBXFileReference; lastKnownFileType = "compiled.mach-o.dylib"; name = "libstdc++.dylib"; path = "usr/lib/libstdc++.dylib"; sourceTree = SDKROOT; };
		7BEBD4F61996009C000F5028 /* libz.dylib */ = {isa = PBXFileReference; lastKnownFileType = "compiled.mach-o.dylib"; name = libz.dylib; path = usr/lib/libz.dylib; sourceTree = SDKROOT; };
/* End PBXFileReference section */

/* Begin PBXFrameworksBuildPhase section */
		7B428D8C190E914D00860E94 /* Frameworks */ = {
			isa = PBXFrameworksBuildPhase;
			buildActionMask = 2147483647;
			files = (
				1F6C79AE1C4FDF6F00CCA019 /* CoreText.framework in Frameworks */,
				1F6C79AC1C4FDDD600CCA019 /* ImageIO.framework in Frameworks */,
				1F6C79AA1C4FDDCD00CCA019 /* QuartzCore.framework in Frameworks */,
				1F0AF42B1C26C98900738551 /* TencentOpenAPI.framework in Frameworks */,
				7BEBD4F71996009C000F5028 /* libz.dylib in Frameworks */,
				7BEBD4F51996008C000F5028 /* libstdc++.dylib in Frameworks */,
				7BEBD4F319960079000F5028 /* CoreTelephony.framework in Frameworks */,
				7BEBD4F11996006B000F5028 /* libsqlite3.dylib in Frameworks */,
				7BEBD4EF19960057000F5028 /* SystemConfiguration.framework in Frameworks */,
				7BEBD4ED1996003F000F5028 /* libiconv.dylib in Frameworks */,
				7BEBD4EB19960029000F5028 /* Security.framework in Frameworks */,
				1F7647641D4358CA0070F5A7 /* libWeiboSDK.a in Frameworks */,
				7B723004197D5CF700CA7DBB /* CoreData.framework in Frameworks */,
				7B428D95190E914D00860E94 /* CoreGraphics.framework in Frameworks */,
				7B428D97190E914D00860E94 /* UIKit.framework in Frameworks */,
				7B428D93190E914D00860E94 /* Foundation.framework in Frameworks */,
			);
			runOnlyForDeploymentPostprocessing = 0;
		};
/* End PBXFrameworksBuildPhase section */

/* Begin PBXGroup section */
		1F0AF42D1C26CAB200738551 /* Resource */ = {
			isa = PBXGroup;
			children = (
				1F0AF42E1C26CAB200738551 /* content */,
				1F0AF4311C26CAB200738551 /* font */,
				1F0AF4321C26CAB200738551 /* img */,
				1F0AF4351C26CAB200738551 /* plist */,
			);
			path = Resource;
			sourceTree = "<group>";
		};
		1F0AF42E1C26CAB200738551 /* content */ = {
			isa = PBXGroup;
			children = (
				1F7E33A61C47BA3A0063F941 /* comment2.json */,
				1F0AF42F1C26CAB200738551 /* comment1.json */,
				1F0AF4301C26CAB200738551 /* post.json */,
				1F6FECEF1D40E4E60059DCA9 /* CommentV3.json */,
			);
			path = content;
			sourceTree = "<group>";
		};
		1F0AF4311C26CAB200738551 /* font */ = {
			isa = PBXGroup;
			children = (
			);
			path = font;
			sourceTree = "<group>";
		};
		1F0AF4321C26CAB200738551 /* img */ = {
			isa = PBXGroup;
			children = (
				1F0AF4331C26CAB200738551 /* comment.bundle */,
			);
			path = img;
			sourceTree = "<group>";
		};
		1F0AF4351C26CAB200738551 /* plist */ = {
			isa = PBXGroup;
			children = (
				1F0AF4361C26CAB200738551 /* setting.plist */,
				1F0AF4371C26CAB200738551 /* tagColor.plist */,
			);
			path = plist;
			sourceTree = "<group>";
		};
		1F36EF8A1D581EB800B25932 /* ZFQSliderControl */ = {
			isa = PBXGroup;
			children = (
				1F36EF8B1D581EB800B25932 /* ZFQSliderControl.h */,
				1F36EF8C1D581EB800B25932 /* ZFQSliderControl.m */,
				1F36EF8D1D581EB800B25932 /* ZFQSliderNumLayer.h */,
				1F36EF8E1D581EB800B25932 /* ZFQSliderNumLayer.m */,
				1F36EF8F1D581EB800B25932 /* ZFQTumbLayer.h */,
				1F36EF901D581EB800B25932 /* ZFQTumbLayer.m */,
			);
			path = ZFQSliderControl;
			sourceTree = "<group>";
		};
		1F36EF941D58204D00B25932 /* Masonry */ = {
			isa = PBXGroup;
			children = (
				1F36EF951D58204D00B25932 /* MASCompositeConstraint.h */,
				1F36EF961D58204D00B25932 /* MASCompositeConstraint.m */,
				1F36EF971D58204D00B25932 /* MASConstraint+Private.h */,
				1F36EF981D58204D00B25932 /* MASConstraint.h */,
				1F36EF991D58204D00B25932 /* MASConstraint.m */,
				1F36EF9A1D58204D00B25932 /* MASConstraintMaker.h */,
				1F36EF9B1D58204D00B25932 /* MASConstraintMaker.m */,
				1F36EF9C1D58204D00B25932 /* MASLayoutConstraint.h */,
				1F36EF9D1D58204D00B25932 /* MASLayoutConstraint.m */,
				1F36EF9E1D58204D00B25932 /* Masonry.h */,
				1F36EF9F1D58204D00B25932 /* MASUtilities.h */,
				1F36EFA01D58204D00B25932 /* MASViewAttribute.h */,
				1F36EFA11D58204D00B25932 /* MASViewAttribute.m */,
				1F36EFA21D58204D00B25932 /* MASViewConstraint.h */,
				1F36EFA31D58204D00B25932 /* MASViewConstraint.m */,
				1F36EFA41D58204D00B25932 /* NSArray+MASAdditions.h */,
				1F36EFA51D58204D00B25932 /* NSArray+MASAdditions.m */,
				1F36EFA61D58204D00B25932 /* NSArray+MASShorthandAdditions.h */,
				1F36EFA71D58204D00B25932 /* NSLayoutConstraint+MASDebugAdditions.h */,
				1F36EFA81D58204D00B25932 /* NSLayoutConstraint+MASDebugAdditions.m */,
				1F36EFA91D58204D00B25932 /* View+MASAdditions.h */,
				1F36EFAA1D58204D00B25932 /* View+MASAdditions.m */,
				1F36EFAB1D58204D00B25932 /* View+MASShorthandAdditions.h */,
				1F36EFAC1D58204D00B25932 /* ViewController+MASAdditions.h */,
				1F36EFAD1D58204D00B25932 /* ViewController+MASAdditions.m */,
			);
			path = Masonry;
			sourceTree = "<group>";
		};
		1F3DF0B31C25423100DC8F07 /* View */ = {
			isa = PBXGroup;
			children = (
				1F3DF0B41C25423100DC8F07 /* PlaceholderView.h */,
				1F3DF0B51C25423100DC8F07 /* PlaceholderView.m */,
			);
			path = View;
			sourceTree = "<group>";
		};
		1F3DF0B61C25423100DC8F07 /* Util */ = {
			isa = PBXGroup;
			children = (
				1F36EF941D58204D00B25932 /* Masonry */,
				1F36EF8A1D581EB800B25932 /* ZFQSliderControl */,
				1F76474F1D4332A60070F5A7 /* ZFQHUD */,
				1F7707331C461CAC00F7133F /* ZFQQueuePool */,
				1FAD8E4C1C31780A00F63A24 /* Label */,
				1F3DF0B71C25423100DC8F07 /* FQDisplayView */,
				1F3DF0CA1C25423200DC8F07 /* GTMNSString */,
				1F3DF0D01C25423200DC8F07 /* MenuView */,
				1F3DF0D71C25423200DC8F07 /* MJRefresh */,
				1F3DF0E81C25423200DC8F07 /* MLTransition */,
				1F3DF0EB1C25423200DC8F07 /* Reachabllity */,
				1F3DF0EE1C25423200DC8F07 /* SocialSharing */,
				1F3DF0FF1C25423200DC8F07 /* TagView */,
				1F3DF1041C25423200DC8F07 /* TOMSimpleLinkLabel */,
				1F3DF1071C25423200DC8F07 /* ZFQFPSView */,
			);
			path = Util;
			sourceTree = "<group>";
		};
		1F3DF0B71C25423100DC8F07 /* FQDisplayView */ = {
			isa = PBXGroup;
			children = (
				1F3DF0B81C25423100DC8F07 /* FQCoreTextData.h */,
				1F3DF0B91C25423100DC8F07 /* FQCoreTextData.m */,
				1F3DF0BA1C25423100DC8F07 /* FQCoreTextImageData.h */,
				1F3DF0BB1C25423100DC8F07 /* FQCoreTextImageData.m */,
				1F3DF0BC1C25423100DC8F07 /* FQCoreTextLinkData.h */,
				1F3DF0BD1C25423100DC8F07 /* FQCoreTextLinkData.m */,
				1F3DF0BE1C25423100DC8F07 /* FQCoreTextUtils.h */,
				1F3DF0BF1C25423100DC8F07 /* FQCoreTextUtils.m */,
				1F3DF0C01C25423100DC8F07 /* FQDisplayView.h */,
				1F3DF0C11C25423100DC8F07 /* FQDisplayView.m */,
				1F3DF0C21C25423100DC8F07 /* FQFrameParser.h */,
				1F3DF0C31C25423100DC8F07 /* FQFrameParser.m */,
				1F3DF0C41C25423100DC8F07 /* FQFrameParserConfig.h */,
				1F3DF0C51C25423200DC8F07 /* FQFrameParserConfig.m */,
				1F3DF0C61C25423200DC8F07 /* MagnifierView.h */,
				1F3DF0C71C25423200DC8F07 /* MagnifierView.m */,
				1F3DF0C81C25423200DC8F07 /* UIView+FrameAdjust.h */,
				1F3DF0C91C25423200DC8F07 /* UIView+FrameAdjust.m */,
			);
			path = FQDisplayView;
			sourceTree = "<group>";
		};
		1F3DF0CA1C25423200DC8F07 /* GTMNSString */ = {
			isa = PBXGroup;
			children = (
				1F3DF0CB1C25423200DC8F07 /* GTMNSString+HTML.h */,
				1F3DF0CC1C25423200DC8F07 /* GTMNSString+HTML.m */,
			);
			path = GTMNSString;
			sourceTree = "<group>";
		};
		1F3DF0D01C25423200DC8F07 /* MenuView */ = {
			isa = PBXGroup;
			children = (
				1F3DF0D11C25423200DC8F07 /* MenuItem.h */,
				1F3DF0D21C25423200DC8F07 /* MenuItem.m */,
				1F3DF0D31C25423200DC8F07 /* MenuItemView.h */,
				1F3DF0D41C25423200DC8F07 /* MenuItemView.m */,
				1F3DF0D51C25423200DC8F07 /* MenuView.h */,
				1F3DF0D61C25423200DC8F07 /* MenuView.m */,
			);
			path = MenuView;
			sourceTree = "<group>";
		};
		1F3DF0D71C25423200DC8F07 /* MJRefresh */ = {
			isa = PBXGroup;
			children = (
				1F3DF0D81C25423200DC8F07 /* MJRefresh.bundle */,
				1F3DF0D91C25423200DC8F07 /* MJRefresh.h */,
				1F3DF0DA1C25423200DC8F07 /* MJRefreshBaseView.h */,
				1F3DF0DB1C25423200DC8F07 /* MJRefreshBaseView.m */,
				1F3DF0DC1C25423200DC8F07 /* MJRefreshConst.h */,
				1F3DF0DD1C25423200DC8F07 /* MJRefreshConst.m */,
				1F3DF0DE1C25423200DC8F07 /* MJRefreshFooterView.h */,
				1F3DF0DF1C25423200DC8F07 /* MJRefreshFooterView.m */,
				1F3DF0E01C25423200DC8F07 /* MJRefreshHeaderView.h */,
				1F3DF0E11C25423200DC8F07 /* MJRefreshHeaderView.m */,
				1F3DF0E21C25423200DC8F07 /* UIScrollView+Extension.h */,
				1F3DF0E31C25423200DC8F07 /* UIScrollView+Extension.m */,
				1F3DF0E41C25423200DC8F07 /* UIScrollView+MJRefresh.h */,
				1F3DF0E51C25423200DC8F07 /* UIScrollView+MJRefresh.m */,
				1F3DF0E61C25423200DC8F07 /* UIView+Extension.h */,
				1F3DF0E71C25423200DC8F07 /* UIView+Extension.m */,
			);
			path = MJRefresh;
			sourceTree = "<group>";
		};
		1F3DF0E81C25423200DC8F07 /* MLTransition */ = {
			isa = PBXGroup;
			children = (
				1F3DF0E91C25423200DC8F07 /* MLBlackTransition.h */,
				1F3DF0EA1C25423200DC8F07 /* MLBlackTransition.m */,
			);
			path = MLTransition;
			sourceTree = "<group>";
		};
		1F3DF0EB1C25423200DC8F07 /* Reachabllity */ = {
			isa = PBXGroup;
			children = (
				1F3DF0EC1C25423200DC8F07 /* Reachability.h */,
				1F3DF0ED1C25423200DC8F07 /* Reachability.m */,
			);
			path = Reachabllity;
			sourceTree = "<group>";
		};
		1F3DF0EE1C25423200DC8F07 /* SocialSharing */ = {
			isa = PBXGroup;
			children = (
				1F3DF0EF1C25423200DC8F07 /* SDK */,
				1F3DF0F91C25423200DC8F07 /* ShareItem.h */,
				1F3DF0FA1C25423200DC8F07 /* ShareItem.m */,
				1F3DF0FB1C25423200DC8F07 /* ShareView.h */,
				1F3DF0FC1C25423200DC8F07 /* ShareView.m */,
				1F3DF0FD1C25423200DC8F07 /* SocialSharing.h */,
				1F3DF0FE1C25423200DC8F07 /* SocialSharing.m */,
			);
			path = SocialSharing;
			sourceTree = "<group>";
		};
		1F3DF0EF1C25423200DC8F07 /* SDK */ = {
			isa = PBXGroup;
			children = (
				1F3DF0F01C25423200DC8F07 /* qq */,
				1F3DF0F41C25423200DC8F07 /* weibo */,
			);
			path = SDK;
			sourceTree = "<group>";
		};
		1F3DF0F01C25423200DC8F07 /* qq */ = {
			isa = PBXGroup;
			children = (
				1F3DF0F11C25423200DC8F07 /* qq */,
			);
			path = qq;
			sourceTree = "<group>";
		};
		1F3DF0F11C25423200DC8F07 /* qq */ = {
			isa = PBXGroup;
			children = (
				1F3DF0F21C25423200DC8F07 /* TencentOpenAPI.framework */,
				1F3DF0F31C25423200DC8F07 /* TencentOpenApi_IOS_Bundle.bundle */,
			);
			path = qq;
			sourceTree = "<group>";
		};
		1F3DF0F41C25423200DC8F07 /* weibo */ = {
			isa = PBXGroup;
			children = (
				1F7647561D4358CA0070F5A7 /* libWeiboSDK */,
			);
			path = weibo;
			sourceTree = "<group>";
		};
		1F3DF0FF1C25423200DC8F07 /* TagView */ = {
			isa = PBXGroup;
			children = (
				1F3DF1001C25423200DC8F07 /* TagScrollView.h */,
				1F3DF1011C25423200DC8F07 /* TagScrollView.m */,
				1F3DF1021C25423200DC8F07 /* TagView.h */,
				1F3DF1031C25423200DC8F07 /* TagView.m */,
			);
			path = TagView;
			sourceTree = "<group>";
		};
		1F3DF1041C25423200DC8F07 /* TOMSimpleLinkLabel */ = {
			isa = PBXGroup;
			children = (
				1F3DF1051C25423200DC8F07 /* TOMSimpleLinkLabel.h */,
				1F3DF1061C25423200DC8F07 /* TOMSimpleLinkLabel.m */,
			);
			path = TOMSimpleLinkLabel;
			sourceTree = "<group>";
		};
		1F3DF1071C25423200DC8F07 /* ZFQFPSView */ = {
			isa = PBXGroup;
			children = (
				1F3DF1081C25423200DC8F07 /* ZFQFPSView.h */,
				1F3DF1091C25423200DC8F07 /* ZFQFPSView.m */,
			);
			path = ZFQFPSView;
			sourceTree = "<group>";
		};
		1F3DF10A1C25423200DC8F07 /* Network */ = {
			isa = PBXGroup;
			children = (
				1F3DF10B1C25423200DC8F07 /* FQConnection.h */,
				1F3DF10C1C25423200DC8F07 /* FQConnection.m */,
				1F3DF10D1C25423200DC8F07 /* GeneralService.h */,
				1F3DF10E1C25423200DC8F07 /* GeneralService.m */,
			);
			path = Network;
			sourceTree = "<group>";
		};
		1F3DF14C1C25423200DC8F07 /* Category */ = {
			isa = PBXGroup;
			children = (
				1F3DF14D1C25423200DC8F07 /* NSError+networkMsg.h */,
				1F3DF14E1C25423200DC8F07 /* NSError+networkMsg.m */,
				1F3DF14F1C25423200DC8F07 /* NSString+html.h */,
				1F3DF1501C25423200DC8F07 /* NSString+html.m */,
				1F429E761C52241F0008E9C9 /* NSString+Addition.h */,
				1F429E771C52241F0008E9C9 /* NSString+Addition.m */,
				1F3DF1511C25423200DC8F07 /* UIButton+menuItem.h */,
				1F3DF1521C25423200DC8F07 /* UIButton+menuItem.m */,
				1F3DF1531C25423200DC8F07 /* UIFont+Custom.h */,
				1F3DF1541C25423200DC8F07 /* UIFont+Custom.m */,
				1F3DF1551C25423200DC8F07 /* UITableView+SmoothMove.h */,
				1F3DF1561C25423200DC8F07 /* UITableView+SmoothMove.m */,
				1F429E6C1C5103F30008E9C9 /* UIImage+Content.h */,
				1F429E6D1C5103F30008E9C9 /* UIImage+Content.m */,
			);
			path = Category;
			sourceTree = "<group>";
		};
		1F3DF1571C25423200DC8F07 /* Base */ = {
			isa = PBXGroup;
			children = (
				1F3DF1581C25423200DC8F07 /* FQBaseViewController.h */,
				1F3DF1591C25423200DC8F07 /* FQBaseViewController.m */,
				1F3DF15A1C25423200DC8F07 /* FQBaseViewController.xib */,
				1F3DF15B1C25423200DC8F07 /* FQNavigationController.h */,
				1F3DF15C1C25423200DC8F07 /* FQNavigationController.m */,
			);
			path = Base;
			sourceTree = "<group>";
		};
		1F3DF1E31C2542B100DC8F07 /* Model */ = {
			isa = PBXGroup;
			children = (
				1F3DF1E41C2542B100DC8F07 /* 163pinglun.xcdatamodeld */,
				1F3DF1E61C2542B100DC8F07 /* Author */,
				1F3DF1E91C2542B100DC8F07 /* Content */,
				1F3DF1EE1C2542B100DC8F07 /* ItemStore.h */,
				1F3DF1EF1C2542B100DC8F07 /* ItemStore.m */,
				1F3DF1F01C2542B100DC8F07 /* JSONSerializable.h */,
				1F3DF1F11C2542B100DC8F07 /* Post */,
				1F3DF1F61C2542B100DC8F07 /* RandomPost */,
				1F3DF1FB1C2542B100DC8F07 /* Tag */,
			);
			path = Model;
			sourceTree = "<group>";
		};
		1F3DF1E61C2542B100DC8F07 /* Author */ = {
			isa = PBXGroup;
			children = (
				1F3DF1E71C2542B100DC8F07 /* Author.h */,
				1F3DF1E81C2542B100DC8F07 /* Author.m */,
			);
			path = Author;
			sourceTree = "<group>";
		};
		1F3DF1E91C2542B100DC8F07 /* Content */ = {
			isa = PBXGroup;
			children = (
				1F3DF1EA1C2542B100DC8F07 /* Content.h */,
				1F3DF1EB1C2542B100DC8F07 /* Content.m */,
				1F3DF1EC1C2542B100DC8F07 /* Contents.h */,
				1F3DF1ED1C2542B100DC8F07 /* Contents.m */,
			);
			path = Content;
			sourceTree = "<group>";
		};
		1F3DF1F11C2542B100DC8F07 /* Post */ = {
			isa = PBXGroup;
			children = (
				1F3DF1F21C2542B100DC8F07 /* Post.h */,
				1F3DF1F31C2542B100DC8F07 /* Post.m */,
				1F3DF1F41C2542B100DC8F07 /* Posts.h */,
				1F3DF1F51C2542B100DC8F07 /* Posts.m */,
			);
			path = Post;
			sourceTree = "<group>";
		};
		1F3DF1F61C2542B100DC8F07 /* RandomPost */ = {
			isa = PBXGroup;
			children = (
				1F3DF1F71C2542B100DC8F07 /* RandomPost.h */,
				1F3DF1F81C2542B100DC8F07 /* RandomPost.m */,
				1F3DF1F91C2542B100DC8F07 /* RandomPosts.h */,
				1F3DF1FA1C2542B100DC8F07 /* RandomPosts.m */,
			);
			path = RandomPost;
			sourceTree = "<group>";
		};
		1F3DF1FB1C2542B100DC8F07 /* Tag */ = {
			isa = PBXGroup;
			children = (
				1F3DF1FC1C2542B100DC8F07 /* Tag.h */,
				1F3DF1FD1C2542B100DC8F07 /* Tag.m */,
				1F3DF1FE1C2542B100DC8F07 /* Tags.h */,
				1F3DF1FF1C2542B100DC8F07 /* Tags.m */,
			);
			path = Tag;
			sourceTree = "<group>";
		};
		1F3DF20D1C25464E00DC8F07 /* Controller */ = {
			isa = PBXGroup;
			children = (
				1F3DF20E1C25464E00DC8F07 /* Comment */,
				1F3DF2181C25464E00DC8F07 /* FontSet */,
				1F3DF21B1C25464E00DC8F07 /* Home */,
				1F3DF2221C25464E00DC8F07 /* RandomPost */,
				1F3DF2291C25464E00DC8F07 /* Setting */,
				1F3DF22C1C25464E00DC8F07 /* Tag */,
				1F3DF22F1C25464E00DC8F07 /* TestShare */,
			);
			path = Controller;
			sourceTree = "<group>";
		};
		1F3DF20E1C25464E00DC8F07 /* Comment */ = {
			isa = PBXGroup;
			children = (
				1F74C79F1C4894B2005D74B9 /* CommCell5.h */,
				1F74C79E1C4894B2005D74B9 /* CommCell5.m */,
				1F1FBEA41C4D3BA20037A62E /* ZFQMenuObject.h */,
				1F1FBEA51C4D3BA20037A62E /* ZFQMenuObject.m */,
				1F3DF2151C25464E00DC8F07 /* CommViewController.h */,
				1F3DF2161C25464E00DC8F07 /* CommViewController.m */,
				1F3DF2171C25464E00DC8F07 /* CommViewController.xib */,
			);
			path = Comment;
			sourceTree = "<group>";
		};
		1F3DF2181C25464E00DC8F07 /* FontSet */ = {
			isa = PBXGroup;
			children = (
				1F3DF2191C25464E00DC8F07 /* FontSetViewController.h */,
				1F3DF21A1C25464E00DC8F07 /* FontSetViewController.m */,
			);
			path = FontSet;
			sourceTree = "<group>";
		};
		1F3DF21B1C25464E00DC8F07 /* Home */ = {
			isa = PBXGroup;
			children = (
				1F3DF21C1C25464E00DC8F07 /* HomeViewController.h */,
				1F3DF21D1C25464E00DC8F07 /* HomeViewController.m */,
				1FAA004E1C5B06C1007A3853 /* PostViewModel.h */,
				1FAA004F1C5B06C1007A3853 /* PostViewModel.m */,
				1F3DF21E1C25464E00DC8F07 /* HomeViewController.xib */,
				1F3DF21F1C25464E00DC8F07 /* PostCell.h */,
				1F3DF2201C25464E00DC8F07 /* PostCell.m */,
				1F3DF2211C25464E00DC8F07 /* PostCell.xib */,
			);
			path = Home;
			sourceTree = "<group>";
		};
		1F3DF2221C25464E00DC8F07 /* RandomPost */ = {
			isa = PBXGroup;
			children = (
				1F3DF2231C25464E00DC8F07 /* RandomPostCell.h */,
				1F3DF2241C25464E00DC8F07 /* RandomPostCell.m */,
				1F3DF2251C25464E00DC8F07 /* RandomPostCell.xib */,
				1F3DF2261C25464E00DC8F07 /* RandomPostViewController.h */,
				1F3DF2271C25464E00DC8F07 /* RandomPostViewController.m */,
				1F3DF2281C25464E00DC8F07 /* RandomPostViewController.xib */,
			);
			path = RandomPost;
			sourceTree = "<group>";
		};
		1F3DF2291C25464E00DC8F07 /* Setting */ = {
			isa = PBXGroup;
			children = (
				1F3DF22A1C25464E00DC8F07 /* SettingViewController.h */,
				1F3DF22B1C25464E00DC8F07 /* SettingViewController.m */,
			);
			path = Setting;
			sourceTree = "<group>";
		};
		1F3DF22C1C25464E00DC8F07 /* Tag */ = {
			isa = PBXGroup;
			children = (
				1F3DF22D1C25464E00DC8F07 /* TagViewController.h */,
				1F3DF22E1C25464E00DC8F07 /* TagViewController.m */,
			);
			path = Tag;
			sourceTree = "<group>";
		};
		1F3DF22F1C25464E00DC8F07 /* TestShare */ = {
			isa = PBXGroup;
			children = (
				1F3DF2301C25464E00DC8F07 /* TestShareControllerViewController.h */,
				1F3DF2311C25464E00DC8F07 /* TestShareControllerViewController.m */,
				1F3DF2321C25464E00DC8F07 /* TestShareControllerViewController.xib */,
			);
			path = TestShare;
			sourceTree = "<group>";
		};
		1F76474F1D4332A60070F5A7 /* ZFQHUD */ = {
			isa = PBXGroup;
			children = (
				1F7647501D4332A60070F5A7 /* UIImage+REFrostedViewController.h */,
				1F7647511D4332A60070F5A7 /* UIImage+REFrostedViewController.m */,
				1F7647521D4332A60070F5A7 /* ZFQHUD.h */,
				1F7647531D4332A60070F5A7 /* ZFQHUD.m */,
			);
			path = ZFQHUD;
			sourceTree = "<group>";
		};
		1F7647561D4358CA0070F5A7 /* libWeiboSDK */ = {
			isa = PBXGroup;
			children = (
				1F7647571D4358CA0070F5A7 /* libWeiboSDK.a */,
				1F7647581D4358CA0070F5A7 /* WBHttpRequest+WeiboGame.h */,
				1F7647591D4358CA0070F5A7 /* WBHttpRequest+WeiboShare.h */,
				1F76475A1D4358CA0070F5A7 /* WBHttpRequest+WeiboToken.h */,
				1F76475B1D4358CA0070F5A7 /* WBHttpRequest+WeiboUser.h */,
				1F76475C1D4358CA0070F5A7 /* WBHttpRequest.h */,
				1F76475D1D4358CA0070F5A7 /* WBSDKBasicButton.h */,
				1F76475E1D4358CA0070F5A7 /* WBSDKCommentButton.h */,
				1F76475F1D4358CA0070F5A7 /* WBSDKRelationshipButton.h */,
				1F7647601D4358CA0070F5A7 /* WeiboSDK+Statistics.h */,
				1F7647611D4358CA0070F5A7 /* WeiboSDK.bundle */,
				1F7647621D4358CA0070F5A7 /* WeiboSDK.h */,
				1F7647631D4358CA0070F5A7 /* WeiboUser.h */,
			);
			path = libWeiboSDK;
			sourceTree = "<group>";
		};
		1F7707331C461CAC00F7133F /* ZFQQueuePool */ = {
			isa = PBXGroup;
			children = (
				1F7707341C461CAC00F7133F /* ZFQQueuePool.h */,
				1F7707351C461CAC00F7133F /* ZFQQueuePool.m */,
			);
			path = ZFQQueuePool;
			sourceTree = "<group>";
		};
		1FAD8E4C1C31780A00F63A24 /* Label */ = {
			isa = PBXGroup;
			children = (
				1FAD8E4D1C31780A00F63A24 /* UIView+Additions.h */,
				1FAD8E4E1C31780A00F63A24 /* UIView+Additions.m */,
				1FAD8E4F1C31780A00F63A24 /* VVeboLabel.h */,
				1FAD8E501C31780A00F63A24 /* VVeboLabel.m */,
			);
			path = Label;
			sourceTree = "<group>";
		};
		7B428D86190E914D00860E94 = {
			isa = PBXGroup;
			children = (
				7B428D98190E914D00860E94 /* 163pinglun */,
				7B428DB1190E914D00860E94 /* 163评论Tests */,
				7B428D91190E914D00860E94 /* Frameworks */,
				7B428D90190E914D00860E94 /* Products */,
			);
			sourceTree = "<group>";
		};
		7B428D90190E914D00860E94 /* Products */ = {
			isa = PBXGroup;
			children = (
				7B428D8F190E914D00860E94 /* 163pinglun.app */,
			);
			name = Products;
			sourceTree = "<group>";
		};
		7B428D91190E914D00860E94 /* Frameworks */ = {
			isa = PBXGroup;
			children = (
				1F6C79AD1C4FDF6F00CCA019 /* CoreText.framework */,
				1F6C79AB1C4FDDD600CCA019 /* ImageIO.framework */,
				1F6C79A91C4FDDCD00CCA019 /* QuartzCore.framework */,
				7BEBD4F61996009C000F5028 /* libz.dylib */,
				7BEBD4F41996008C000F5028 /* libstdc++.dylib */,
				7BEBD4F219960079000F5028 /* CoreTelephony.framework */,
				7BEBD4F01996006B000F5028 /* libsqlite3.dylib */,
				7BEBD4EE19960057000F5028 /* SystemConfiguration.framework */,
				7BEBD4EC1996003F000F5028 /* libiconv.dylib */,
				7BEBD4EA19960029000F5028 /* Security.framework */,
				7BEBD4E81995FFC5000F5028 /* TencentOpenAPI.framework */,
				7B723003197D5CF700CA7DBB /* CoreData.framework */,
				7B428D92190E914D00860E94 /* Foundation.framework */,
				7B428D94190E914D00860E94 /* CoreGraphics.framework */,
				7B428D96190E914D00860E94 /* UIKit.framework */,
				7B428DAB190E914D00860E94 /* XCTest.framework */,
			);
			name = Frameworks;
			sourceTree = "<group>";
		};
		7B428D98190E914D00860E94 /* 163pinglun */ = {
			isa = PBXGroup;
			children = (
				1F3DF20D1C25464E00DC8F07 /* Controller */,
				1F3DF1E31C2542B100DC8F07 /* Model */,
				1F3DF0B31C25423100DC8F07 /* View */,
				1F3DF0B61C25423100DC8F07 /* Util */,
				1F3DF10A1C25423200DC8F07 /* Network */,
				1F3DF14C1C25423200DC8F07 /* Category */,
				1F3DF1571C25423200DC8F07 /* Base */,
				1F3DF15D1C25423200DC8F07 /* MacroDefinition.h */,
				7B428DC8190E9F4E00860E94 /* AppDelegate */,
				7B428DA4190E914D00860E94 /* Images.xcassets */,
				7B428D99190E914D00860E94 /* Supporting Files */,
				7B3C92FD1A3B349A0089D7AD /* Launch Screen.xib */,
			);
			name = 163pinglun;
			path = "163评论";
			sourceTree = "<group>";
		};
		7B428D99190E914D00860E94 /* Supporting Files */ = {
			isa = PBXGroup;
			children = (
				1F0AF42D1C26CAB200738551 /* Resource */,
				7B428D9A190E914D00860E94 /* 163评论-Info.plist */,
				7B428D9B190E914D00860E94 /* InfoPlist.strings */,
				7B428D9E190E914D00860E94 /* main.m */,
			);
			name = "Supporting Files";
			sourceTree = "<group>";
		};
		7B428DB1190E914D00860E94 /* 163评论Tests */ = {
			isa = PBXGroup;
			children = (
				7B48EA47191253BB0051C095 /* TagStoreTest.m */,
				7B428DB7190E914D00860E94 /* _63__Tests.m */,
				7B428DB2190E914D00860E94 /* Supporting Files */,
			);
			path = "163评论Tests";
			sourceTree = "<group>";
		};
		7B428DB2190E914D00860E94 /* Supporting Files */ = {
			isa = PBXGroup;
			children = (
				7B428DB3190E914D00860E94 /* 163评论Tests-Info.plist */,
				7B428DB4190E914D00860E94 /* InfoPlist.strings */,
			);
			name = "Supporting Files";
			sourceTree = "<group>";
		};
		7B428DC8190E9F4E00860E94 /* AppDelegate */ = {
			isa = PBXGroup;
			children = (
				7B428DA1190E914D00860E94 /* AppDelegate.h */,
				7B68872419AB7AAD004997CC /* AppDelegate.m */,
			);
			name = AppDelegate;
			sourceTree = "<group>";
		};
/* End PBXGroup section */

/* Begin PBXNativeTarget section */
		7B428D8E190E914D00860E94 /* 163pinglun */ = {
			isa = PBXNativeTarget;
			buildConfigurationList = 7B428DBB190E914D00860E94 /* Build configuration list for PBXNativeTarget "163pinglun" */;
			buildPhases = (
				7B428D8B190E914D00860E94 /* Sources */,
				7B428D8C190E914D00860E94 /* Frameworks */,
				7B428D8D190E914D00860E94 /* Resources */,
			);
			buildRules = (
			);
			dependencies = (
			);
			name = 163pinglun;
			productName = "163评论";
			productReference = 7B428D8F190E914D00860E94 /* 163pinglun.app */;
			productType = "com.apple.product-type.application";
		};
/* End PBXNativeTarget section */

/* Begin PBXProject section */
		7B428D87190E914D00860E94 /* Project object */ = {
			isa = PBXProject;
			attributes = {
				LastUpgradeCheck = 0700;
				ORGANIZATIONNAME = zhaofuqiang;
				TargetAttributes = {
					7B428D8E190E914D00860E94 = {
						DevelopmentTeam = GSREPL66WM;
						SystemCapabilities = {
							com.apple.Maps.iOS = {
								enabled = 0;
							};
						};
					};
				};
			};
			buildConfigurationList = 7B428D8A190E914D00860E94 /* Build configuration list for PBXProject "163pinglun" */;
			compatibilityVersion = "Xcode 3.2";
			developmentRegion = English;
			hasScannedForEncodings = 0;
			knownRegions = (
				en,
			);
			mainGroup = 7B428D86190E914D00860E94;
			productRefGroup = 7B428D90190E914D00860E94 /* Products */;
			projectDirPath = "";
			projectRoot = "";
			targets = (
				7B428D8E190E914D00860E94 /* 163pinglun */,
			);
		};
/* End PBXProject section */

/* Begin PBXResourcesBuildPhase section */
		7B428D8D190E914D00860E94 /* Resources */ = {
			isa = PBXResourcesBuildPhase;
			buildActionMask = 2147483647;
			files = (
				1F3DF2641C254C9E00DC8F07 /* MJRefresh.bundle in Resources */,
				1F3DF23E1C25464E00DC8F07 /* RandomPostCell.xib in Resources */,
				7B428D9D190E914D00860E94 /* InfoPlist.strings in Resources */,
				1F3DF2401C25464E00DC8F07 /* RandomPostViewController.xib in Resources */,
				1F0AF43D1C26CAB200738551 /* tagColor.plist in Resources */,
				1F3DF23A1C25464E00DC8F07 /* HomeViewController.xib in Resources */,
				1F0AF4391C26CAB200738551 /* post.json in Resources */,
				1F0AF4381C26CAB200738551 /* comment1.json in Resources */,
				1F3DF23C1C25464E00DC8F07 /* PostCell.xib in Resources */,
				7B428DA5190E914D00860E94 /* Images.xcassets in Resources */,
				1F7647651D4358CA0070F5A7 /* WeiboSDK.bundle in Resources */,
				1F0AF43A1C26CAB200738551 /* comment.bundle in Resources */,
				1F3DF2441C25464E00DC8F07 /* TestShareControllerViewController.xib in Resources */,
				1F3DF2371C25464E00DC8F07 /* CommViewController.xib in Resources */,
				1F6FECF01D40E4E70059DCA9 /* CommentV3.json in Resources */,
				1F3DF17B1C25423200DC8F07 /* TencentOpenApi_IOS_Bundle.bundle in Resources */,
				1F3DF1A71C25423200DC8F07 /* FQBaseViewController.xib in Resources */,
				1F0AF43C1C26CAB200738551 /* setting.plist in Resources */,
				1F7E33A71C47BA3A0063F941 /* comment2.json in Resources */,
				7B3C92FE1A3B349A0089D7AD /* Launch Screen.xib in Resources */,
			);
			runOnlyForDeploymentPostprocessing = 0;
		};
/* End PBXResourcesBuildPhase section */

/* Begin PBXSourcesBuildPhase section */
		7B428D8B190E914D00860E94 /* Sources */ = {
			isa = PBXSourcesBuildPhase;
			buildActionMask = 2147483647;
			files = (
				1F36EFAF1D58204D00B25932 /* MASConstraint.m in Sources */,
				1FAA00501C5B06C1007A3853 /* PostViewModel.m in Sources */,
				1F3DF20A1C2542B100DC8F07 /* Tags.m in Sources */,
				1F3DF1861C25423200DC8F07 /* GeneralService.m in Sources */,
				1F3DF1791C25423200DC8F07 /* Reachability.m in Sources */,
				1F3DF1651C25423200DC8F07 /* FQCoreTextUtils.m in Sources */,
				1F3DF1671C25423200DC8F07 /* FQFrameParser.m in Sources */,
				1F7707361C461CAC00F7133F /* ZFQQueuePool.m in Sources */,
				1F1FBEA61C4D3BA20037A62E /* ZFQMenuObject.m in Sources */,
				1F3DF2431C25464E00DC8F07 /* TestShareControllerViewController.m in Sources */,
				7B68872519AB7AAD004997CC /* AppDelegate.m in Sources */,
				1F3DF17F1C25423200DC8F07 /* ShareView.m in Sources */,
				1F3DF1801C25423200DC8F07 /* SocialSharing.m in Sources */,
				1F3DF17E1C25423200DC8F07 /* ShareItem.m in Sources */,
				1F3DF2421C25464E00DC8F07 /* TagViewController.m in Sources */,
				1F36EFB31D58204D00B25932 /* MASViewConstraint.m in Sources */,
				1F3DF1A31C25423200DC8F07 /* UIButton+menuItem.m in Sources */,
				1F3DF1721C25423200DC8F07 /* MJRefreshConst.m in Sources */,
				1F3DF1811C25423200DC8F07 /* TagScrollView.m in Sources */,
				1F3DF1661C25423200DC8F07 /* FQDisplayView.m in Sources */,
				1F3DF1751C25423200DC8F07 /* UIScrollView+Extension.m in Sources */,
				1F3DF2381C25464E00DC8F07 /* FontSetViewController.m in Sources */,
				1F3DF1A41C25423200DC8F07 /* UIFont+Custom.m in Sources */,
				1F3DF1771C25423200DC8F07 /* UIView+Extension.m in Sources */,
				1F3DF1691C25423200DC8F07 /* MagnifierView.m in Sources */,
				1F429E781C52241F0008E9C9 /* NSString+Addition.m in Sources */,
				1F3DF2031C2542B100DC8F07 /* Contents.m in Sources */,
				1F3DF2081C2542B100DC8F07 /* RandomPosts.m in Sources */,
				1F3DF16F1C25423200DC8F07 /* MenuView.m in Sources */,
				1F3DF1781C25423200DC8F07 /* MLBlackTransition.m in Sources */,
				1F74C7A01C4894B2005D74B9 /* CommCell5.m in Sources */,
				1F3DF2391C25464E00DC8F07 /* HomeViewController.m in Sources */,
				1F3DF23D1C25464E00DC8F07 /* RandomPostCell.m in Sources */,
				1F3DF1711C25423200DC8F07 /* MJRefreshBaseView.m in Sources */,
				1F3DF1821C25423200DC8F07 /* TagView.m in Sources */,
				1F36EFB51D58204D00B25932 /* NSLayoutConstraint+MASDebugAdditions.m in Sources */,
				7B428D9F190E914D00860E94 /* main.m in Sources */,
				1F3DF2011C2542B100DC8F07 /* Author.m in Sources */,
				1F3DF1741C25423200DC8F07 /* MJRefreshHeaderView.m in Sources */,
				1F3DF23F1C25464E00DC8F07 /* RandomPostViewController.m in Sources */,
				1F3DF1A11C25423200DC8F07 /* NSError+networkMsg.m in Sources */,
				1F36EF921D581EB800B25932 /* ZFQSliderNumLayer.m in Sources */,
				1F3DF1641C25423200DC8F07 /* FQCoreTextLinkData.m in Sources */,
				1F3DF1621C25423200DC8F07 /* FQCoreTextData.m in Sources */,
				1F36EFB01D58204D00B25932 /* MASConstraintMaker.m in Sources */,
				1F3DF16E1C25423200DC8F07 /* MenuItemView.m in Sources */,
				1F3DF2021C2542B100DC8F07 /* Content.m in Sources */,
				1F3DF1851C25423200DC8F07 /* FQConnection.m in Sources */,
				1FAD8E511C31780A00F63A24 /* UIView+Additions.m in Sources */,
				1F3DF2041C2542B100DC8F07 /* ItemStore.m in Sources */,
				1F3DF1A81C25423200DC8F07 /* FQNavigationController.m in Sources */,
				1F36EFB41D58204D00B25932 /* NSArray+MASAdditions.m in Sources */,
				1F3DF1731C25423200DC8F07 /* MJRefreshFooterView.m in Sources */,
				1F3DF1831C25423200DC8F07 /* TOMSimpleLinkLabel.m in Sources */,
				1F3DF2061C2542B100DC8F07 /* Posts.m in Sources */,
				1FAD8E521C31780A00F63A24 /* VVeboLabel.m in Sources */,
				1F36EF911D581EB800B25932 /* ZFQSliderControl.m in Sources */,
				1F3DF1A61C25423200DC8F07 /* FQBaseViewController.m in Sources */,
				1F3DF1611C25423200DC8F07 /* PlaceholderView.m in Sources */,
				1F3DF1A21C25423200DC8F07 /* NSString+html.m in Sources */,
				1F3DF1A51C25423200DC8F07 /* UITableView+SmoothMove.m in Sources */,
				1F36EFB11D58204D00B25932 /* MASLayoutConstraint.m in Sources */,
				1F3DF16D1C25423200DC8F07 /* MenuItem.m in Sources */,
				1F7647541D4332A60070F5A7 /* UIImage+REFrostedViewController.m in Sources */,
				1F36EFB21D58204D00B25932 /* MASViewAttribute.m in Sources */,
				1F3DF1841C25423200DC8F07 /* ZFQFPSView.m in Sources */,
				1F3DF2361C25464E00DC8F07 /* CommViewController.m in Sources */,
				1F3DF16A1C25423200DC8F07 /* UIView+FrameAdjust.m in Sources */,
				1F3DF1761C25423200DC8F07 /* UIScrollView+MJRefresh.m in Sources */,
				1F3DF2001C2542B100DC8F07 /* 163pinglun.xcdatamodeld in Sources */,
				1F7647551D4332A60070F5A7 /* ZFQHUD.m in Sources */,
				1F36EFB61D58204D00B25932 /* View+MASAdditions.m in Sources */,
				1F36EFAE1D58204D00B25932 /* MASCompositeConstraint.m in Sources */,
				1F3DF2051C2542B100DC8F07 /* Post.m in Sources */,
				1F36EFB71D58204D00B25932 /* ViewController+MASAdditions.m in Sources */,
				1F3DF1631C25423200DC8F07 /* FQCoreTextImageData.m in Sources */,
				1F3DF2071C2542B100DC8F07 /* RandomPost.m in Sources */,
				1F3DF2091C2542B100DC8F07 /* Tag.m in Sources */,
				1F3DF1681C25423200DC8F07 /* FQFrameParserConfig.m in Sources */,
				1F3DF2411C25464E00DC8F07 /* SettingViewController.m in Sources */,
				1F3DF16B1C25423200DC8F07 /* GTMNSString+HTML.m in Sources */,
				1F3DF23B1C25464E00DC8F07 /* PostCell.m in Sources */,
				1F429E6E1C5103F30008E9C9 /* UIImage+Content.m in Sources */,
				1F36EF931D581EB800B25932 /* ZFQTumbLayer.m in Sources */,
			);
			runOnlyForDeploymentPostprocessing = 0;
		};
/* End PBXSourcesBuildPhase section */

/* Begin PBXVariantGroup section */
		7B428D9B190E914D00860E94 /* InfoPlist.strings */ = {
			isa = PBXVariantGroup;
			children = (
				7B428D9C190E914D00860E94 /* en */,
			);
			name = InfoPlist.strings;
			sourceTree = "<group>";
		};
		7B428DB4190E914D00860E94 /* InfoPlist.strings */ = {
			isa = PBXVariantGroup;
			children = (
				7B428DB5190E914D00860E94 /* en */,
			);
			name = InfoPlist.strings;
			sourceTree = "<group>";
		};
/* End PBXVariantGroup section */

/* Begin XCBuildConfiguration section */
		7B428DB9190E914D00860E94 /* Debug */ = {
			isa = XCBuildConfiguration;
			buildSettings = {
				ALWAYS_SEARCH_USER_PATHS = NO;
				CLANG_CXX_LANGUAGE_STANDARD = "gnu++0x";
				CLANG_CXX_LIBRARY = "libc++";
				CLANG_ENABLE_MODULES = YES;
				CLANG_ENABLE_OBJC_ARC = YES;
				CLANG_WARN_BOOL_CONVERSION = YES;
				CLANG_WARN_CONSTANT_CONVERSION = YES;
				CLANG_WARN_DIRECT_OBJC_ISA_USAGE = YES_ERROR;
				CLANG_WARN_EMPTY_BODY = YES;
				CLANG_WARN_ENUM_CONVERSION = YES;
				CLANG_WARN_INT_CONVERSION = YES;
				CLANG_WARN_OBJC_ROOT_CLASS = YES_ERROR;
				CLANG_WARN__DUPLICATE_METHOD_MATCH = YES;
				CODE_SIGN_IDENTITY = "iPhone Developer";
				"CODE_SIGN_IDENTITY[sdk=*]" = "";
				COPY_PHASE_STRIP = NO;
				ENABLE_TESTABILITY = YES;
				GCC_C_LANGUAGE_STANDARD = gnu99;
				GCC_DYNAMIC_NO_PIC = NO;
				GCC_OPTIMIZATION_LEVEL = 0;
				GCC_PREPROCESSOR_DEFINITIONS = (
					"DEBUG=1",
					"$(inherited)",
				);
				GCC_SYMBOLS_PRIVATE_EXTERN = NO;
				GCC_WARN_64_TO_32_BIT_CONVERSION = YES;
				GCC_WARN_ABOUT_RETURN_TYPE = YES_ERROR;
				GCC_WARN_UNDECLARED_SELECTOR = YES;
				GCC_WARN_UNINITIALIZED_AUTOS = YES_AGGRESSIVE;
				GCC_WARN_UNUSED_FUNCTION = YES;
				GCC_WARN_UNUSED_VARIABLE = YES;
				IPHONEOS_DEPLOYMENT_TARGET = 7.0;
				ONLY_ACTIVE_ARCH = YES;
				PROVISIONING_PROFILE = "";
				SDKROOT = iphoneos;
			};
			name = Debug;
		};
		7B428DBA190E914D00860E94 /* Release */ = {
			isa = XCBuildConfiguration;
			buildSettings = {
				ALWAYS_SEARCH_USER_PATHS = NO;
				CLANG_CXX_LANGUAGE_STANDARD = "gnu++0x";
				CLANG_CXX_LIBRARY = "libc++";
				CLANG_ENABLE_MODULES = YES;
				CLANG_ENABLE_OBJC_ARC = YES;
				CLANG_WARN_BOOL_CONVERSION = YES;
				CLANG_WARN_CONSTANT_CONVERSION = YES;
				CLANG_WARN_DIRECT_OBJC_ISA_USAGE = YES_ERROR;
				CLANG_WARN_EMPTY_BODY = YES;
				CLANG_WARN_ENUM_CONVERSION = YES;
				CLANG_WARN_INT_CONVERSION = YES;
				CLANG_WARN_OBJC_ROOT_CLASS = YES_ERROR;
				CLANG_WARN__DUPLICATE_METHOD_MATCH = YES;
				"CODE_SIGN_IDENTITY[sdk=iphoneos*]" = "iPhone Developer";
				COPY_PHASE_STRIP = YES;
				ENABLE_NS_ASSERTIONS = NO;
				GCC_C_LANGUAGE_STANDARD = gnu99;
				GCC_WARN_64_TO_32_BIT_CONVERSION = YES;
				GCC_WARN_ABOUT_RETURN_TYPE = YES_ERROR;
				GCC_WARN_UNDECLARED_SELECTOR = YES;
				GCC_WARN_UNINITIALIZED_AUTOS = YES_AGGRESSIVE;
				GCC_WARN_UNUSED_FUNCTION = YES;
				GCC_WARN_UNUSED_VARIABLE = YES;
				IPHONEOS_DEPLOYMENT_TARGET = 7.0;
				PROVISIONING_PROFILE = "";
				SDKROOT = iphoneos;
				VALIDATE_PRODUCT = YES;
			};
			name = Release;
		};
		7B428DBC190E914D00860E94 /* Debug */ = {
			isa = XCBuildConfiguration;
			buildSettings = {
				ASSETCATALOG_COMPILER_APPICON_NAME = AppIcon;
				ASSETCATALOG_COMPILER_LAUNCHIMAGE_NAME = LaunchImage;
				CODE_SIGN_IDENTITY = "iPhone Developer";
				"CODE_SIGN_IDENTITY[sdk=iphoneos*]" = "iPhone Developer";
				ENABLE_BITCODE = NO;
				FRAMEWORK_SEARCH_PATHS = (
					"$(inherited)",
					"$(PROJECT_DIR)/163评论/Util/SocialSharing/SDK/qq/qq",
				);
				GCC_PRECOMPILE_PREFIX_HEADER = NO;
				INFOPLIST_FILE = "163评论/163评论-Info.plist";
				IPHONEOS_DEPLOYMENT_TARGET = 7.0;
				LIBRARY_SEARCH_PATHS = (
					"$(inherited)",
					"$(PROJECT_DIR)/163评论/Util/SocialSharing/SDK/weibo/libWeiboSDK",
				);
				ONLY_ACTIVE_ARCH = YES;
				OTHER_LDFLAGS = "-all_load";
				PRODUCT_BUNDLE_IDENTIFIER = com.zfq.163pinglun;
				PRODUCT_NAME = 163pinglun;
				PROVISIONING_PROFILE = "";
				WRAPPER_EXTENSION = app;
			};
			name = Debug;
		};
		7B428DBD190E914D00860E94 /* Release */ = {
			isa = XCBuildConfiguration;
			buildSettings = {
				ASSETCATALOG_COMPILER_APPICON_NAME = AppIcon;
				ASSETCATALOG_COMPILER_LAUNCHIMAGE_NAME = LaunchImage;
				CODE_SIGN_IDENTITY = "iPhone Developer";
				"CODE_SIGN_IDENTITY[sdk=iphoneos*]" = "iPhone Developer";
				ENABLE_BITCODE = NO;
				FRAMEWORK_SEARCH_PATHS = (
					"$(inherited)",
					"$(PROJECT_DIR)/163评论/Util/SocialSharing/SDK/qq/qq",
				);
				GCC_PRECOMPILE_PREFIX_HEADER = NO;
				INFOPLIST_FILE = "163评论/163评论-Info.plist";
				IPHONEOS_DEPLOYMENT_TARGET = 7.0;
				LIBRARY_SEARCH_PATHS = (
					"$(inherited)",
					"$(PROJECT_DIR)/163评论/Util/SocialSharing/SDK/weibo/libWeiboSDK",
				);
				ONLY_ACTIVE_ARCH = NO;
				OTHER_LDFLAGS = "-all_load";
				PRODUCT_BUNDLE_IDENTIFIER = com.zfq.163pinglun;
				PRODUCT_NAME = 163pinglun;
				PROVISIONING_PROFILE = "";
				WRAPPER_EXTENSION = app;
			};
			name = Release;
		};
/* End XCBuildConfiguration section */

/* Begin XCConfigurationList section */
		7B428D8A190E914D00860E94 /* Build configuration list for PBXProject "163pinglun" */ = {
			isa = XCConfigurationList;
			buildConfigurations = (
				7B428DB9190E914D00860E94 /* Debug */,
				7B428DBA190E914D00860E94 /* Release */,
			);
			defaultConfigurationIsVisible = 0;
			defaultConfigurationName = Release;
		};
		7B428DBB190E914D00860E94 /* Build configuration list for PBXNativeTarget "163pinglun" */ = {
			isa = XCConfigurationList;
			buildConfigurations = (
				7B428DBC190E914D00860E94 /* Debug */,
				7B428DBD190E914D00860E94 /* Release */,
			);
			defaultConfigurationIsVisible = 0;
			defaultConfigurationName = Release;
		};
/* End XCConfigurationList section */

/* Begin XCVersionGroup section */
		1F3DF1E41C2542B100DC8F07 /* 163pinglun.xcdatamodeld */ = {
			isa = XCVersionGroup;
			children = (
				1F3DF1E51C2542B100DC8F07 /* 163pinglun.xcdatamodel */,
			);
			currentVersion = 1F3DF1E51C2542B100DC8F07 /* 163pinglun.xcdatamodel */;
			path = 163pinglun.xcdatamodeld;
			sourceTree = "<group>";
			versionGroupType = wrapper.xcdatamodel;
		};
/* End XCVersionGroup section */
	};
	rootObject = 7B428D87190E914D00860E94 /* Project object */;
}
