// !$*UTF8*$!
{
	archiveVersion = 1;
	classes = {
	};
	objectVersion = 46;
	objects = {

/* Begin PBXBuildFile section */
		7B130CBC19BF3A3000BC96EB /* NSString+html.m in Sources */ = {isa = PBXBuildFile; fileRef = 7B130CBB19BF3A3000BC96EB /* NSString+html.m */; };
		7B13386B1912027600D97902 /* FQConnection.m in Sources */ = {isa = PBXBuildFile; fileRef = 7B13386A1912027600D97902 /* FQConnection.m */; };
		7B1BA1B4191FB64700669E2C /* comment.bundle in Resources */ = {isa = PBXBuildFile; fileRef = 7B1BA1B3191FB64700669E2C /* comment.bundle */; };
		7B21044919F4A0B000E76DEF /* setting.plist in Resources */ = {isa = PBXBuildFile; fileRef = 7B21044819F4A0B000E76DEF /* setting.plist */; };
		7B217EFA191A7B9F00AEE684 /* CommViewController.m in Sources */ = {isa = PBXBuildFile; fileRef = 7B217EF8191A7B9F00AEE684 /* CommViewController.m */; };
		7B217EFB191A7B9F00AEE684 /* CommViewController.xib in Resources */ = {isa = PBXBuildFile; fileRef = 7B217EF9191A7B9F00AEE684 /* CommViewController.xib */; };
		7B22A9D0191D2F41001943F3 /* Contents.m in Sources */ = {isa = PBXBuildFile; fileRef = 7B22A9CF191D2F41001943F3 /* Contents.m */; };
		7B24572B19F92E1C00A9DB6C /* TagViewController.m in Sources */ = {isa = PBXBuildFile; fileRef = 7B24572A19F92E1C00A9DB6C /* TagViewController.m */; };
		7B29B7F91991249300E91D0B /* libWeiboSDK.a in Frameworks */ = {isa = PBXBuildFile; fileRef = 7B29B7F61991249300E91D0B /* libWeiboSDK.a */; };
		7B29B7FA1991249300E91D0B /* WeiboSDK.bundle in Resources */ = {isa = PBXBuildFile; fileRef = 7B29B7F71991249300E91D0B /* WeiboSDK.bundle */; };
		7B300BD119CFE1C9008EACA6 /* UIButton+menuItem.m in Sources */ = {isa = PBXBuildFile; fileRef = 7B300BD019CFE1C9008EACA6 /* UIButton+menuItem.m */; };
		7B324F9219D4661A0079F7F8 /* NSError+networkMsg.m in Sources */ = {isa = PBXBuildFile; fileRef = 7B324F9119D4661A0079F7F8 /* NSError+networkMsg.m */; };
		7B366C4A19D071F600A22857 /* MenuItem.m in Sources */ = {isa = PBXBuildFile; fileRef = 7B366C4919D071F600A22857 /* MenuItem.m */; };
		7B366C4D19D0836B00A22857 /* MenuItemView.m in Sources */ = {isa = PBXBuildFile; fileRef = 7B366C4C19D0836B00A22857 /* MenuItemView.m */; };
		7B3C92FE1A3B349A0089D7AD /* Launch Screen.xib in Resources */ = {isa = PBXBuildFile; fileRef = 7B3C92FD1A3B349A0089D7AD /* Launch Screen.xib */; };
		7B3CA74D1A1A287700175E4B /* RandomPostViewController.xib in Resources */ = {isa = PBXBuildFile; fileRef = 7B3CA74C1A1A287700175E4B /* RandomPostViewController.xib */; };
		7B428D93190E914D00860E94 /* Foundation.framework in Frameworks */ = {isa = PBXBuildFile; fileRef = 7B428D92190E914D00860E94 /* Foundation.framework */; };
		7B428D95190E914D00860E94 /* CoreGraphics.framework in Frameworks */ = {isa = PBXBuildFile; fileRef = 7B428D94190E914D00860E94 /* CoreGraphics.framework */; };
		7B428D97190E914D00860E94 /* UIKit.framework in Frameworks */ = {isa = PBXBuildFile; fileRef = 7B428D96190E914D00860E94 /* UIKit.framework */; };
		7B428D9D190E914D00860E94 /* InfoPlist.strings in Resources */ = {isa = PBXBuildFile; fileRef = 7B428D9B190E914D00860E94 /* InfoPlist.strings */; };
		7B428D9F190E914D00860E94 /* main.m in Sources */ = {isa = PBXBuildFile; fileRef = 7B428D9E190E914D00860E94 /* main.m */; };
		7B428DA5190E914D00860E94 /* Images.xcassets in Resources */ = {isa = PBXBuildFile; fileRef = 7B428DA4190E914D00860E94 /* Images.xcassets */; };
		7B428DAC190E914D00860E94 /* XCTest.framework in Frameworks */ = {isa = PBXBuildFile; fileRef = 7B428DAB190E914D00860E94 /* XCTest.framework */; };
		7B428DAD190E914D00860E94 /* Foundation.framework in Frameworks */ = {isa = PBXBuildFile; fileRef = 7B428D92190E914D00860E94 /* Foundation.framework */; };
		7B428DAE190E914D00860E94 /* UIKit.framework in Frameworks */ = {isa = PBXBuildFile; fileRef = 7B428D96190E914D00860E94 /* UIKit.framework */; };
		7B428DB6190E914D00860E94 /* InfoPlist.strings in Resources */ = {isa = PBXBuildFile; fileRef = 7B428DB4190E914D00860E94 /* InfoPlist.strings */; };
		7B428DB8190E914D00860E94 /* _63__Tests.m in Sources */ = {isa = PBXBuildFile; fileRef = 7B428DB7190E914D00860E94 /* _63__Tests.m */; };
		7B428DCE190EA02F00860E94 /* ItemStore.m in Sources */ = {isa = PBXBuildFile; fileRef = 7B428DCD190EA02F00860E94 /* ItemStore.m */; };
		7B468B1E198C8A700061AB58 /* MJRefresh.bundle in Resources */ = {isa = PBXBuildFile; fileRef = 7B468B0E198C8A700061AB58 /* MJRefresh.bundle */; };
		7B468B1F198C8A700061AB58 /* MJRefreshBaseView.m in Sources */ = {isa = PBXBuildFile; fileRef = 7B468B11198C8A700061AB58 /* MJRefreshBaseView.m */; };
		7B468B20198C8A700061AB58 /* MJRefreshConst.m in Sources */ = {isa = PBXBuildFile; fileRef = 7B468B13198C8A700061AB58 /* MJRefreshConst.m */; };
		7B468B21198C8A700061AB58 /* MJRefreshFooterView.m in Sources */ = {isa = PBXBuildFile; fileRef = 7B468B15198C8A700061AB58 /* MJRefreshFooterView.m */; };
		7B468B22198C8A700061AB58 /* MJRefreshHeaderView.m in Sources */ = {isa = PBXBuildFile; fileRef = 7B468B17198C8A700061AB58 /* MJRefreshHeaderView.m */; };
		7B468B23198C8A700061AB58 /* UIScrollView+Extension.m in Sources */ = {isa = PBXBuildFile; fileRef = 7B468B19198C8A700061AB58 /* UIScrollView+Extension.m */; };
		7B468B24198C8A700061AB58 /* UIScrollView+MJRefresh.m in Sources */ = {isa = PBXBuildFile; fileRef = 7B468B1B198C8A700061AB58 /* UIScrollView+MJRefresh.m */; };
		7B468B25198C8A700061AB58 /* UIView+Extension.m in Sources */ = {isa = PBXBuildFile; fileRef = 7B468B1D198C8A700061AB58 /* UIView+Extension.m */; };
		7B48EA2E1912467C0051C095 /* Tags.m in Sources */ = {isa = PBXBuildFile; fileRef = 7B48EA2D1912467C0051C095 /* Tags.m */; };
		7B48EA36191251970051C095 /* XCTest.framework in Frameworks */ = {isa = PBXBuildFile; fileRef = 7B428DAB190E914D00860E94 /* XCTest.framework */; };
		7B48EA37191251970051C095 /* Foundation.framework in Frameworks */ = {isa = PBXBuildFile; fileRef = 7B428D92190E914D00860E94 /* Foundation.framework */; };
		7B48EA38191251970051C095 /* UIKit.framework in Frameworks */ = {isa = PBXBuildFile; fileRef = 7B428D96190E914D00860E94 /* UIKit.framework */; };
		7B48EA48191253BB0051C095 /* TagStoreTest.m in Sources */ = {isa = PBXBuildFile; fileRef = 7B48EA47191253BB0051C095 /* TagStoreTest.m */; };
		7B48EA4B19128FE10051C095 /* Posts.m in Sources */ = {isa = PBXBuildFile; fileRef = 7B48EA4A19128FE10051C095 /* Posts.m */; };
		7B4E392819B3175E00C6514A /* RandomPostViewController.m in Sources */ = {isa = PBXBuildFile; fileRef = 7B4E392719B3175E00C6514A /* RandomPostViewController.m */; };
		7B50FD891A1AF08200A36619 /* RandomPostCell.m in Sources */ = {isa = PBXBuildFile; fileRef = 7B50FD871A1AF08200A36619 /* RandomPostCell.m */; };
		7B50FD8A1A1AF08200A36619 /* RandomPostCell.xib in Resources */ = {isa = PBXBuildFile; fileRef = 7B50FD881A1AF08200A36619 /* RandomPostCell.xib */; };
		7B5D8EBB1A0BAA0B00F7757D /* PlaceholderView.m in Sources */ = {isa = PBXBuildFile; fileRef = 7B5D8EBA1A0BAA0B00F7757D /* PlaceholderView.m */; };
		7B63833E1A0643BB004017A0 /* ShareView.m in Sources */ = {isa = PBXBuildFile; fileRef = 7B63833B1A0643BB004017A0 /* ShareView.m */; };
		7B63833F1A0643BB004017A0 /* ShareItem.m in Sources */ = {isa = PBXBuildFile; fileRef = 7B63833D1A0643BB004017A0 /* ShareItem.m */; };
		7B6383401A0655E3004017A0 /* TencentOpenAPI.framework in Frameworks */ = {isa = PBXBuildFile; fileRef = 7BEBD4E81995FFC5000F5028 /* TencentOpenAPI.framework */; };
		7B6383441A065D7C004017A0 /* TencentOpenApi_IOS_Bundle.bundle in Resources */ = {isa = PBXBuildFile; fileRef = 7B6383421A065D7C004017A0 /* TencentOpenApi_IOS_Bundle.bundle */; };
		7B68872519AB7AAD004997CC /* AppDelegate.m in Sources */ = {isa = PBXBuildFile; fileRef = 7B68872419AB7AAD004997CC /* AppDelegate.m */; };
		7B69D4FF19F40907009A7B61 /* SettingViewController.m in Sources */ = {isa = PBXBuildFile; fileRef = 7B69D4FE19F40907009A7B61 /* SettingViewController.m */; };
		7B722FED197D450800CA7DBB /* 163pinglun.xcdatamodeld in Sources */ = {isa = PBXBuildFile; fileRef = 7B722FEB197D450800CA7DBB /* 163pinglun.xcdatamodeld */; };
		7B723002197D51F400CA7DBB /* Tag.m in Sources */ = {isa = PBXBuildFile; fileRef = 7B723001197D51F400CA7DBB /* Tag.m */; };
		7B723004197D5CF700CA7DBB /* CoreData.framework in Frameworks */ = {isa = PBXBuildFile; fileRef = 7B723003197D5CF700CA7DBB /* CoreData.framework */; };
		7B776CDC1A052C82001E1B15 /* UITableView+SmoothMove.m in Sources */ = {isa = PBXBuildFile; fileRef = 7B776CDB1A052C82001E1B15 /* UITableView+SmoothMove.m */; };
		7B776CDF1A053025001E1B15 /* SocialSharing.m in Sources */ = {isa = PBXBuildFile; fileRef = 7B776CDE1A053025001E1B15 /* SocialSharing.m */; };
		7B9309AD19AA2D8600DE46A0 /* CommCell.m in Sources */ = {isa = PBXBuildFile; fileRef = 7B9309AC19AA2D8600DE46A0 /* CommCell.m */; };
		7BA8580E1913E201002ADB85 /* Reachability.m in Sources */ = {isa = PBXBuildFile; fileRef = 7BA8580D1913E201002ADB85 /* Reachability.m */; };
		7BAB04CD198E7A650007DAF4 /* GTMNSString+HTML.m in Sources */ = {isa = PBXBuildFile; fileRef = 7BAB04CC198E7A650007DAF4 /* GTMNSString+HTML.m */; };
		7BABED3A196D8BA10075B850 /* GeneralService.m in Sources */ = {isa = PBXBuildFile; fileRef = 7BABED39196D8BA10075B850 /* GeneralService.m */; };
		7BAFE6FC19FF94B400A2914B /* TagView.m in Sources */ = {isa = PBXBuildFile; fileRef = 7BAFE6F919FF94B400A2914B /* TagView.m */; };
		7BAFE6FD19FF94B400A2914B /* TagScrollView.m in Sources */ = {isa = PBXBuildFile; fileRef = 7BAFE6FB19FF94B400A2914B /* TagScrollView.m */; };
		7BAFE70319FFA1B700A2914B /* tagColor.plist in Resources */ = {isa = PBXBuildFile; fileRef = 7BAFE70219FFA1B700A2914B /* tagColor.plist */; };
		7BAFF13219F557DC00E9EB62 /* FontSetViewController.m in Sources */ = {isa = PBXBuildFile; fileRef = 7BAFF13119F557DC00E9EB62 /* FontSetViewController.m */; };
		7BB0377319E5971600576838 /* FQBaseViewController.m in Sources */ = {isa = PBXBuildFile; fileRef = 7BB0377119E5971600576838 /* FQBaseViewController.m */; };
		7BB0377419E5971600576838 /* FQBaseViewController.xib in Resources */ = {isa = PBXBuildFile; fileRef = 7BB0377219E5971600576838 /* FQBaseViewController.xib */; };
		7BB0377A19E59B7200576838 /* FQNavigationController.m in Sources */ = {isa = PBXBuildFile; fileRef = 7BB0377919E59B7200576838 /* FQNavigationController.m */; };
		7BB1352E19829A8F00718C62 /* Author.m in Sources */ = {isa = PBXBuildFile; fileRef = 7BB1352919829A8F00718C62 /* Author.m */; };
		7BB1352F19829A8F00718C62 /* Content.m in Sources */ = {isa = PBXBuildFile; fileRef = 7BB1352B19829A8F00718C62 /* Content.m */; };
		7BB1353019829A8F00718C62 /* Post.m in Sources */ = {isa = PBXBuildFile; fileRef = 7BB1352D19829A8F00718C62 /* Post.m */; };
		7BB52F0419B4A45B00FA5D66 /* RandomPost.m in Sources */ = {isa = PBXBuildFile; fileRef = 7BB52F0319B4A45B00FA5D66 /* RandomPost.m */; };
		7BB52F0719B4AA0400FA5D66 /* RandomPosts.m in Sources */ = {isa = PBXBuildFile; fileRef = 7BB52F0619B4AA0400FA5D66 /* RandomPosts.m */; };
		7BD59EC219CF229B00A992EE /* MenuView.m in Sources */ = {isa = PBXBuildFile; fileRef = 7BD59EC119CF229B00A992EE /* MenuView.m */; };
		7BEB0D711970C48E00EBACC6 /* HomeViewController.m in Sources */ = {isa = PBXBuildFile; fileRef = 7BEB0D6F1970C48E00EBACC6 /* HomeViewController.m */; };
		7BEB0D721970C48E00EBACC6 /* HomeViewController.xib in Resources */ = {isa = PBXBuildFile; fileRef = 7BEB0D701970C48E00EBACC6 /* HomeViewController.xib */; };
		7BEB0D751970C77000EBACC6 /* PostCell.m in Sources */ = {isa = PBXBuildFile; fileRef = 7BEB0D741970C77000EBACC6 /* PostCell.m */; };
		7BEB0D771970C78D00EBACC6 /* PostCell.xib in Resources */ = {isa = PBXBuildFile; fileRef = 7BEB0D761970C78D00EBACC6 /* PostCell.xib */; };
		7BEBD4EB19960029000F5028 /* Security.framework in Frameworks */ = {isa = PBXBuildFile; fileRef = 7BEBD4EA19960029000F5028 /* Security.framework */; };
		7BEBD4ED1996003F000F5028 /* libiconv.dylib in Frameworks */ = {isa = PBXBuildFile; fileRef = 7BEBD4EC1996003F000F5028 /* libiconv.dylib */; };
		7BEBD4EF19960057000F5028 /* SystemConfiguration.framework in Frameworks */ = {isa = PBXBuildFile; fileRef = 7BEBD4EE19960057000F5028 /* SystemConfiguration.framework */; };
		7BEBD4F11996006B000F5028 /* libsqlite3.dylib in Frameworks */ = {isa = PBXBuildFile; fileRef = 7BEBD4F01996006B000F5028 /* libsqlite3.dylib */; };
		7BEBD4F319960079000F5028 /* CoreTelephony.framework in Frameworks */ = {isa = PBXBuildFile; fileRef = 7BEBD4F219960079000F5028 /* CoreTelephony.framework */; };
		7BEBD4F51996008C000F5028 /* libstdc++.dylib in Frameworks */ = {isa = PBXBuildFile; fileRef = 7BEBD4F41996008C000F5028 /* libstdc++.dylib */; };
		7BEBD4F71996009C000F5028 /* libz.dylib in Frameworks */ = {isa = PBXBuildFile; fileRef = 7BEBD4F61996009C000F5028 /* libz.dylib */; };
		7BFFE04F196EA05900F1A349 /* MBProgressHUD.m in Sources */ = {isa = PBXBuildFile; fileRef = 7BFFE04E196EA05900F1A349 /* MBProgressHUD.m */; settings = {COMPILER_FLAGS = "-fno-objc-arc"; }; };
		7BFFE054196EC1D400F1A349 /* MBProgressHUD.bundle in Resources */ = {isa = PBXBuildFile; fileRef = 7BFFE053196EC1D400F1A349 /* MBProgressHUD.bundle */; };
/* End PBXBuildFile section */

/* Begin PBXContainerItemProxy section */
		7B428DAF190E914D00860E94 /* PBXContainerItemProxy */ = {
			isa = PBXContainerItemProxy;
			containerPortal = 7B428D87190E914D00860E94 /* Project object */;
			proxyType = 1;
			remoteGlobalIDString = 7B428D8E190E914D00860E94;
			remoteInfo = "163评论";
		};
		7B48EA42191251970051C095 /* PBXContainerItemProxy */ = {
			isa = PBXContainerItemProxy;
			containerPortal = 7B428D87190E914D00860E94 /* Project object */;
			proxyType = 1;
			remoteGlobalIDString = 7B428D8E190E914D00860E94;
			remoteInfo = "163评论";
		};
/* End PBXContainerItemProxy section */

/* Begin PBXFileReference section */
		7B130CBA19BF3A3000BC96EB /* NSString+html.h */ = {isa = PBXFileReference; fileEncoding = 4; lastKnownFileType = sourcecode.c.h; path = "NSString+html.h"; sourceTree = "<group>"; };
		7B130CBB19BF3A3000BC96EB /* NSString+html.m */ = {isa = PBXFileReference; fileEncoding = 4; lastKnownFileType = sourcecode.c.objc; path = "NSString+html.m"; sourceTree = "<group>"; };
		7B1338691912027600D97902 /* FQConnection.h */ = {isa = PBXFileReference; fileEncoding = 4; lastKnownFileType = sourcecode.c.h; path = FQConnection.h; sourceTree = "<group>"; };
		7B13386A1912027600D97902 /* FQConnection.m */ = {isa = PBXFileReference; fileEncoding = 4; lastKnownFileType = sourcecode.c.objc; path = FQConnection.m; sourceTree = "<group>"; };
		7B13386C1912089400D97902 /* JSONSerializable.h */ = {isa = PBXFileReference; fileEncoding = 4; lastKnownFileType = sourcecode.c.h; path = JSONSerializable.h; sourceTree = "<group>"; };
		7B1BA1B3191FB64700669E2C /* comment.bundle */ = {isa = PBXFileReference; lastKnownFileType = "wrapper.plug-in"; path = comment.bundle; sourceTree = "<group>"; };
		7B21044819F4A0B000E76DEF /* setting.plist */ = {isa = PBXFileReference; fileEncoding = 4; lastKnownFileType = text.plist.xml; path = setting.plist; sourceTree = "<group>"; };
		7B217EF7191A7B9F00AEE684 /* CommViewController.h */ = {isa = PBXFileReference; fileEncoding = 4; lastKnownFileType = sourcecode.c.h; path = CommViewController.h; sourceTree = "<group>"; };
		7B217EF8191A7B9F00AEE684 /* CommViewController.m */ = {isa = PBXFileReference; fileEncoding = 4; lastKnownFileType = sourcecode.c.objc; path = CommViewController.m; sourceTree = "<group>"; };
		7B217EF9191A7B9F00AEE684 /* CommViewController.xib */ = {isa = PBXFileReference; fileEncoding = 4; lastKnownFileType = file.xib; path = CommViewController.xib; sourceTree = "<group>"; };
		7B22A9CE191D2F41001943F3 /* Contents.h */ = {isa = PBXFileReference; fileEncoding = 4; lastKnownFileType = sourcecode.c.h; path = Contents.h; sourceTree = "<group>"; };
		7B22A9CF191D2F41001943F3 /* Contents.m */ = {isa = PBXFileReference; fileEncoding = 4; lastKnownFileType = sourcecode.c.objc; path = Contents.m; sourceTree = "<group>"; };
		7B24572919F92E1C00A9DB6C /* TagViewController.h */ = {isa = PBXFileReference; fileEncoding = 4; lastKnownFileType = sourcecode.c.h; path = TagViewController.h; sourceTree = "<group>"; };
		7B24572A19F92E1C00A9DB6C /* TagViewController.m */ = {isa = PBXFileReference; fileEncoding = 4; lastKnownFileType = sourcecode.c.objc; path = TagViewController.m; sourceTree = "<group>"; };
		7B29B7F61991249300E91D0B /* libWeiboSDK.a */ = {isa = PBXFileReference; lastKnownFileType = archive.ar; path = libWeiboSDK.a; sourceTree = "<group>"; };
		7B29B7F71991249300E91D0B /* WeiboSDK.bundle */ = {isa = PBXFileReference; lastKnownFileType = "wrapper.plug-in"; path = WeiboSDK.bundle; sourceTree = "<group>"; };
		7B29B7F81991249300E91D0B /* WeiboSDK.h */ = {isa = PBXFileReference; fileEncoding = 4; lastKnownFileType = sourcecode.c.h; path = WeiboSDK.h; sourceTree = "<group>"; };
		7B300BCF19CFE1C9008EACA6 /* UIButton+menuItem.h */ = {isa = PBXFileReference; fileEncoding = 4; lastKnownFileType = sourcecode.c.h; path = "UIButton+menuItem.h"; sourceTree = "<group>"; };
		7B300BD019CFE1C9008EACA6 /* UIButton+menuItem.m */ = {isa = PBXFileReference; fileEncoding = 4; lastKnownFileType = sourcecode.c.objc; path = "UIButton+menuItem.m"; sourceTree = "<group>"; };
		7B324F9019D4661A0079F7F8 /* NSError+networkMsg.h */ = {isa = PBXFileReference; fileEncoding = 4; lastKnownFileType = sourcecode.c.h; path = "NSError+networkMsg.h"; sourceTree = "<group>"; };
		7B324F9119D4661A0079F7F8 /* NSError+networkMsg.m */ = {isa = PBXFileReference; fileEncoding = 4; lastKnownFileType = sourcecode.c.objc; path = "NSError+networkMsg.m"; sourceTree = "<group>"; };
		7B366C4819D071F600A22857 /* MenuItem.h */ = {isa = PBXFileReference; fileEncoding = 4; lastKnownFileType = sourcecode.c.h; path = MenuItem.h; sourceTree = "<group>"; };
		7B366C4919D071F600A22857 /* MenuItem.m */ = {isa = PBXFileReference; fileEncoding = 4; lastKnownFileType = sourcecode.c.objc; path = MenuItem.m; sourceTree = "<group>"; };
		7B366C4B19D0836B00A22857 /* MenuItemView.h */ = {isa = PBXFileReference; fileEncoding = 4; lastKnownFileType = sourcecode.c.h; path = MenuItemView.h; sourceTree = "<group>"; };
		7B366C4C19D0836B00A22857 /* MenuItemView.m */ = {isa = PBXFileReference; fileEncoding = 4; lastKnownFileType = sourcecode.c.objc; path = MenuItemView.m; sourceTree = "<group>"; };
		7B3C92FD1A3B349A0089D7AD /* Launch Screen.xib */ = {isa = PBXFileReference; fileEncoding = 4; lastKnownFileType = file.xib; path = "Launch Screen.xib"; sourceTree = "<group>"; };
		7B3CA74C1A1A287700175E4B /* RandomPostViewController.xib */ = {isa = PBXFileReference; fileEncoding = 4; lastKnownFileType = file.xib; path = RandomPostViewController.xib; sourceTree = "<group>"; };
		7B428D8F190E914D00860E94 /* 163评论.app */ = {isa = PBXFileReference; explicitFileType = wrapper.application; includeInIndex = 0; path = "163评论.app"; sourceTree = BUILT_PRODUCTS_DIR; };
		7B428D92190E914D00860E94 /* Foundation.framework */ = {isa = PBXFileReference; lastKnownFileType = wrapper.framework; name = Foundation.framework; path = System/Library/Frameworks/Foundation.framework; sourceTree = SDKROOT; };
		7B428D94190E914D00860E94 /* CoreGraphics.framework */ = {isa = PBXFileReference; lastKnownFileType = wrapper.framework; name = CoreGraphics.framework; path = System/Library/Frameworks/CoreGraphics.framework; sourceTree = SDKROOT; };
		7B428D96190E914D00860E94 /* UIKit.framework */ = {isa = PBXFileReference; lastKnownFileType = wrapper.framework; name = UIKit.framework; path = System/Library/Frameworks/UIKit.framework; sourceTree = SDKROOT; };
		7B428D9A190E914D00860E94 /* 163评论-Info.plist */ = {isa = PBXFileReference; lastKnownFileType = text.plist.xml; path = "163评论-Info.plist"; sourceTree = "<group>"; };
		7B428D9C190E914D00860E94 /* en */ = {isa = PBXFileReference; lastKnownFileType = text.plist.strings; name = en; path = en.lproj/InfoPlist.strings; sourceTree = "<group>"; };
		7B428D9E190E914D00860E94 /* main.m */ = {isa = PBXFileReference; lastKnownFileType = sourcecode.c.objc; path = main.m; sourceTree = "<group>"; };
		7B428DA0190E914D00860E94 /* 163评论-Prefix.pch */ = {isa = PBXFileReference; lastKnownFileType = sourcecode.c.h; path = "163评论-Prefix.pch"; sourceTree = "<group>"; };
		7B428DA1190E914D00860E94 /* AppDelegate.h */ = {isa = PBXFileReference; lastKnownFileType = sourcecode.c.h; path = AppDelegate.h; sourceTree = "<group>"; };
		7B428DA4190E914D00860E94 /* Images.xcassets */ = {isa = PBXFileReference; lastKnownFileType = folder.assetcatalog; path = Images.xcassets; sourceTree = "<group>"; };
		7B428DAA190E914D00860E94 /* 163评论Tests.xctest */ = {isa = PBXFileReference; explicitFileType = wrapper.cfbundle; includeInIndex = 0; path = "163评论Tests.xctest"; sourceTree = BUILT_PRODUCTS_DIR; };
		7B428DAB190E914D00860E94 /* XCTest.framework */ = {isa = PBXFileReference; lastKnownFileType = wrapper.framework; name = XCTest.framework; path = Library/Frameworks/XCTest.framework; sourceTree = DEVELOPER_DIR; };
		7B428DB3190E914D00860E94 /* 163评论Tests-Info.plist */ = {isa = PBXFileReference; lastKnownFileType = text.plist.xml; path = "163评论Tests-Info.plist"; sourceTree = "<group>"; };
		7B428DB5190E914D00860E94 /* en */ = {isa = PBXFileReference; lastKnownFileType = text.plist.strings; name = en; path = en.lproj/InfoPlist.strings; sourceTree = "<group>"; };
		7B428DB7190E914D00860E94 /* _63__Tests.m */ = {isa = PBXFileReference; lastKnownFileType = sourcecode.c.objc; path = _63__Tests.m; sourceTree = "<group>"; };
		7B428DCC190EA02F00860E94 /* ItemStore.h */ = {isa = PBXFileReference; fileEncoding = 4; lastKnownFileType = sourcecode.c.h; path = ItemStore.h; sourceTree = "<group>"; };
		7B428DCD190EA02F00860E94 /* ItemStore.m */ = {isa = PBXFileReference; fileEncoding = 4; lastKnownFileType = sourcecode.c.objc; path = ItemStore.m; sourceTree = "<group>"; };
		7B468B0E198C8A700061AB58 /* MJRefresh.bundle */ = {isa = PBXFileReference; lastKnownFileType = "wrapper.plug-in"; path = MJRefresh.bundle; sourceTree = "<group>"; };
		7B468B0F198C8A700061AB58 /* MJRefresh.h */ = {isa = PBXFileReference; fileEncoding = 4; lastKnownFileType = sourcecode.c.h; path = MJRefresh.h; sourceTree = "<group>"; };
		7B468B10198C8A700061AB58 /* MJRefreshBaseView.h */ = {isa = PBXFileReference; fileEncoding = 4; lastKnownFileType = sourcecode.c.h; path = MJRefreshBaseView.h; sourceTree = "<group>"; };
		7B468B11198C8A700061AB58 /* MJRefreshBaseView.m */ = {isa = PBXFileReference; fileEncoding = 4; lastKnownFileType = sourcecode.c.objc; path = MJRefreshBaseView.m; sourceTree = "<group>"; };
		7B468B12198C8A700061AB58 /* MJRefreshConst.h */ = {isa = PBXFileReference; fileEncoding = 4; lastKnownFileType = sourcecode.c.h; path = MJRefreshConst.h; sourceTree = "<group>"; };
		7B468B13198C8A700061AB58 /* MJRefreshConst.m */ = {isa = PBXFileReference; fileEncoding = 4; lastKnownFileType = sourcecode.c.objc; path = MJRefreshConst.m; sourceTree = "<group>"; };
		7B468B14198C8A700061AB58 /* MJRefreshFooterView.h */ = {isa = PBXFileReference; fileEncoding = 4; lastKnownFileType = sourcecode.c.h; path = MJRefreshFooterView.h; sourceTree = "<group>"; };
		7B468B15198C8A700061AB58 /* MJRefreshFooterView.m */ = {isa = PBXFileReference; fileEncoding = 4; lastKnownFileType = sourcecode.c.objc; path = MJRefreshFooterView.m; sourceTree = "<group>"; };
		7B468B16198C8A700061AB58 /* MJRefreshHeaderView.h */ = {isa = PBXFileReference; fileEncoding = 4; lastKnownFileType = sourcecode.c.h; path = MJRefreshHeaderView.h; sourceTree = "<group>"; };
		7B468B17198C8A700061AB58 /* MJRefreshHeaderView.m */ = {isa = PBXFileReference; fileEncoding = 4; lastKnownFileType = sourcecode.c.objc; path = MJRefreshHeaderView.m; sourceTree = "<group>"; };
		7B468B18198C8A700061AB58 /* UIScrollView+Extension.h */ = {isa = PBXFileReference; fileEncoding = 4; lastKnownFileType = sourcecode.c.h; path = "UIScrollView+Extension.h"; sourceTree = "<group>"; };
		7B468B19198C8A700061AB58 /* UIScrollView+Extension.m */ = {isa = PBXFileReference; fileEncoding = 4; lastKnownFileType = sourcecode.c.objc; path = "UIScrollView+Extension.m"; sourceTree = "<group>"; };
		7B468B1A198C8A700061AB58 /* UIScrollView+MJRefresh.h */ = {isa = PBXFileReference; fileEncoding = 4; lastKnownFileType = sourcecode.c.h; path = "UIScrollView+MJRefresh.h"; sourceTree = "<group>"; };
		7B468B1B198C8A700061AB58 /* UIScrollView+MJRefresh.m */ = {isa = PBXFileReference; fileEncoding = 4; lastKnownFileType = sourcecode.c.objc; path = "UIScrollView+MJRefresh.m"; sourceTree = "<group>"; };
		7B468B1C198C8A700061AB58 /* UIView+Extension.h */ = {isa = PBXFileReference; fileEncoding = 4; lastKnownFileType = sourcecode.c.h; path = "UIView+Extension.h"; sourceTree = "<group>"; };
		7B468B1D198C8A700061AB58 /* UIView+Extension.m */ = {isa = PBXFileReference; fileEncoding = 4; lastKnownFileType = sourcecode.c.objc; path = "UIView+Extension.m"; sourceTree = "<group>"; };
		7B48EA2C1912467C0051C095 /* Tags.h */ = {isa = PBXFileReference; fileEncoding = 4; lastKnownFileType = sourcecode.c.h; path = Tags.h; sourceTree = "<group>"; };
		7B48EA2D1912467C0051C095 /* Tags.m */ = {isa = PBXFileReference; fileEncoding = 4; lastKnownFileType = sourcecode.c.objc; path = Tags.m; sourceTree = "<group>"; };
		7B48EA35191251970051C095 /* 163评论 Tests.xctest */ = {isa = PBXFileReference; explicitFileType = wrapper.cfbundle; includeInIndex = 0; path = "163评论 Tests.xctest"; sourceTree = BUILT_PRODUCTS_DIR; };
		7B48EA47191253BB0051C095 /* TagStoreTest.m */ = {isa = PBXFileReference; fileEncoding = 4; lastKnownFileType = sourcecode.c.objc; path = TagStoreTest.m; sourceTree = "<group>"; };
		7B48EA4919128FE10051C095 /* Posts.h */ = {isa = PBXFileReference; fileEncoding = 4; lastKnownFileType = sourcecode.c.h; path = Posts.h; sourceTree = "<group>"; };
		7B48EA4A19128FE10051C095 /* Posts.m */ = {isa = PBXFileReference; fileEncoding = 4; lastKnownFileType = sourcecode.c.objc; path = Posts.m; sourceTree = "<group>"; };
		7B4E392619B3175E00C6514A /* RandomPostViewController.h */ = {isa = PBXFileReference; fileEncoding = 4; lastKnownFileType = sourcecode.c.h; path = RandomPostViewController.h; sourceTree = "<group>"; };
		7B4E392719B3175E00C6514A /* RandomPostViewController.m */ = {isa = PBXFileReference; fileEncoding = 4; lastKnownFileType = sourcecode.c.objc; path = RandomPostViewController.m; sourceTree = "<group>"; };
		7B50FD861A1AF08200A36619 /* RandomPostCell.h */ = {isa = PBXFileReference; fileEncoding = 4; lastKnownFileType = sourcecode.c.h; path = RandomPostCell.h; sourceTree = "<group>"; };
		7B50FD871A1AF08200A36619 /* RandomPostCell.m */ = {isa = PBXFileReference; fileEncoding = 4; lastKnownFileType = sourcecode.c.objc; path = RandomPostCell.m; sourceTree = "<group>"; };
		7B50FD881A1AF08200A36619 /* RandomPostCell.xib */ = {isa = PBXFileReference; fileEncoding = 4; lastKnownFileType = file.xib; path = RandomPostCell.xib; sourceTree = "<group>"; };
		7B5D8EB91A0BAA0B00F7757D /* PlaceholderView.h */ = {isa = PBXFileReference; fileEncoding = 4; lastKnownFileType = sourcecode.c.h; path = PlaceholderView.h; sourceTree = "<group>"; };
		7B5D8EBA1A0BAA0B00F7757D /* PlaceholderView.m */ = {isa = PBXFileReference; fileEncoding = 4; lastKnownFileType = sourcecode.c.objc; path = PlaceholderView.m; sourceTree = "<group>"; };
		7B63833A1A0643BB004017A0 /* ShareView.h */ = {isa = PBXFileReference; fileEncoding = 4; lastKnownFileType = sourcecode.c.h; path = ShareView.h; sourceTree = "<group>"; };
		7B63833B1A0643BB004017A0 /* ShareView.m */ = {isa = PBXFileReference; fileEncoding = 4; lastKnownFileType = sourcecode.c.objc; path = ShareView.m; sourceTree = "<group>"; };
		7B63833C1A0643BB004017A0 /* ShareItem.h */ = {isa = PBXFileReference; fileEncoding = 4; lastKnownFileType = sourcecode.c.h; path = ShareItem.h; sourceTree = "<group>"; };
		7B63833D1A0643BB004017A0 /* ShareItem.m */ = {isa = PBXFileReference; fileEncoding = 4; lastKnownFileType = sourcecode.c.objc; path = ShareItem.m; sourceTree = "<group>"; };
		7B6383421A065D7C004017A0 /* TencentOpenApi_IOS_Bundle.bundle */ = {isa = PBXFileReference; lastKnownFileType = "wrapper.plug-in"; path = TencentOpenApi_IOS_Bundle.bundle; sourceTree = "<group>"; };
		7B6383431A065D7C004017A0 /* TencentOpenAPI.framework */ = {isa = PBXFileReference; lastKnownFileType = wrapper.framework; path = TencentOpenAPI.framework; sourceTree = "<group>"; };
		7B68872419AB7AAD004997CC /* AppDelegate.m */ = {isa = PBXFileReference; fileEncoding = 4; lastKnownFileType = sourcecode.c.objc; path = AppDelegate.m; sourceTree = "<group>"; };
		7B69D4FD19F40907009A7B61 /* SettingViewController.h */ = {isa = PBXFileReference; fileEncoding = 4; lastKnownFileType = sourcecode.c.h; path = SettingViewController.h; sourceTree = "<group>"; };
		7B69D4FE19F40907009A7B61 /* SettingViewController.m */ = {isa = PBXFileReference; fileEncoding = 4; lastKnownFileType = sourcecode.c.objc; path = SettingViewController.m; sourceTree = "<group>"; };
		7B722FEC197D450800CA7DBB /* 163pinglun.xcdatamodel */ = {isa = PBXFileReference; lastKnownFileType = wrapper.xcdatamodel; path = 163pinglun.xcdatamodel; sourceTree = "<group>"; };
		7B723000197D51F400CA7DBB /* Tag.h */ = {isa = PBXFileReference; fileEncoding = 4; lastKnownFileType = sourcecode.c.h; path = Tag.h; sourceTree = "<group>"; };
		7B723001197D51F400CA7DBB /* Tag.m */ = {isa = PBXFileReference; fileEncoding = 4; lastKnownFileType = sourcecode.c.objc; path = Tag.m; sourceTree = "<group>"; };
		7B723003197D5CF700CA7DBB /* CoreData.framework */ = {isa = PBXFileReference; lastKnownFileType = wrapper.framework; name = CoreData.framework; path = System/Library/Frameworks/CoreData.framework; sourceTree = SDKROOT; };
		7B776CDA1A052C82001E1B15 /* UITableView+SmoothMove.h */ = {isa = PBXFileReference; fileEncoding = 4; lastKnownFileType = sourcecode.c.h; path = "UITableView+SmoothMove.h"; sourceTree = "<group>"; };
		7B776CDB1A052C82001E1B15 /* UITableView+SmoothMove.m */ = {isa = PBXFileReference; fileEncoding = 4; lastKnownFileType = sourcecode.c.objc; path = "UITableView+SmoothMove.m"; sourceTree = "<group>"; };
		7B776CDD1A053025001E1B15 /* SocialSharing.h */ = {isa = PBXFileReference; fileEncoding = 4; lastKnownFileType = sourcecode.c.h; path = SocialSharing.h; sourceTree = "<group>"; };
		7B776CDE1A053025001E1B15 /* SocialSharing.m */ = {isa = PBXFileReference; fileEncoding = 4; lastKnownFileType = sourcecode.c.objc; path = SocialSharing.m; sourceTree = "<group>"; };
		7B9309AB19AA2D8600DE46A0 /* CommCell.h */ = {isa = PBXFileReference; fileEncoding = 4; lastKnownFileType = sourcecode.c.h; path = CommCell.h; sourceTree = "<group>"; };
		7B9309AC19AA2D8600DE46A0 /* CommCell.m */ = {isa = PBXFileReference; fileEncoding = 4; lastKnownFileType = sourcecode.c.objc; path = CommCell.m; sourceTree = "<group>"; };
		7BA8580C1913E201002ADB85 /* Reachability.h */ = {isa = PBXFileReference; fileEncoding = 4; lastKnownFileType = sourcecode.c.h; path = Reachability.h; sourceTree = "<group>"; };
		7BA8580D1913E201002ADB85 /* Reachability.m */ = {isa = PBXFileReference; fileEncoding = 4; lastKnownFileType = sourcecode.c.objc; path = Reachability.m; sourceTree = "<group>"; };
		7BAB04CB198E7A650007DAF4 /* GTMNSString+HTML.h */ = {isa = PBXFileReference; fileEncoding = 4; lastKnownFileType = sourcecode.c.h; path = "GTMNSString+HTML.h"; sourceTree = "<group>"; };
		7BAB04CC198E7A650007DAF4 /* GTMNSString+HTML.m */ = {isa = PBXFileReference; fileEncoding = 4; lastKnownFileType = sourcecode.c.objc; path = "GTMNSString+HTML.m"; sourceTree = "<group>"; };
		7BABED37196D54D80075B850 /* MacroDefinition.h */ = {isa = PBXFileReference; fileEncoding = 4; lastKnownFileType = sourcecode.c.h; path = MacroDefinition.h; sourceTree = "<group>"; };
		7BABED38196D8BA10075B850 /* GeneralService.h */ = {isa = PBXFileReference; fileEncoding = 4; lastKnownFileType = sourcecode.c.h; path = GeneralService.h; sourceTree = "<group>"; };
		7BABED39196D8BA10075B850 /* GeneralService.m */ = {isa = PBXFileReference; fileEncoding = 4; lastKnownFileType = sourcecode.c.objc; path = GeneralService.m; sourceTree = "<group>"; };
		7BAFE6F819FF94B400A2914B /* TagView.h */ = {isa = PBXFileReference; fileEncoding = 4; lastKnownFileType = sourcecode.c.h; path = TagView.h; sourceTree = "<group>"; };
		7BAFE6F919FF94B400A2914B /* TagView.m */ = {isa = PBXFileReference; fileEncoding = 4; lastKnownFileType = sourcecode.c.objc; path = TagView.m; sourceTree = "<group>"; };
		7BAFE6FA19FF94B400A2914B /* TagScrollView.h */ = {isa = PBXFileReference; fileEncoding = 4; lastKnownFileType = sourcecode.c.h; path = TagScrollView.h; sourceTree = "<group>"; };
		7BAFE6FB19FF94B400A2914B /* TagScrollView.m */ = {isa = PBXFileReference; fileEncoding = 4; lastKnownFileType = sourcecode.c.objc; path = TagScrollView.m; sourceTree = "<group>"; };
		7BAFE70219FFA1B700A2914B /* tagColor.plist */ = {isa = PBXFileReference; fileEncoding = 4; lastKnownFileType = text.plist.xml; path = tagColor.plist; sourceTree = "<group>"; };
		7BAFF13019F557DC00E9EB62 /* FontSetViewController.h */ = {isa = PBXFileReference; fileEncoding = 4; lastKnownFileType = sourcecode.c.h; path = FontSetViewController.h; sourceTree = "<group>"; };
		7BAFF13119F557DC00E9EB62 /* FontSetViewController.m */ = {isa = PBXFileReference; fileEncoding = 4; lastKnownFileType = sourcecode.c.objc; path = FontSetViewController.m; sourceTree = "<group>"; };
		7BB0377019E5971600576838 /* FQBaseViewController.h */ = {isa = PBXFileReference; fileEncoding = 4; lastKnownFileType = sourcecode.c.h; path = FQBaseViewController.h; sourceTree = "<group>"; };
		7BB0377119E5971600576838 /* FQBaseViewController.m */ = {isa = PBXFileReference; fileEncoding = 4; lastKnownFileType = sourcecode.c.objc; path = FQBaseViewController.m; sourceTree = "<group>"; };
		7BB0377219E5971600576838 /* FQBaseViewController.xib */ = {isa = PBXFileReference; fileEncoding = 4; lastKnownFileType = file.xib; path = FQBaseViewController.xib; sourceTree = "<group>"; };
		7BB0377819E59B7200576838 /* FQNavigationController.h */ = {isa = PBXFileReference; fileEncoding = 4; lastKnownFileType = sourcecode.c.h; path = FQNavigationController.h; sourceTree = "<group>"; };
		7BB0377919E59B7200576838 /* FQNavigationController.m */ = {isa = PBXFileReference; fileEncoding = 4; lastKnownFileType = sourcecode.c.objc; path = FQNavigationController.m; sourceTree = "<group>"; };
		7BB1352819829A8F00718C62 /* Author.h */ = {isa = PBXFileReference; fileEncoding = 4; lastKnownFileType = sourcecode.c.h; path = Author.h; sourceTree = "<group>"; };
		7BB1352919829A8F00718C62 /* Author.m */ = {isa = PBXFileReference; fileEncoding = 4; lastKnownFileType = sourcecode.c.objc; path = Author.m; sourceTree = "<group>"; };
		7BB1352A19829A8F00718C62 /* Content.h */ = {isa = PBXFileReference; fileEncoding = 4; lastKnownFileType = sourcecode.c.h; path = Content.h; sourceTree = "<group>"; };
		7BB1352B19829A8F00718C62 /* Content.m */ = {isa = PBXFileReference; fileEncoding = 4; lastKnownFileType = sourcecode.c.objc; path = Content.m; sourceTree = "<group>"; };
		7BB1352C19829A8F00718C62 /* Post.h */ = {isa = PBXFileReference; fileEncoding = 4; lastKnownFileType = sourcecode.c.h; path = Post.h; sourceTree = "<group>"; };
		7BB1352D19829A8F00718C62 /* Post.m */ = {isa = PBXFileReference; fileEncoding = 4; lastKnownFileType = sourcecode.c.objc; path = Post.m; sourceTree = "<group>"; };
		7BB52F0219B4A45B00FA5D66 /* RandomPost.h */ = {isa = PBXFileReference; fileEncoding = 4; lastKnownFileType = sourcecode.c.h; path = RandomPost.h; sourceTree = "<group>"; };
		7BB52F0319B4A45B00FA5D66 /* RandomPost.m */ = {isa = PBXFileReference; fileEncoding = 4; lastKnownFileType = sourcecode.c.objc; path = RandomPost.m; sourceTree = "<group>"; };
		7BB52F0519B4AA0400FA5D66 /* RandomPosts.h */ = {isa = PBXFileReference; fileEncoding = 4; lastKnownFileType = sourcecode.c.h; path = RandomPosts.h; sourceTree = "<group>"; };
		7BB52F0619B4AA0400FA5D66 /* RandomPosts.m */ = {isa = PBXFileReference; fileEncoding = 4; lastKnownFileType = sourcecode.c.objc; path = RandomPosts.m; sourceTree = "<group>"; };
		7BD59EC019CF229B00A992EE /* MenuView.h */ = {isa = PBXFileReference; fileEncoding = 4; lastKnownFileType = sourcecode.c.h; path = MenuView.h; sourceTree = "<group>"; };
		7BD59EC119CF229B00A992EE /* MenuView.m */ = {isa = PBXFileReference; fileEncoding = 4; lastKnownFileType = sourcecode.c.objc; path = MenuView.m; sourceTree = "<group>"; };
		7BEB0D6E1970C48E00EBACC6 /* HomeViewController.h */ = {isa = PBXFileReference; fileEncoding = 4; lastKnownFileType = sourcecode.c.h; path = HomeViewController.h; sourceTree = "<group>"; };
		7BEB0D6F1970C48E00EBACC6 /* HomeViewController.m */ = {isa = PBXFileReference; fileEncoding = 4; lastKnownFileType = sourcecode.c.objc; path = HomeViewController.m; sourceTree = "<group>"; };
		7BEB0D701970C48E00EBACC6 /* HomeViewController.xib */ = {isa = PBXFileReference; fileEncoding = 4; lastKnownFileType = file.xib; path = HomeViewController.xib; sourceTree = "<group>"; };
		7BEB0D731970C77000EBACC6 /* PostCell.h */ = {isa = PBXFileReference; fileEncoding = 4; lastKnownFileType = sourcecode.c.h; path = PostCell.h; sourceTree = "<group>"; };
		7BEB0D741970C77000EBACC6 /* PostCell.m */ = {isa = PBXFileReference; fileEncoding = 4; lastKnownFileType = sourcecode.c.objc; path = PostCell.m; sourceTree = "<group>"; };
		7BEB0D761970C78D00EBACC6 /* PostCell.xib */ = {isa = PBXFileReference; fileEncoding = 4; lastKnownFileType = file.xib; path = PostCell.xib; sourceTree = "<group>"; };
		7BEBD4E81995FFC5000F5028 /* TencentOpenAPI.framework */ = {isa = PBXFileReference; lastKnownFileType = wrapper.framework; name = TencentOpenAPI.framework; path = "163评论/qq/TencentOpenAPI.framework"; sourceTree = "<group>"; };
		7BEBD4EA19960029000F5028 /* Security.framework */ = {isa = PBXFileReference; lastKnownFileType = wrapper.framework; name = Security.framework; path = System/Library/Frameworks/Security.framework; sourceTree = SDKROOT; };
		7BEBD4EC1996003F000F5028 /* libiconv.dylib */ = {isa = PBXFileReference; lastKnownFileType = "compiled.mach-o.dylib"; name = libiconv.dylib; path = usr/lib/libiconv.dylib; sourceTree = SDKROOT; };
		7BEBD4EE19960057000F5028 /* SystemConfiguration.framework */ = {isa = PBXFileReference; lastKnownFileType = wrapper.framework; name = SystemConfiguration.framework; path = System/Library/Frameworks/SystemConfiguration.framework; sourceTree = SDKROOT; };
		7BEBD4F01996006B000F5028 /* libsqlite3.dylib */ = {isa = PBXFileReference; lastKnownFileType = "compiled.mach-o.dylib"; name = libsqlite3.dylib; path = usr/lib/libsqlite3.dylib; sourceTree = SDKROOT; };
		7BEBD4F219960079000F5028 /* CoreTelephony.framework */ = {isa = PBXFileReference; lastKnownFileType = wrapper.framework; name = CoreTelephony.framework; path = System/Library/Frameworks/CoreTelephony.framework; sourceTree = SDKROOT; };
		7BEBD4F41996008C000F5028 /* libstdc++.dylib */ = {isa = PBXFileReference; lastKnownFileType = "compiled.mach-o.dylib"; name = "libstdc++.dylib"; path = "usr/lib/libstdc++.dylib"; sourceTree = SDKROOT; };
		7BEBD4F61996009C000F5028 /* libz.dylib */ = {isa = PBXFileReference; lastKnownFileType = "compiled.mach-o.dylib"; name = libz.dylib; path = usr/lib/libz.dylib; sourceTree = SDKROOT; };
		7BFFE04D196EA05900F1A349 /* MBProgressHUD.h */ = {isa = PBXFileReference; fileEncoding = 4; lastKnownFileType = sourcecode.c.h; path = MBProgressHUD.h; sourceTree = "<group>"; };
		7BFFE04E196EA05900F1A349 /* MBProgressHUD.m */ = {isa = PBXFileReference; fileEncoding = 4; lastKnownFileType = sourcecode.c.objc; path = MBProgressHUD.m; sourceTree = "<group>"; };
		7BFFE053196EC1D400F1A349 /* MBProgressHUD.bundle */ = {isa = PBXFileReference; lastKnownFileType = "wrapper.plug-in"; path = MBProgressHUD.bundle; sourceTree = "<group>"; };
/* End PBXFileReference section */

/* Begin PBXFrameworksBuildPhase section */
		7B428D8C190E914D00860E94 /* Frameworks */ = {
			isa = PBXFrameworksBuildPhase;
			buildActionMask = 2147483647;
			files = (
				7B6383401A0655E3004017A0 /* TencentOpenAPI.framework in Frameworks */,
				7BEBD4F71996009C000F5028 /* libz.dylib in Frameworks */,
				7BEBD4F51996008C000F5028 /* libstdc++.dylib in Frameworks */,
				7BEBD4F319960079000F5028 /* CoreTelephony.framework in Frameworks */,
				7BEBD4F11996006B000F5028 /* libsqlite3.dylib in Frameworks */,
				7BEBD4EF19960057000F5028 /* SystemConfiguration.framework in Frameworks */,
				7BEBD4ED1996003F000F5028 /* libiconv.dylib in Frameworks */,
				7BEBD4EB19960029000F5028 /* Security.framework in Frameworks */,
				7B29B7F91991249300E91D0B /* libWeiboSDK.a in Frameworks */,
				7B723004197D5CF700CA7DBB /* CoreData.framework in Frameworks */,
				7B428D95190E914D00860E94 /* CoreGraphics.framework in Frameworks */,
				7B428D97190E914D00860E94 /* UIKit.framework in Frameworks */,
				7B428D93190E914D00860E94 /* Foundation.framework in Frameworks */,
			);
			runOnlyForDeploymentPostprocessing = 0;
		};
		7B428DA7190E914D00860E94 /* Frameworks */ = {
			isa = PBXFrameworksBuildPhase;
			buildActionMask = 2147483647;
			files = (
				7B428DAC190E914D00860E94 /* XCTest.framework in Frameworks */,
				7B428DAE190E914D00860E94 /* UIKit.framework in Frameworks */,
				7B428DAD190E914D00860E94 /* Foundation.framework in Frameworks */,
			);
			runOnlyForDeploymentPostprocessing = 0;
		};
		7B48EA32191251970051C095 /* Frameworks */ = {
			isa = PBXFrameworksBuildPhase;
			buildActionMask = 2147483647;
			files = (
				7B48EA36191251970051C095 /* XCTest.framework in Frameworks */,
				7B48EA38191251970051C095 /* UIKit.framework in Frameworks */,
				7B48EA37191251970051C095 /* Foundation.framework in Frameworks */,
			);
			runOnlyForDeploymentPostprocessing = 0;
		};
/* End PBXFrameworksBuildPhase section */

/* Begin PBXGroup section */
		7B00E0141972CF090002973E /* SocialShare */ = {
			isa = PBXGroup;
			children = (
				7BEBD4F819960139000F5028 /* qq */,
				7B29B7F51991249300E91D0B /* libWeiboSDK */,
			);
			name = SocialShare;
			sourceTree = "<group>";
		};
		7B19FE951988894600D4EAC7 /* FQNavigationController */ = {
			isa = PBXGroup;
			children = (
				7BB0377819E59B7200576838 /* FQNavigationController.h */,
				7BB0377919E59B7200576838 /* FQNavigationController.m */,
			);
			name = FQNavigationController;
			sourceTree = "<group>";
		};
		7B217EF6191A7B5D00AEE684 /* Controller */ = {
			isa = PBXGroup;
			children = (
				7BAFE70119FF964B00A2914B /* Home */,
				7BAFE70019FF963800A2914B /* Comment */,
				7BAFE6FF19FF961F00A2914B /* RandomPost */,
				7BAFE6FE19FF960700A2914B /* Setting */,
				7BAFE6F619FF946A00A2914B /* TagViewController */,
			);
			name = Controller;
			sourceTree = "<group>";
		};
		7B217EFC191A7C1800AEE684 /* View */ = {
			isa = PBXGroup;
			children = (
				7B5D8EB81A0BA99F00F7757D /* PlaceholderView */,
				7B5D8EB71A0BA98700F7757D /* Cell */,
				7B6383391A06439C004017A0 /* ShareView */,
				7BAFE6F719FF94A100A2914B /* TagView */,
				7B851B4719D16BD6002FC92F /* MenuView */,
			);
			name = View;
			sourceTree = "<group>";
		};
		7B29B7F51991249300E91D0B /* libWeiboSDK */ = {
			isa = PBXGroup;
			children = (
				7B29B7F61991249300E91D0B /* libWeiboSDK.a */,
				7B29B7F71991249300E91D0B /* WeiboSDK.bundle */,
				7B29B7F81991249300E91D0B /* WeiboSDK.h */,
			);
			path = libWeiboSDK;
			sourceTree = "<group>";
		};
		7B428D86190E914D00860E94 = {
			isa = PBXGroup;
			children = (
				7B428D98190E914D00860E94 /* 163评论 */,
				7B428DB1190E914D00860E94 /* 163评论Tests */,
				7B428D91190E914D00860E94 /* Frameworks */,
				7B428D90190E914D00860E94 /* Products */,
			);
			sourceTree = "<group>";
		};
		7B428D90190E914D00860E94 /* Products */ = {
			isa = PBXGroup;
			children = (
				7B428D8F190E914D00860E94 /* 163评论.app */,
				7B428DAA190E914D00860E94 /* 163评论Tests.xctest */,
				7B48EA35191251970051C095 /* 163评论 Tests.xctest */,
			);
			name = Products;
			sourceTree = "<group>";
		};
		7B428D91190E914D00860E94 /* Frameworks */ = {
			isa = PBXGroup;
			children = (
				7BEBD4F61996009C000F5028 /* libz.dylib */,
				7BEBD4F41996008C000F5028 /* libstdc++.dylib */,
				7BEBD4F219960079000F5028 /* CoreTelephony.framework */,
				7BEBD4F01996006B000F5028 /* libsqlite3.dylib */,
				7BEBD4EE19960057000F5028 /* SystemConfiguration.framework */,
				7BEBD4EC1996003F000F5028 /* libiconv.dylib */,
				7BEBD4EA19960029000F5028 /* Security.framework */,
				7BEBD4E81995FFC5000F5028 /* TencentOpenAPI.framework */,
				7B723003197D5CF700CA7DBB /* CoreData.framework */,
				7B428D92190E914D00860E94 /* Foundation.framework */,
				7B428D94190E914D00860E94 /* CoreGraphics.framework */,
				7B428D96190E914D00860E94 /* UIKit.framework */,
				7B428DAB190E914D00860E94 /* XCTest.framework */,
			);
			name = Frameworks;
			sourceTree = "<group>";
		};
		7B428D98190E914D00860E94 /* 163评论 */ = {
			isa = PBXGroup;
			children = (
				7BD59EBF19CF221300A992EE /* ItemStore */,
				7BD59EBE19CF20C100A992EE /* Protocol */,
				7BD59EBD19CF209500A992EE /* Network */,
				7BB257921991ED1E00C66500 /* Share */,
				7B722FEA197D44D700CA7DBB /* Model */,
				7B63A9FF19700EFC00F28EDB /* Catgroy */,
				7B217EFC191A7C1800AEE684 /* View */,
				7B217EF6191A7B5D00AEE684 /* Controller */,
				7B428DC8190E9F4E00860E94 /* AppDelegate */,
				7B428DA4190E914D00860E94 /* Images.xcassets */,
				7B428D99190E914D00860E94 /* Supporting Files */,
				7B3C92FD1A3B349A0089D7AD /* Launch Screen.xib */,
			);
			path = "163评论";
			sourceTree = "<group>";
		};
		7B428D99190E914D00860E94 /* Supporting Files */ = {
			isa = PBXGroup;
			children = (
				7BD59EC319CF22E600A992EE /* Other */,
				7BFFE04B196E9FCF00F1A349 /* Util */,
				7BFFE04C196EA01100F1A349 /* Resources */,
				7B428D9A190E914D00860E94 /* 163评论-Info.plist */,
				7B428D9B190E914D00860E94 /* InfoPlist.strings */,
				7B428D9E190E914D00860E94 /* main.m */,
				7B428DA0190E914D00860E94 /* 163评论-Prefix.pch */,
			);
			name = "Supporting Files";
			sourceTree = "<group>";
		};
		7B428DB1190E914D00860E94 /* 163评论Tests */ = {
			isa = PBXGroup;
			children = (
				7B48EA47191253BB0051C095 /* TagStoreTest.m */,
				7B428DB7190E914D00860E94 /* _63__Tests.m */,
				7B428DB2190E914D00860E94 /* Supporting Files */,
			);
			path = "163评论Tests";
			sourceTree = "<group>";
		};
		7B428DB2190E914D00860E94 /* Supporting Files */ = {
			isa = PBXGroup;
			children = (
				7B428DB3190E914D00860E94 /* 163评论Tests-Info.plist */,
				7B428DB4190E914D00860E94 /* InfoPlist.strings */,
			);
			name = "Supporting Files";
			sourceTree = "<group>";
		};
		7B428DC8190E9F4E00860E94 /* AppDelegate */ = {
			isa = PBXGroup;
			children = (
				7B428DA1190E914D00860E94 /* AppDelegate.h */,
				7B68872419AB7AAD004997CC /* AppDelegate.m */,
			);
			name = AppDelegate;
			sourceTree = "<group>";
		};
		7B468B0D198C8A700061AB58 /* MJRefresh */ = {
			isa = PBXGroup;
			children = (
				7B468B0E198C8A700061AB58 /* MJRefresh.bundle */,
				7B468B0F198C8A700061AB58 /* MJRefresh.h */,
				7B468B10198C8A700061AB58 /* MJRefreshBaseView.h */,
				7B468B11198C8A700061AB58 /* MJRefreshBaseView.m */,
				7B468B12198C8A700061AB58 /* MJRefreshConst.h */,
				7B468B13198C8A700061AB58 /* MJRefreshConst.m */,
				7B468B14198C8A700061AB58 /* MJRefreshFooterView.h */,
				7B468B15198C8A700061AB58 /* MJRefreshFooterView.m */,
				7B468B16198C8A700061AB58 /* MJRefreshHeaderView.h */,
				7B468B17198C8A700061AB58 /* MJRefreshHeaderView.m */,
				7B468B18198C8A700061AB58 /* UIScrollView+Extension.h */,
				7B468B19198C8A700061AB58 /* UIScrollView+Extension.m */,
				7B468B1A198C8A700061AB58 /* UIScrollView+MJRefresh.h */,
				7B468B1B198C8A700061AB58 /* UIScrollView+MJRefresh.m */,
				7B468B1C198C8A700061AB58 /* UIView+Extension.h */,
				7B468B1D198C8A700061AB58 /* UIView+Extension.m */,
			);
			path = MJRefresh;
			sourceTree = "<group>";
		};
		7B5D8EB71A0BA98700F7757D /* Cell */ = {
			isa = PBXGroup;
			children = (
				7BEB0D731970C77000EBACC6 /* PostCell.h */,
				7BEB0D741970C77000EBACC6 /* PostCell.m */,
				7BEB0D761970C78D00EBACC6 /* PostCell.xib */,
				7B9309AB19AA2D8600DE46A0 /* CommCell.h */,
				7B9309AC19AA2D8600DE46A0 /* CommCell.m */,
			);
			name = Cell;
			sourceTree = "<group>";
		};
		7B5D8EB81A0BA99F00F7757D /* PlaceholderView */ = {
			isa = PBXGroup;
			children = (
				7B5D8EB91A0BAA0B00F7757D /* PlaceholderView.h */,
				7B5D8EBA1A0BAA0B00F7757D /* PlaceholderView.m */,
			);
			name = PlaceholderView;
			sourceTree = "<group>";
		};
		7B6383391A06439C004017A0 /* ShareView */ = {
			isa = PBXGroup;
			children = (
				7B63833A1A0643BB004017A0 /* ShareView.h */,
				7B63833B1A0643BB004017A0 /* ShareView.m */,
				7B63833C1A0643BB004017A0 /* ShareItem.h */,
				7B63833D1A0643BB004017A0 /* ShareItem.m */,
			);
			name = ShareView;
			sourceTree = "<group>";
		};
		7B63A9FF19700EFC00F28EDB /* Catgroy */ = {
			isa = PBXGroup;
			children = (
				7B776CD91A052C6A001E1B15 /* SmoothMove */,
				7B130CBA19BF3A3000BC96EB /* NSString+html.h */,
				7B130CBB19BF3A3000BC96EB /* NSString+html.m */,
				7B324F9019D4661A0079F7F8 /* NSError+networkMsg.h */,
				7B324F9119D4661A0079F7F8 /* NSError+networkMsg.m */,
				7BAB04CA198E7A470007DAF4 /* GTMNSString */,
			);
			name = Catgroy;
			sourceTree = "<group>";
		};
		7B722FEA197D44D700CA7DBB /* Model */ = {
			isa = PBXGroup;
			children = (
				7BD59EBC19CF206B00A992EE /* Author */,
				7BD59EBB19CF203600A992EE /* Content */,
				7BD59EBA19CF1FF300A992EE /* Post */,
				7BD59EB919CF1FCA00A992EE /* Tag */,
				7BD59EB819CF1FA300A992EE /* CoredataModel */,
				7BD59EB719CF1F8100A992EE /* RandomPost */,
			);
			name = Model;
			sourceTree = "<group>";
		};
		7B776CD91A052C6A001E1B15 /* SmoothMove */ = {
			isa = PBXGroup;
			children = (
				7B776CDA1A052C82001E1B15 /* UITableView+SmoothMove.h */,
				7B776CDB1A052C82001E1B15 /* UITableView+SmoothMove.m */,
			);
			name = SmoothMove;
			sourceTree = "<group>";
		};
		7B851B4719D16BD6002FC92F /* MenuView */ = {
			isa = PBXGroup;
			children = (
				7BD59EC019CF229B00A992EE /* MenuView.h */,
				7BD59EC119CF229B00A992EE /* MenuView.m */,
				7B366C4B19D0836B00A22857 /* MenuItemView.h */,
				7B366C4C19D0836B00A22857 /* MenuItemView.m */,
				7B366C4819D071F600A22857 /* MenuItem.h */,
				7B366C4919D071F600A22857 /* MenuItem.m */,
				7B300BCF19CFE1C9008EACA6 /* UIButton+menuItem.h */,
				7B300BD019CFE1C9008EACA6 /* UIButton+menuItem.m */,
			);
			name = MenuView;
			sourceTree = "<group>";
		};
		7BAB04CA198E7A470007DAF4 /* GTMNSString */ = {
			isa = PBXGroup;
			children = (
				7BAB04CB198E7A650007DAF4 /* GTMNSString+HTML.h */,
				7BAB04CC198E7A650007DAF4 /* GTMNSString+HTML.m */,
			);
			name = GTMNSString;
			sourceTree = "<group>";
		};
		7BAFE6F619FF946A00A2914B /* TagViewController */ = {
			isa = PBXGroup;
			children = (
				7B24572919F92E1C00A9DB6C /* TagViewController.h */,
				7B24572A19F92E1C00A9DB6C /* TagViewController.m */,
				7BAFE6F819FF94B400A2914B /* TagView.h */,
				7BAFE6F919FF94B400A2914B /* TagView.m */,
				7BAFE6FA19FF94B400A2914B /* TagScrollView.h */,
				7BAFE6FB19FF94B400A2914B /* TagScrollView.m */,
			);
			name = TagViewController;
			sourceTree = "<group>";
		};
		7BAFE6F719FF94A100A2914B /* TagView */ = {
			isa = PBXGroup;
			children = (
			);
			name = TagView;
			sourceTree = "<group>";
		};
		7BAFE6FE19FF960700A2914B /* Setting */ = {
			isa = PBXGroup;
			children = (
				7B69D4FD19F40907009A7B61 /* SettingViewController.h */,
				7B69D4FE19F40907009A7B61 /* SettingViewController.m */,
				7BAFF13019F557DC00E9EB62 /* FontSetViewController.h */,
				7BAFF13119F557DC00E9EB62 /* FontSetViewController.m */,
			);
			name = Setting;
			sourceTree = "<group>";
		};
		7BAFE6FF19FF961F00A2914B /* RandomPost */ = {
			isa = PBXGroup;
			children = (
				7B4E392619B3175E00C6514A /* RandomPostViewController.h */,
				7B4E392719B3175E00C6514A /* RandomPostViewController.m */,
				7B3CA74C1A1A287700175E4B /* RandomPostViewController.xib */,
				7B50FD861A1AF08200A36619 /* RandomPostCell.h */,
				7B50FD871A1AF08200A36619 /* RandomPostCell.m */,
				7B50FD881A1AF08200A36619 /* RandomPostCell.xib */,
			);
			name = RandomPost;
			sourceTree = "<group>";
		};
		7BAFE70019FF963800A2914B /* Comment */ = {
			isa = PBXGroup;
			children = (
				7B217EF7191A7B9F00AEE684 /* CommViewController.h */,
				7B217EF8191A7B9F00AEE684 /* CommViewController.m */,
				7B217EF9191A7B9F00AEE684 /* CommViewController.xib */,
			);
			name = Comment;
			sourceTree = "<group>";
		};
		7BAFE70119FF964B00A2914B /* Home */ = {
			isa = PBXGroup;
			children = (
				7BEB0D6E1970C48E00EBACC6 /* HomeViewController.h */,
				7BEB0D6F1970C48E00EBACC6 /* HomeViewController.m */,
				7BEB0D701970C48E00EBACC6 /* HomeViewController.xib */,
			);
			name = Home;
			sourceTree = "<group>";
		};
		7BB0376F19E596E400576838 /* FQBaseViewController */ = {
			isa = PBXGroup;
			children = (
				7BB0377019E5971600576838 /* FQBaseViewController.h */,
				7BB0377119E5971600576838 /* FQBaseViewController.m */,
				7BB0377219E5971600576838 /* FQBaseViewController.xib */,
			);
			name = FQBaseViewController;
			sourceTree = "<group>";
		};
		7BB257921991ED1E00C66500 /* Share */ = {
			isa = PBXGroup;
			children = (
				7B776CDD1A053025001E1B15 /* SocialSharing.h */,
				7B776CDE1A053025001E1B15 /* SocialSharing.m */,
			);
			name = Share;
			sourceTree = "<group>";
		};
		7BD59EB719CF1F8100A992EE /* RandomPost */ = {
			isa = PBXGroup;
			children = (
				7BB52F0219B4A45B00FA5D66 /* RandomPost.h */,
				7BB52F0319B4A45B00FA5D66 /* RandomPost.m */,
				7BB52F0519B4AA0400FA5D66 /* RandomPosts.h */,
				7BB52F0619B4AA0400FA5D66 /* RandomPosts.m */,
			);
			name = RandomPost;
			sourceTree = "<group>";
		};
		7BD59EB819CF1FA300A992EE /* CoredataModel */ = {
			isa = PBXGroup;
			children = (
				7B722FEB197D450800CA7DBB /* 163pinglun.xcdatamodeld */,
			);
			name = CoredataModel;
			sourceTree = "<group>";
		};
		7BD59EB919CF1FCA00A992EE /* Tag */ = {
			isa = PBXGroup;
			children = (
				7B723000197D51F400CA7DBB /* Tag.h */,
				7B723001197D51F400CA7DBB /* Tag.m */,
				7B48EA2C1912467C0051C095 /* Tags.h */,
				7B48EA2D1912467C0051C095 /* Tags.m */,
			);
			name = Tag;
			sourceTree = "<group>";
		};
		7BD59EBA19CF1FF300A992EE /* Post */ = {
			isa = PBXGroup;
			children = (
				7BB1352C19829A8F00718C62 /* Post.h */,
				7BB1352D19829A8F00718C62 /* Post.m */,
				7B48EA4919128FE10051C095 /* Posts.h */,
				7B48EA4A19128FE10051C095 /* Posts.m */,
			);
			name = Post;
			sourceTree = "<group>";
		};
		7BD59EBB19CF203600A992EE /* Content */ = {
			isa = PBXGroup;
			children = (
				7BB1352A19829A8F00718C62 /* Content.h */,
				7BB1352B19829A8F00718C62 /* Content.m */,
				7B22A9CE191D2F41001943F3 /* Contents.h */,
				7B22A9CF191D2F41001943F3 /* Contents.m */,
			);
			name = Content;
			sourceTree = "<group>";
		};
		7BD59EBC19CF206B00A992EE /* Author */ = {
			isa = PBXGroup;
			children = (
				7BB1352819829A8F00718C62 /* Author.h */,
				7BB1352919829A8F00718C62 /* Author.m */,
			);
			name = Author;
			sourceTree = "<group>";
		};
		7BD59EBD19CF209500A992EE /* Network */ = {
			isa = PBXGroup;
			children = (
				7B1338691912027600D97902 /* FQConnection.h */,
				7B13386A1912027600D97902 /* FQConnection.m */,
			);
			name = Network;
			sourceTree = "<group>";
		};
		7BD59EBE19CF20C100A992EE /* Protocol */ = {
			isa = PBXGroup;
			children = (
				7B13386C1912089400D97902 /* JSONSerializable.h */,
			);
			name = Protocol;
			sourceTree = "<group>";
		};
		7BD59EBF19CF221300A992EE /* ItemStore */ = {
			isa = PBXGroup;
			children = (
				7B428DCC190EA02F00860E94 /* ItemStore.h */,
				7B428DCD190EA02F00860E94 /* ItemStore.m */,
			);
			name = ItemStore;
			sourceTree = "<group>";
		};
		7BD59EC319CF22E600A992EE /* Other */ = {
			isa = PBXGroup;
			children = (
				7BABED37196D54D80075B850 /* MacroDefinition.h */,
				7BABED38196D8BA10075B850 /* GeneralService.h */,
				7BABED39196D8BA10075B850 /* GeneralService.m */,
			);
			name = Other;
			sourceTree = "<group>";
		};
		7BEBD4F819960139000F5028 /* qq */ = {
			isa = PBXGroup;
			children = (
				7B6383421A065D7C004017A0 /* TencentOpenApi_IOS_Bundle.bundle */,
				7B6383431A065D7C004017A0 /* TencentOpenAPI.framework */,
			);
			path = qq;
			sourceTree = "<group>";
		};
		7BFFE04B196E9FCF00F1A349 /* Util */ = {
			isa = PBXGroup;
			children = (
				7BB0376F19E596E400576838 /* FQBaseViewController */,
				7B468B0D198C8A700061AB58 /* MJRefresh */,
				7B19FE951988894600D4EAC7 /* FQNavigationController */,
				7B00E0141972CF090002973E /* SocialShare */,
				7BFFE051196EA0E400F1A349 /* Reachability */,
				7BFFE050196EA0D600F1A349 /* HUD */,
			);
			name = Util;
			sourceTree = "<group>";
		};
		7BFFE04C196EA01100F1A349 /* Resources */ = {
			isa = PBXGroup;
			children = (
				7BFFE052196EA12000F1A349 /* Images */,
				7B21044819F4A0B000E76DEF /* setting.plist */,
				7BAFE70219FFA1B700A2914B /* tagColor.plist */,
			);
			name = Resources;
			sourceTree = "<group>";
		};
		7BFFE050196EA0D600F1A349 /* HUD */ = {
			isa = PBXGroup;
			children = (
				7BFFE04D196EA05900F1A349 /* MBProgressHUD.h */,
				7BFFE04E196EA05900F1A349 /* MBProgressHUD.m */,
			);
			name = HUD;
			sourceTree = "<group>";
		};
		7BFFE051196EA0E400F1A349 /* Reachability */ = {
			isa = PBXGroup;
			children = (
				7BA8580C1913E201002ADB85 /* Reachability.h */,
				7BA8580D1913E201002ADB85 /* Reachability.m */,
			);
			name = Reachability;
			sourceTree = "<group>";
		};
		7BFFE052196EA12000F1A349 /* Images */ = {
			isa = PBXGroup;
			children = (
				7BFFE053196EC1D400F1A349 /* MBProgressHUD.bundle */,
				7B1BA1B3191FB64700669E2C /* comment.bundle */,
			);
			name = Images;
			sourceTree = "<group>";
		};
/* End PBXGroup section */

/* Begin PBXNativeTarget section */
		7B428D8E190E914D00860E94 /* 163评论 */ = {
			isa = PBXNativeTarget;
			buildConfigurationList = 7B428DBB190E914D00860E94 /* Build configuration list for PBXNativeTarget "163评论" */;
			buildPhases = (
				7B428D8B190E914D00860E94 /* Sources */,
				7B428D8C190E914D00860E94 /* Frameworks */,
				7B428D8D190E914D00860E94 /* Resources */,
			);
			buildRules = (
			);
			dependencies = (
			);
			name = "163评论";
			productName = "163评论";
			productReference = 7B428D8F190E914D00860E94 /* 163评论.app */;
			productType = "com.apple.product-type.application";
		};
		7B428DA9190E914D00860E94 /* 163评论Tests */ = {
			isa = PBXNativeTarget;
			buildConfigurationList = 7B428DBE190E914D00860E94 /* Build configuration list for PBXNativeTarget "163评论Tests" */;
			buildPhases = (
				7B428DA6190E914D00860E94 /* Sources */,
				7B428DA7190E914D00860E94 /* Frameworks */,
				7B428DA8190E914D00860E94 /* Resources */,
			);
			buildRules = (
			);
			dependencies = (
				7B428DB0190E914D00860E94 /* PBXTargetDependency */,
			);
			name = "163评论Tests";
			productName = "163评论Tests";
			productReference = 7B428DAA190E914D00860E94 /* 163评论Tests.xctest */;
			productType = "com.apple.product-type.bundle.unit-test";
		};
		7B48EA34191251970051C095 /* 163评论 Tests */ = {
			isa = PBXNativeTarget;
			buildConfigurationList = 7B48EA44191251970051C095 /* Build configuration list for PBXNativeTarget "163评论 Tests" */;
			buildPhases = (
				7B48EA31191251970051C095 /* Sources */,
				7B48EA32191251970051C095 /* Frameworks */,
				7B48EA33191251970051C095 /* Resources */,
			);
			buildRules = (
			);
			dependencies = (
				7B48EA43191251970051C095 /* PBXTargetDependency */,
			);
			name = "163评论 Tests";
			productName = "163评论 Tests";
			productReference = 7B48EA35191251970051C095 /* 163评论 Tests.xctest */;
			productType = "com.apple.product-type.bundle.unit-test";
		};
/* End PBXNativeTarget section */

/* Begin PBXProject section */
		7B428D87190E914D00860E94 /* Project object */ = {
			isa = PBXProject;
			attributes = {
				LastUpgradeCheck = 0610;
				ORGANIZATIONNAME = zhaofuqiang;
				TargetAttributes = {
					7B428DA9190E914D00860E94 = {
						TestTargetID = 7B428D8E190E914D00860E94;
					};
					7B48EA34191251970051C095 = {
						TestTargetID = 7B428D8E190E914D00860E94;
					};
				};
			};
			buildConfigurationList = 7B428D8A190E914D00860E94 /* Build configuration list for PBXProject "163评论" */;
			compatibilityVersion = "Xcode 3.2";
			developmentRegion = English;
			hasScannedForEncodings = 0;
			knownRegions = (
				en,
			);
			mainGroup = 7B428D86190E914D00860E94;
			productRefGroup = 7B428D90190E914D00860E94 /* Products */;
			projectDirPath = "";
			projectRoot = "";
			targets = (
				7B428D8E190E914D00860E94 /* 163评论 */,
				7B428DA9190E914D00860E94 /* 163评论Tests */,
				7B48EA34191251970051C095 /* 163评论 Tests */,
			);
		};
/* End PBXProject section */

/* Begin PBXResourcesBuildPhase section */
		7B428D8D190E914D00860E94 /* Resources */ = {
			isa = PBXResourcesBuildPhase;
			buildActionMask = 2147483647;
			files = (
				7B50FD8A1A1AF08200A36619 /* RandomPostCell.xib in Resources */,
				7B217EFB191A7B9F00AEE684 /* CommViewController.xib in Resources */,
				7B1BA1B4191FB64700669E2C /* comment.bundle in Resources */,
				7B428D9D190E914D00860E94 /* InfoPlist.strings in Resources */,
				7BEB0D771970C78D00EBACC6 /* PostCell.xib in Resources */,
				7B3CA74D1A1A287700175E4B /* RandomPostViewController.xib in Resources */,
				7BB0377419E5971600576838 /* FQBaseViewController.xib in Resources */,
				7B428DA5190E914D00860E94 /* Images.xcassets in Resources */,
				7BAFE70319FFA1B700A2914B /* tagColor.plist in Resources */,
				7BEB0D721970C48E00EBACC6 /* HomeViewController.xib in Resources */,
				7B6383441A065D7C004017A0 /* TencentOpenApi_IOS_Bundle.bundle in Resources */,
				7B29B7FA1991249300E91D0B /* WeiboSDK.bundle in Resources */,
				7B21044919F4A0B000E76DEF /* setting.plist in Resources */,
				7B3C92FE1A3B349A0089D7AD /* Launch Screen.xib in Resources */,
				7BFFE054196EC1D400F1A349 /* MBProgressHUD.bundle in Resources */,
				7B468B1E198C8A700061AB58 /* MJRefresh.bundle in Resources */,
			);
			runOnlyForDeploymentPostprocessing = 0;
		};
		7B428DA8190E914D00860E94 /* Resources */ = {
			isa = PBXResourcesBuildPhase;
			buildActionMask = 2147483647;
			files = (
				7B428DB6190E914D00860E94 /* InfoPlist.strings in Resources */,
			);
			runOnlyForDeploymentPostprocessing = 0;
		};
		7B48EA33191251970051C095 /* Resources */ = {
			isa = PBXResourcesBuildPhase;
			buildActionMask = 2147483647;
			files = (
			);
			runOnlyForDeploymentPostprocessing = 0;
		};
/* End PBXResourcesBuildPhase section */

/* Begin PBXSourcesBuildPhase section */
		7B428D8B190E914D00860E94 /* Sources */ = {
			isa = PBXSourcesBuildPhase;
			buildActionMask = 2147483647;
			files = (
				7B468B21198C8A700061AB58 /* MJRefreshFooterView.m in Sources */,
				7BD59EC219CF229B00A992EE /* MenuView.m in Sources */,
				7BB0377319E5971600576838 /* FQBaseViewController.m in Sources */,
				7BAFE6FD19FF94B400A2914B /* TagScrollView.m in Sources */,
				7B13386B1912027600D97902 /* FQConnection.m in Sources */,
				7BB1352E19829A8F00718C62 /* Author.m in Sources */,
				7BB1352F19829A8F00718C62 /* Content.m in Sources */,
				7B468B24198C8A700061AB58 /* UIScrollView+MJRefresh.m in Sources */,
				7B22A9D0191D2F41001943F3 /* Contents.m in Sources */,
				7B366C4D19D0836B00A22857 /* MenuItemView.m in Sources */,
				7B776CDC1A052C82001E1B15 /* UITableView+SmoothMove.m in Sources */,
				7B468B22198C8A700061AB58 /* MJRefreshHeaderView.m in Sources */,
				7BAFE6FC19FF94B400A2914B /* TagView.m in Sources */,
				7B366C4A19D071F600A22857 /* MenuItem.m in Sources */,
				7B723002197D51F400CA7DBB /* Tag.m in Sources */,
				7B324F9219D4661A0079F7F8 /* NSError+networkMsg.m in Sources */,
				7B468B1F198C8A700061AB58 /* MJRefreshBaseView.m in Sources */,
				7B468B25198C8A700061AB58 /* UIView+Extension.m in Sources */,
				7B468B20198C8A700061AB58 /* MJRefreshConst.m in Sources */,
				7BA8580E1913E201002ADB85 /* Reachability.m in Sources */,
				7B68872519AB7AAD004997CC /* AppDelegate.m in Sources */,
				7BEB0D711970C48E00EBACC6 /* HomeViewController.m in Sources */,
				7B48EA4B19128FE10051C095 /* Posts.m in Sources */,
				7B4E392819B3175E00C6514A /* RandomPostViewController.m in Sources */,
				7BB0377A19E59B7200576838 /* FQNavigationController.m in Sources */,
				7B5D8EBB1A0BAA0B00F7757D /* PlaceholderView.m in Sources */,
				7B428DCE190EA02F00860E94 /* ItemStore.m in Sources */,
				7B468B23198C8A700061AB58 /* UIScrollView+Extension.m in Sources */,
				7BFFE04F196EA05900F1A349 /* MBProgressHUD.m in Sources */,
				7B776CDF1A053025001E1B15 /* SocialSharing.m in Sources */,
				7BB1353019829A8F00718C62 /* Post.m in Sources */,
				7BABED3A196D8BA10075B850 /* GeneralService.m in Sources */,
				7BAB04CD198E7A650007DAF4 /* GTMNSString+HTML.m in Sources */,
				7B9309AD19AA2D8600DE46A0 /* CommCell.m in Sources */,
				7B722FED197D450800CA7DBB /* 163pinglun.xcdatamodeld in Sources */,
				7B24572B19F92E1C00A9DB6C /* TagViewController.m in Sources */,
				7B130CBC19BF3A3000BC96EB /* NSString+html.m in Sources */,
				7B217EFA191A7B9F00AEE684 /* CommViewController.m in Sources */,
				7BB52F0719B4AA0400FA5D66 /* RandomPosts.m in Sources */,
				7BB52F0419B4A45B00FA5D66 /* RandomPost.m in Sources */,
				7B63833F1A0643BB004017A0 /* ShareItem.m in Sources */,
				7B428D9F190E914D00860E94 /* main.m in Sources */,
				7B48EA2E1912467C0051C095 /* Tags.m in Sources */,
				7B300BD119CFE1C9008EACA6 /* UIButton+menuItem.m in Sources */,
				7B50FD891A1AF08200A36619 /* RandomPostCell.m in Sources */,
				7BEB0D751970C77000EBACC6 /* PostCell.m in Sources */,
				7BAFF13219F557DC00E9EB62 /* FontSetViewController.m in Sources */,
				7B69D4FF19F40907009A7B61 /* SettingViewController.m in Sources */,
				7B63833E1A0643BB004017A0 /* ShareView.m in Sources */,
			);
			runOnlyForDeploymentPostprocessing = 0;
		};
		7B428DA6190E914D00860E94 /* Sources */ = {
			isa = PBXSourcesBuildPhase;
			buildActionMask = 2147483647;
			files = (
				7B48EA48191253BB0051C095 /* TagStoreTest.m in Sources */,
				7B428DB8190E914D00860E94 /* _63__Tests.m in Sources */,
			);
			runOnlyForDeploymentPostprocessing = 0;
		};
		7B48EA31191251970051C095 /* Sources */ = {
			isa = PBXSourcesBuildPhase;
			buildActionMask = 2147483647;
			files = (
			);
			runOnlyForDeploymentPostprocessing = 0;
		};
/* End PBXSourcesBuildPhase section */

/* Begin PBXTargetDependency section */
		7B428DB0190E914D00860E94 /* PBXTargetDependency */ = {
			isa = PBXTargetDependency;
			target = 7B428D8E190E914D00860E94 /* 163评论 */;
			targetProxy = 7B428DAF190E914D00860E94 /* PBXContainerItemProxy */;
		};
		7B48EA43191251970051C095 /* PBXTargetDependency */ = {
			isa = PBXTargetDependency;
			target = 7B428D8E190E914D00860E94 /* 163评论 */;
			targetProxy = 7B48EA42191251970051C095 /* PBXContainerItemProxy */;
		};
/* End PBXTargetDependency section */

/* Begin PBXVariantGroup section */
		7B428D9B190E914D00860E94 /* InfoPlist.strings */ = {
			isa = PBXVariantGroup;
			children = (
				7B428D9C190E914D00860E94 /* en */,
			);
			name = InfoPlist.strings;
			sourceTree = "<group>";
		};
		7B428DB4190E914D00860E94 /* InfoPlist.strings */ = {
			isa = PBXVariantGroup;
			children = (
				7B428DB5190E914D00860E94 /* en */,
			);
			name = InfoPlist.strings;
			sourceTree = "<group>";
		};
/* End PBXVariantGroup section */

/* Begin XCBuildConfiguration section */
		7B428DB9190E914D00860E94 /* Debug */ = {
			isa = XCBuildConfiguration;
			buildSettings = {
				ALWAYS_SEARCH_USER_PATHS = NO;
				CLANG_CXX_LANGUAGE_STANDARD = "gnu++0x";
				CLANG_CXX_LIBRARY = "libc++";
				CLANG_ENABLE_MODULES = YES;
				CLANG_ENABLE_OBJC_ARC = YES;
				CLANG_WARN_BOOL_CONVERSION = YES;
				CLANG_WARN_CONSTANT_CONVERSION = YES;
				CLANG_WARN_DIRECT_OBJC_ISA_USAGE = YES_ERROR;
				CLANG_WARN_EMPTY_BODY = YES;
				CLANG_WARN_ENUM_CONVERSION = YES;
				CLANG_WARN_INT_CONVERSION = YES;
				CLANG_WARN_OBJC_ROOT_CLASS = YES_ERROR;
				CLANG_WARN__DUPLICATE_METHOD_MATCH = YES;
				CODE_SIGN_IDENTITY = "iPhone Developer";
				"CODE_SIGN_IDENTITY[sdk=*]" = "";
				COPY_PHASE_STRIP = NO;
				GCC_C_LANGUAGE_STANDARD = gnu99;
				GCC_DYNAMIC_NO_PIC = NO;
				GCC_OPTIMIZATION_LEVEL = 0;
				GCC_PREPROCESSOR_DEFINITIONS = (
					"DEBUG=1",
					"$(inherited)",
				);
				GCC_SYMBOLS_PRIVATE_EXTERN = NO;
				GCC_WARN_64_TO_32_BIT_CONVERSION = YES;
				GCC_WARN_ABOUT_RETURN_TYPE = YES_ERROR;
				GCC_WARN_UNDECLARED_SELECTOR = YES;
				GCC_WARN_UNINITIALIZED_AUTOS = YES_AGGRESSIVE;
				GCC_WARN_UNUSED_FUNCTION = YES;
				GCC_WARN_UNUSED_VARIABLE = YES;
				IPHONEOS_DEPLOYMENT_TARGET = 7.1;
				ONLY_ACTIVE_ARCH = YES;
				PROVISIONING_PROFILE = "";
				SDKROOT = iphoneos;
			};
			name = Debug;
		};
		7B428DBA190E914D00860E94 /* Release */ = {
			isa = XCBuildConfiguration;
			buildSettings = {
				ALWAYS_SEARCH_USER_PATHS = NO;
				CLANG_CXX_LANGUAGE_STANDARD = "gnu++0x";
				CLANG_CXX_LIBRARY = "libc++";
				CLANG_ENABLE_MODULES = YES;
				CLANG_ENABLE_OBJC_ARC = YES;
				CLANG_WARN_BOOL_CONVERSION = YES;
				CLANG_WARN_CONSTANT_CONVERSION = YES;
				CLANG_WARN_DIRECT_OBJC_ISA_USAGE = YES_ERROR;
				CLANG_WARN_EMPTY_BODY = YES;
				CLANG_WARN_ENUM_CONVERSION = YES;
				CLANG_WARN_INT_CONVERSION = YES;
				CLANG_WARN_OBJC_ROOT_CLASS = YES_ERROR;
				CLANG_WARN__DUPLICATE_METHOD_MATCH = YES;
				"CODE_SIGN_IDENTITY[sdk=iphoneos*]" = "iPhone Developer";
				COPY_PHASE_STRIP = YES;
				ENABLE_NS_ASSERTIONS = NO;
				GCC_C_LANGUAGE_STANDARD = gnu99;
				GCC_WARN_64_TO_32_BIT_CONVERSION = YES;
				GCC_WARN_ABOUT_RETURN_TYPE = YES_ERROR;
				GCC_WARN_UNDECLARED_SELECTOR = YES;
				GCC_WARN_UNINITIALIZED_AUTOS = YES_AGGRESSIVE;
				GCC_WARN_UNUSED_FUNCTION = YES;
				GCC_WARN_UNUSED_VARIABLE = YES;
				IPHONEOS_DEPLOYMENT_TARGET = 7.1;
				PROVISIONING_PROFILE = "";
				SDKROOT = iphoneos;
				VALIDATE_PRODUCT = YES;
			};
			name = Release;
		};
		7B428DBC190E914D00860E94 /* Debug */ = {
			isa = XCBuildConfiguration;
			buildSettings = {
				ASSETCATALOG_COMPILER_APPICON_NAME = AppIcon;
				ASSETCATALOG_COMPILER_LAUNCHIMAGE_NAME = LaunchImage;
				CODE_SIGN_IDENTITY = "iPhone Developer: guangming wan (AJ83XXX44L)";
				FRAMEWORK_SEARCH_PATHS = (
					"$(inherited)",
					"$(PROJECT_DIR)/163评论/qq",
				);
				GCC_PRECOMPILE_PREFIX_HEADER = YES;
				GCC_PREFIX_HEADER = "163评论/163评论-Prefix.pch";
				INFOPLIST_FILE = "163评论/163评论-Info.plist";
				LIBRARY_SEARCH_PATHS = (
					"$(inherited)",
					"$(PROJECT_DIR)/163评论/libWeiboSDK",
				);
				ONLY_ACTIVE_ARCH = YES;
				OTHER_LDFLAGS = "-fobjc-arc";
				"OTHER_LDFLAGS[arch=*]" = "-objC";
				PRODUCT_NAME = "$(TARGET_NAME)";
				PROVISIONING_PROFILE = "";
				WRAPPER_EXTENSION = app;
			};
			name = Debug;
		};
		7B428DBD190E914D00860E94 /* Release */ = {
			isa = XCBuildConfiguration;
			buildSettings = {
				ASSETCATALOG_COMPILER_APPICON_NAME = AppIcon;
				ASSETCATALOG_COMPILER_LAUNCHIMAGE_NAME = LaunchImage;
				CODE_SIGN_IDENTITY = "iPhone Developer: guangming wan (AJ83XXX44L)";
				FRAMEWORK_SEARCH_PATHS = (
					"$(inherited)",
					"$(PROJECT_DIR)/163评论/qq",
				);
				GCC_PRECOMPILE_PREFIX_HEADER = YES;
				GCC_PREFIX_HEADER = "163评论/163评论-Prefix.pch";
				INFOPLIST_FILE = "163评论/163评论-Info.plist";
				LIBRARY_SEARCH_PATHS = (
					"$(inherited)",
					"$(PROJECT_DIR)/163评论/libWeiboSDK",
				);
				ONLY_ACTIVE_ARCH = NO;
				OTHER_LDFLAGS = "-fobjc-arc";
				PRODUCT_NAME = "$(TARGET_NAME)";
				PROVISIONING_PROFILE = "";
				WRAPPER_EXTENSION = app;
			};
			name = Release;
		};
		7B428DBF190E914D00860E94 /* Debug */ = {
			isa = XCBuildConfiguration;
			buildSettings = {
				BUNDLE_LOADER = "$(BUILT_PRODUCTS_DIR)/163评论.app/163评论";
				FRAMEWORK_SEARCH_PATHS = (
					"$(SDKROOT)/Developer/Library/Frameworks",
					"$(inherited)",
					"$(DEVELOPER_FRAMEWORKS_DIR)",
				);
				GCC_PRECOMPILE_PREFIX_HEADER = YES;
				GCC_PREFIX_HEADER = "163评论/163评论-Prefix.pch";
				GCC_PREPROCESSOR_DEFINITIONS = (
					"DEBUG=1",
					"$(inherited)",
				);
				INFOPLIST_FILE = "163评论Tests/163评论Tests-Info.plist";
				PRODUCT_NAME = "$(TARGET_NAME)";
				TEST_HOST = "$(BUNDLE_LOADER)";
				WRAPPER_EXTENSION = xctest;
			};
			name = Debug;
		};
		7B428DC0190E914D00860E94 /* Release */ = {
			isa = XCBuildConfiguration;
			buildSettings = {
				BUNDLE_LOADER = "$(BUILT_PRODUCTS_DIR)/163评论.app/163评论";
				FRAMEWORK_SEARCH_PATHS = (
					"$(SDKROOT)/Developer/Library/Frameworks",
					"$(inherited)",
					"$(DEVELOPER_FRAMEWORKS_DIR)",
				);
				GCC_PRECOMPILE_PREFIX_HEADER = YES;
				GCC_PREFIX_HEADER = "163评论/163评论-Prefix.pch";
				INFOPLIST_FILE = "163评论Tests/163评论Tests-Info.plist";
				PRODUCT_NAME = "$(TARGET_NAME)";
				TEST_HOST = "$(BUNDLE_LOADER)";
				WRAPPER_EXTENSION = xctest;
			};
			name = Release;
		};
		7B48EA45191251970051C095 /* Debug */ = {
			isa = XCBuildConfiguration;
			buildSettings = {
				BUNDLE_LOADER = "$(BUILT_PRODUCTS_DIR)/163评论.app/163评论";
				FRAMEWORK_SEARCH_PATHS = (
					"$(SDKROOT)/Developer/Library/Frameworks",
					"$(inherited)",
					"$(DEVELOPER_FRAMEWORKS_DIR)",
				);
				GCC_PRECOMPILE_PREFIX_HEADER = YES;
				GCC_PREFIX_HEADER = "163评论 Tests/163评论 Tests-Prefix.pch";
				GCC_PREPROCESSOR_DEFINITIONS = (
					"DEBUG=1",
					"$(inherited)",
				);
				INFOPLIST_FILE = "163评论 Tests/163评论 Tests-Info.plist";
				PRODUCT_NAME = "$(TARGET_NAME)";
				TEST_HOST = "$(BUNDLE_LOADER)";
				WRAPPER_EXTENSION = xctest;
			};
			name = Debug;
		};
		7B48EA46191251970051C095 /* Release */ = {
			isa = XCBuildConfiguration;
			buildSettings = {
				BUNDLE_LOADER = "$(BUILT_PRODUCTS_DIR)/163评论.app/163评论";
				FRAMEWORK_SEARCH_PATHS = (
					"$(SDKROOT)/Developer/Library/Frameworks",
					"$(inherited)",
					"$(DEVELOPER_FRAMEWORKS_DIR)",
				);
				GCC_PRECOMPILE_PREFIX_HEADER = YES;
				GCC_PREFIX_HEADER = "163评论 Tests/163评论 Tests-Prefix.pch";
				INFOPLIST_FILE = "163评论 Tests/163评论 Tests-Info.plist";
				PRODUCT_NAME = "$(TARGET_NAME)";
				TEST_HOST = "$(BUNDLE_LOADER)";
				WRAPPER_EXTENSION = xctest;
			};
			name = Release;
		};
/* End XCBuildConfiguration section */

/* Begin XCConfigurationList section */
		7B428D8A190E914D00860E94 /* Build configuration list for PBXProject "163评论" */ = {
			isa = XCConfigurationList;
			buildConfigurations = (
				7B428DB9190E914D00860E94 /* Debug */,
				7B428DBA190E914D00860E94 /* Release */,
			);
			defaultConfigurationIsVisible = 0;
			defaultConfigurationName = Release;
		};
		7B428DBB190E914D00860E94 /* Build configuration list for PBXNativeTarget "163评论" */ = {
			isa = XCConfigurationList;
			buildConfigurations = (
				7B428DBC190E914D00860E94 /* Debug */,
				7B428DBD190E914D00860E94 /* Release */,
			);
			defaultConfigurationIsVisible = 0;
			defaultConfigurationName = Release;
		};
		7B428DBE190E914D00860E94 /* Build configuration list for PBXNativeTarget "163评论Tests" */ = {
			isa = XCConfigurationList;
			buildConfigurations = (
				7B428DBF190E914D00860E94 /* Debug */,
				7B428DC0190E914D00860E94 /* Release */,
			);
			defaultConfigurationIsVisible = 0;
			defaultConfigurationName = Release;
		};
		7B48EA44191251970051C095 /* Build configuration list for PBXNativeTarget "163评论 Tests" */ = {
			isa = XCConfigurationList;
			buildConfigurations = (
				7B48EA45191251970051C095 /* Debug */,
				7B48EA46191251970051C095 /* Release */,
			);
			defaultConfigurationIsVisible = 0;
			defaultConfigurationName = Release;
		};
/* End XCConfigurationList section */

/* Begin XCVersionGroup section */
		7B722FEB197D450800CA7DBB /* 163pinglun.xcdatamodeld */ = {
			isa = XCVersionGroup;
			children = (
				7B722FEC197D450800CA7DBB /* 163pinglun.xcdatamodel */,
			);
			currentVersion = 7B722FEC197D450800CA7DBB /* 163pinglun.xcdatamodel */;
			path = 163pinglun.xcdatamodeld;
			sourceTree = "<group>";
			versionGroupType = wrapper.xcdatamodel;
		};
/* End XCVersionGroup section */
	};
	rootObject = 7B428D87190E914D00860E94 /* Project object */;
}
